PODS:
  - Alamofire (4.8.2)
  - APTimeZones (1.1)
  - FMDB (2.7.5):
    - FMDB/standard (= 2.7.5)
  - FMDB/standard (2.7.5)
  - PKHUD (5.3.0)
  - R.swift (5.0.3):
    - R.swift.Library (~> 5.0.0)
  - R.swift.Library (5.0.1)
  - TextFieldCounter (1.1.0)

DEPENDENCIES:
  - Alamofire (~> 4.8.2)
  - APTimeZones (from `https://github.com/Alterplay/APTimeZones.git`, commit `9ffd147`, branch `master`)
  - FMDB (~> 2.7.5)
  - PKHUD (~> 5.3.0)
  - R.swift (= 5.0.3)
  - TextFieldCounter (~> 1.1.0)

SPEC REPOS:
  https://github.com/CocoaPods/Specs.git:
    - Alamofire
    - FMDB
    - PKHUD
    - R.swift
    - R.swift.Library
  trunk:
    - TextFieldCounter

EXTERNAL SOURCES:
  APTimeZones:
    :branch: master
    :commit: 9ffd147
    :git: https://github.com/Alterplay/APTimeZones.git

CHECKOUT OPTIONS:
  APTimeZones:
    :commit: 9ffd1473e76fdf15e9a78d39b9e3f8dfad0b0255
    :git: https://github.com/Alterplay/APTimeZones.git

SPEC CHECKSUMS:
  Alamofire: ae5c501addb7afdbb13687d7f2f722c78734c2d3
  APTimeZones: ddb9aca50fff41d6313eb29d86d37b1edf9d2942
  FMDB: 2ce00b547f966261cd18927a3ddb07cb6f3db82a
  PKHUD: 98f3e4bc904b9c916f1c5bb6d765365b5357291b
  R.swift: f5a87643b91ea569d23d6afb3eee9c743edde239
  R.swift.Library: cfe85d569d9bae6cb262922db130e7c3a7a5fad1
  TextFieldCounter: 0f20630c8fe6f02b657bd883674829edfc40d845

PODFILE CHECKSUM: b06a79ad082e4260776b8b604ec822ac966d1e02

COCOAPODS: 1.8.3
