// !$*UTF8*$!
{
	archiveVersion = 1;
	classes = {
	};
	objectVersion = 46;
	objects = {

/* Begin PBXBuildFile section */
		1B3C1D8F9E5E436E6DC0C985 /* Pods_NearbyWeatherTests.framework in Frameworks */ = {isa = PBXBuildFile; fileRef = 1A5DA012AA6EA6C2130D5293 /* Pods_NearbyWeatherTests.framework */; };
		629C709C7745E8A3F2F8BDD5 /* Pods_NearbyWeather.framework in Frameworks */ = {isa = PBXBuildFile; fileRef = F514BA0D61C1234DC6426448 /* Pods_NearbyWeather.framework */; };
		86830392217BBA5D00B7122E /* BadgeService.swift in Sources */ = {isa = PBXBuildFile; fileRef = 86830391217BBA5D00B7122E /* BadgeService.swift */; };
		86830394217BBAE400B7122E /* PermissionsService.swift in Sources */ = {isa = PBXBuildFile; fileRef = 86830393217BBAE400B7122E /* PermissionsService.swift */; };
		F204B77B1DF2EFA3000F4371 /* AppDelegate.swift in Sources */ = {isa = PBXBuildFile; fileRef = F204B77A1DF2EFA3000F4371 /* AppDelegate.swift */; };
		F204B7801DF2EFA3000F4371 /* Main.storyboard in Resources */ = {isa = PBXBuildFile; fileRef = F204B77E1DF2EFA3000F4371 /* Main.storyboard */; };
		F204B7821DF2EFA3000F4371 /* Assets.xcassets in Resources */ = {isa = PBXBuildFile; fileRef = F204B7811DF2EFA3000F4371 /* Assets.xcassets */; };
		F204B7851DF2EFA3000F4371 /* LaunchScreen.storyboard in Resources */ = {isa = PBXBuildFile; fileRef = F204B7831DF2EFA3000F4371 /* LaunchScreen.storyboard */; };
		F204B7901DF2EFA3000F4371 /* NearbyWeatherTests.swift in Sources */ = {isa = PBXBuildFile; fileRef = F204B78F1DF2EFA3000F4371 /* NearbyWeatherTests.swift */; };
		F204B79B1DF2EFA3000F4371 /* NearbyWeatherUITests.swift in Sources */ = {isa = PBXBuildFile; fileRef = F204B79A1DF2EFA3000F4371 /* NearbyWeatherUITests.swift */; };
		F204B7B01DF2F1BC000F4371 /* Localizable.strings in Resources */ = {isa = PBXBuildFile; fileRef = F204B7B21DF2F1BC000F4371 /* Localizable.strings */; };
		F204B7BD1DF35610000F4371 /* SettingsTableViewController.swift in Sources */ = {isa = PBXBuildFile; fileRef = F204B7BC1DF35610000F4371 /* SettingsTableViewController.swift */; };
		F22F99552034E4B500B7CB6B /* WeatherLocationMapAnnotationView.swift in Sources */ = {isa = PBXBuildFile; fileRef = F22F99542034E4B500B7CB6B /* WeatherLocationMapAnnotationView.swift */; };
		F22F99572037A30800B7CB6B /* locationsSQLite.sqlite in Resources */ = {isa = PBXBuildFile; fileRef = F22F99562037676B00B7CB6B /* locationsSQLite.sqlite */; };
		F25A396F2187A6DA0054BC7A /* DevelopmentContributorDTO.swift in Sources */ = {isa = PBXBuildFile; fileRef = F25A396E2187A6DA0054BC7A /* DevelopmentContributorDTO.swift */; };
		F25A39712187AA5A0054BC7A /* ProjectContributors.json in Resources */ = {isa = PBXBuildFile; fileRef = F25A39702187AA5A0054BC7A /* ProjectContributors.json */; };
		F25A39732187B1B00054BC7A /* ThirdPartyLibraryDTO.swift in Sources */ = {isa = PBXBuildFile; fileRef = F25A39722187B1B00054BC7A /* ThirdPartyLibraryDTO.swift */; };
		F25A39752187B3F90054BC7A /* ThirdPartyLibraries.json in Resources */ = {isa = PBXBuildFile; fileRef = F25A39742187B3F80054BC7A /* ThirdPartyLibraries.json */; };
		F260C4431F9D4883000D2BC0 /* UINavigationController+Extensions.swift in Sources */ = {isa = PBXBuildFile; fileRef = F260C4421F9D4883000D2BC0 /* UINavigationController+Extensions.swift */; };
		F26699581E9AD0F100498F99 /* WeatherDataManager.swift in Sources */ = {isa = PBXBuildFile; fileRef = F26699571E9AD0F100498F99 /* WeatherDataManager.swift */; };
		F266995A1E9ADBC300498F99 /* UserLocationService.swift in Sources */ = {isa = PBXBuildFile; fileRef = F26699591E9ADBC300498F99 /* UserLocationService.swift */; };
		F26A6D5E20FB6E610033BC49 /* R.generated.swift in Sources */ = {isa = PBXBuildFile; fileRef = F26A6D5D20FB6E610033BC49 /* R.generated.swift */; };
		F26A6D6020FB70DD0033BC49 /* WeatherDetails.storyboard in Resources */ = {isa = PBXBuildFile; fileRef = F26A6D5F20FB70DD0033BC49 /* WeatherDetails.storyboard */; };
		F273254C2032051F00A1DBD1 /* ButtonCell.swift in Sources */ = {isa = PBXBuildFile; fileRef = F273254B2032051F00A1DBD1 /* ButtonCell.swift */; };
		F273254E20320F4E00A1DBD1 /* SubtitleCell.swift in Sources */ = {isa = PBXBuildFile; fileRef = F273254D20320F4E00A1DBD1 /* SubtitleCell.swift */; };
		F274FC39202F9A9300049144 /* WeatherNetworkingService.swift in Sources */ = {isa = PBXBuildFile; fileRef = F274FC38202F9A9300049144 /* WeatherNetworkingService.swift */; };
		F274FC3B2030ED5A00049144 /* PreferencesManager.swift in Sources */ = {isa = PBXBuildFile; fileRef = F274FC3A2030ED5A00049144 /* PreferencesManager.swift */; };
		F27AFDEC1DF4C089003957EB /* WeatherDataCell.swift in Sources */ = {isa = PBXBuildFile; fileRef = F27AFDEB1DF4C089003957EB /* WeatherDataCell.swift */; };
		F27AFDF01DF4D36C003957EB /* SettingsInputTableViewController.swift in Sources */ = {isa = PBXBuildFile; fileRef = F27AFDEF1DF4D36C003957EB /* SettingsInputTableViewController.swift */; };
		F283D26E1DF39095001B879D /* DualLabelCell.swift in Sources */ = {isa = PBXBuildFile; fileRef = F283D26D1DF39095001B879D /* DualLabelCell.swift */; };
		F283D2731DF393B2001B879D /* InfoPlist.strings in Resources */ = {isa = PBXBuildFile; fileRef = F283D2751DF393B2001B879D /* InfoPlist.strings */; };
		F28CA5392016A1BA00209397 /* WeatherMapViewController.swift in Sources */ = {isa = PBXBuildFile; fileRef = F28CA5382016A1BA00209397 /* WeatherMapViewController.swift */; };
		F28CA53D202622C200209397 /* ToggleCell.swift in Sources */ = {isa = PBXBuildFile; fileRef = F28CA53C202622C200209397 /* ToggleCell.swift */; };
		F28CA54120279EE300209397 /* WeatherDetailViewController.swift in Sources */ = {isa = PBXBuildFile; fileRef = F28CA54020279EE300209397 /* WeatherDetailViewController.swift */; };
		F28CA5442027AEB500209397 /* WeatherLocationMapAnnotation.swift in Sources */ = {isa = PBXBuildFile; fileRef = F28CA5432027AEB500209397 /* WeatherLocationMapAnnotation.swift */; };
		F28CE9661F96B537008319C4 /* UINavigationBar+Extensions.swift in Sources */ = {isa = PBXBuildFile; fileRef = F28CE9651F96B537008319C4 /* UINavigationBar+Extensions.swift */; };
		F28CE9681F9A9893008319C4 /* WeatherListViewController.swift in Sources */ = {isa = PBXBuildFile; fileRef = F28CE9671F9A9893008319C4 /* WeatherListViewController.swift */; };
		F28CE96A1F9AA829008319C4 /* UIView+Extensions.swift in Sources */ = {isa = PBXBuildFile; fileRef = F28CE9691F9AA829008319C4 /* UIView+Extensions.swift */; };
		F28DA8612042258500879E6C /* WeatherLocationManagementTableViewController.swift in Sources */ = {isa = PBXBuildFile; fileRef = F28DA8602042258500879E6C /* WeatherLocationManagementTableViewController.swift */; };
		F2A5CAA62005762A0071BFFB /* ConversionService.swift in Sources */ = {isa = PBXBuildFile; fileRef = F2A5CAA52005762A0071BFFB /* ConversionService.swift */; };
		F2A5CAAC200D51870071BFFB /* UINavigationItem+Extensions.swift in Sources */ = {isa = PBXBuildFile; fileRef = F2A5CAAB200D51870071BFFB /* UINavigationItem+Extensions.swift */; };
		F2ADB75120FE7014009C9547 /* UIViewController+Extensions.swift in Sources */ = {isa = PBXBuildFile; fileRef = F2ADB75020FE7014009C9547 /* UIViewController+Extensions.swift */; };
		F2B8EA001EA11BA800704E90 /* WeatherDataDTOs.swift in Sources */ = {isa = PBXBuildFile; fileRef = F2B8E9FF1EA11BA800704E90 /* WeatherDataDTOs.swift */; };
		F2B8EA021EA121CC00704E90 /* AlertCell.swift in Sources */ = {isa = PBXBuildFile; fileRef = F2B8EA011EA121CC00704E90 /* AlertCell.swift */; };
		F2B8EA061EA2893C00704E90 /* WelcomeViewController.swift in Sources */ = {isa = PBXBuildFile; fileRef = F2B8EA051EA2893C00704E90 /* WelcomeViewController.swift */; };
		F2B8EA081EA2A7AB00704E90 /* SetPermissionsViewController.swift in Sources */ = {isa = PBXBuildFile; fileRef = F2B8EA071EA2A7AB00704E90 /* SetPermissionsViewController.swift */; };
		F2B8EA0E1EA37BE800704E90 /* AboutAppTableViewController.swift in Sources */ = {isa = PBXBuildFile; fileRef = F2B8EA0D1EA37BE800704E90 /* AboutAppTableViewController.swift */; };
		F2C4E14623F355370008B0F7 /* Date+String.swift in Sources */ = {isa = PBXBuildFile; fileRef = F2C4E14523F355370008B0F7 /* Date+String.swift */; };
		F2C4E14923F98A4C0008B0F7 /* EmptyWeatherListViewController.swift in Sources */ = {isa = PBXBuildFile; fileRef = F2C4E14823F98A4C0008B0F7 /* EmptyWeatherListViewController.swift */; };
		F2C4E14B23F98AA50008B0F7 /* EmptyWeatherList.storyboard in Resources */ = {isa = PBXBuildFile; fileRef = F2C4E14A23F98AA50008B0F7 /* EmptyWeatherList.storyboard */; };
		F2D2B1E02004171500C810EF /* DataStorageService.swift in Sources */ = {isa = PBXBuildFile; fileRef = F2D2B1DF2004171500C810EF /* DataStorageService.swift */; };
		F2DBEADA23E4C28C00CD513B /* Constants+URLs.swift in Sources */ = {isa = PBXBuildFile; fileRef = F2DBEAD923E4C28C00CD513B /* Constants+URLs.swift */; };
		F2DBEADC23E4CF7900CD513B /* Constants.swift in Sources */ = {isa = PBXBuildFile; fileRef = F2DBEADB23E4CF7900CD513B /* Constants.swift */; };
		F2DBEADE23E4D46700CD513B /* WeatherDataCell.xib in Resources */ = {isa = PBXBuildFile; fileRef = F2DBEADD23E4D46700CD513B /* WeatherDataCell.xib */; };
		F2DBEAE023E4D66100CD513B /* AlertCell.xib in Resources */ = {isa = PBXBuildFile; fileRef = F2DBEADF23E4D66100CD513B /* AlertCell.xib */; };
		F2DBEAE223E4D71700CD513B /* DualLabelCell.xib in Resources */ = {isa = PBXBuildFile; fileRef = F2DBEAE123E4D71700CD513B /* DualLabelCell.xib */; };
		F2DBEAE423E4D9D200CD513B /* SingleLabelCell.xib in Resources */ = {isa = PBXBuildFile; fileRef = F2DBEAE323E4D9D200CD513B /* SingleLabelCell.xib */; };
		F2DBEAE623E4DC6A00CD513B /* ToggleCell.xib in Resources */ = {isa = PBXBuildFile; fileRef = F2DBEAE523E4DC6A00CD513B /* ToggleCell.xib */; };
		F2DBEAE823E4DD0900CD513B /* ButtonCell.xib in Resources */ = {isa = PBXBuildFile; fileRef = F2DBEAE723E4DD0900CD513B /* ButtonCell.xib */; };
		F2DBEAEA23E4DE1100CD513B /* SubtitleCell.xib in Resources */ = {isa = PBXBuildFile; fileRef = F2DBEAE923E4DE1100CD513B /* SubtitleCell.xib */; };
		F2DBEAF123E5F98200CD513B /* TextInputCell.swift in Sources */ = {isa = PBXBuildFile; fileRef = F2DBEAF023E5F98200CD513B /* TextInputCell.swift */; };
		F2DBEAF323E5F9B000CD513B /* TextInputCell.xib in Resources */ = {isa = PBXBuildFile; fileRef = F2DBEAF223E5F9B000CD513B /* TextInputCell.xib */; };
		F2DBEAF623E601F000CD513B /* MainCoordinator.swift in Sources */ = {isa = PBXBuildFile; fileRef = F2DBEAF523E601F000CD513B /* MainCoordinator.swift */; };
		F2DBEAF823E6054900CD513B /* Coordinator.swift in Sources */ = {isa = PBXBuildFile; fileRef = F2DBEAF723E6054900CD513B /* Coordinator.swift */; };
		F2DBEAFA23E6357C00CD513B /* WelcomeCoordinator.swift in Sources */ = {isa = PBXBuildFile; fileRef = F2DBEAF923E6357C00CD513B /* WelcomeCoordinator.swift */; };
		F2DBEAFC23E8C88E00CD513B /* Array+AppendSafe.swift in Sources */ = {isa = PBXBuildFile; fileRef = F2DBEAFB23E8C88E00CD513B /* Array+AppendSafe.swift */; };
		F2DBEB0423E8DBF000CD513B /* WeatherMap.storyboard in Resources */ = {isa = PBXBuildFile; fileRef = F2DBEB0323E8DBF000CD513B /* WeatherMap.storyboard */; };
		F2DBEB0823E8DDF600CD513B /* Welcome.storyboard in Resources */ = {isa = PBXBuildFile; fileRef = F2DBEB0723E8DDF600CD513B /* Welcome.storyboard */; };
		F2DBEB0B23E8DE0E00CD513B /* SetPermissions.storyboard in Resources */ = {isa = PBXBuildFile; fileRef = F2DBEB0A23E8DE0E00CD513B /* SetPermissions.storyboard */; };
		F2DBEB0F23E8E0B200CD513B /* AboutApp.storyboard in Resources */ = {isa = PBXBuildFile; fileRef = F2DBEB0E23E8E0B200CD513B /* AboutApp.storyboard */; };
		F2DBEB1423EA1F4D00CD513B /* WeatherDetailCoordinator.swift in Sources */ = {isa = PBXBuildFile; fileRef = F2DBEB1323EA1F4C00CD513B /* WeatherDetailCoordinator.swift */; };
		F2DBEB1623EA1FD200CD513B /* WeatherListCoordinator.swift in Sources */ = {isa = PBXBuildFile; fileRef = F2DBEB1523EA1FD100CD513B /* WeatherListCoordinator.swift */; };
		F2DBEB1923EB726E00CD513B /* Stepper.swift in Sources */ = {isa = PBXBuildFile; fileRef = F2DBEB1823EB726E00CD513B /* Stepper.swift */; };
		F2DBEB1B23EEF92800CD513B /* Step.swift in Sources */ = {isa = PBXBuildFile; fileRef = F2DBEB1A23EEF92800CD513B /* Step.swift */; };
		F2DBEB1D23EF042A00CD513B /* WeatherMapCoordinator.swift in Sources */ = {isa = PBXBuildFile; fileRef = F2DBEB1C23EF042A00CD513B /* WeatherMapCoordinator.swift */; };
		F2DBEB1F23EF071500CD513B /* SettingsCoordinator.swift in Sources */ = {isa = PBXBuildFile; fileRef = F2DBEB1E23EF071500CD513B /* SettingsCoordinator.swift */; };
		F2DBEB2123EF108D00CD513B /* WeatherListStepper.swift in Sources */ = {isa = PBXBuildFile; fileRef = F2DBEB2023EF108D00CD513B /* WeatherListStepper.swift */; };
		F2DBEB2323EF2EE300CD513B /* WeatherDetailStepper.swift in Sources */ = {isa = PBXBuildFile; fileRef = F2DBEB2223EF2EE300CD513B /* WeatherDetailStepper.swift */; };
		F2DBEB2523EF31D700CD513B /* WeatherMapStepper.swift in Sources */ = {isa = PBXBuildFile; fileRef = F2DBEB2423EF31D700CD513B /* WeatherMapStepper.swift */; };
		F2DBEB2723EF35A700CD513B /* SettingsStepper.swift in Sources */ = {isa = PBXBuildFile; fileRef = F2DBEB2623EF35A700CD513B /* SettingsStepper.swift */; };
		F2DBEB2923EF4C6F00CD513B /* WelcomeStepper.swift in Sources */ = {isa = PBXBuildFile; fileRef = F2DBEB2823EF4C6F00CD513B /* WelcomeStepper.swift */; };
		F2DBEB2B23EF4D2A00CD513B /* MainStepper.swift in Sources */ = {isa = PBXBuildFile; fileRef = F2DBEB2A23EF4D2A00CD513B /* MainStepper.swift */; };
		F2DBEB2E23F0386B00CD513B /* Factory.swift in Sources */ = {isa = PBXBuildFile; fileRef = F2DBEB2D23F0386B00CD513B /* Factory.swift */; };
		F2DBEB3023F038BE00CD513B /* Constants+Theme.swift in Sources */ = {isa = PBXBuildFile; fileRef = F2DBEB2F23F038BE00CD513B /* Constants+Theme.swift */; };
		F2DBEB3223F03A9800CD513B /* UIColor+SemanticInitializer.swift in Sources */ = {isa = PBXBuildFile; fileRef = F2DBEB3123F03A9800CD513B /* UIColor+SemanticInitializer.swift */; };
		F2DBEB3423F0427000CD513B /* Factory+UIAlertController.swift in Sources */ = {isa = PBXBuildFile; fileRef = F2DBEB3323F0427000CD513B /* Factory+UIAlertController.swift */; };
		F2DBEB3623F04E9D00CD513B /* MKMapType+AllCases.swift in Sources */ = {isa = PBXBuildFile; fileRef = F2DBEB3523F04E9D00CD513B /* MKMapType+AllCases.swift */; };
		F2E7237823DE064D001189F5 /* ProjectOwner.json in Resources */ = {isa = PBXBuildFile; fileRef = F2E7237723DE064D001189F5 /* ProjectOwner.json */; };
		F2E7237A23DE2857001189F5 /* SingleLabelCell.swift in Sources */ = {isa = PBXBuildFile; fileRef = F2E7237923DE2857001189F5 /* SingleLabelCell.swift */; };
		F2E7238123E0F044001189F5 /* Constants+Keys.swift in Sources */ = {isa = PBXBuildFile; fileRef = F2E7238023E0F044001189F5 /* Constants+Keys.swift */; };
		F2F7BA1623E0FB2D00B4D2EB /* BuildEnvironment.m in Sources */ = {isa = PBXBuildFile; fileRef = F2F7BA1523E0FB2D00B4D2EB /* BuildEnvironment.m */; };
		F2F7BA1923E0FBEB00B4D2EB /* GlobalFunctions.swift in Sources */ = {isa = PBXBuildFile; fileRef = F2F7BA1823E0FBEB00B4D2EB /* GlobalFunctions.swift */; };
		F2F7BA1B23E3706100B4D2EB /* Constants+Messages.swift in Sources */ = {isa = PBXBuildFile; fileRef = F2F7BA1A23E3706100B4D2EB /* Constants+Messages.swift */; };
		F2F7BA1D23E373DD00B4D2EB /* Constants+Labels.swift in Sources */ = {isa = PBXBuildFile; fileRef = F2F7BA1C23E373DD00B4D2EB /* Constants+Labels.swift */; };
		F2F7BA1F23E3792F00B4D2EB /* Constants+Mocks.swift in Sources */ = {isa = PBXBuildFile; fileRef = F2F7BA1E23E3792F00B4D2EB /* Constants+Mocks.swift */; };
		F2F7BA2123E37A9C00B4D2EB /* Constants+Values.swift in Sources */ = {isa = PBXBuildFile; fileRef = F2F7BA2023E37A9C00B4D2EB /* Constants+Values.swift */; };
		F2FE3EFF20027EB400EBC429 /* WeatherStationDTO.swift in Sources */ = {isa = PBXBuildFile; fileRef = F2FE3EFE20027EB400EBC429 /* WeatherStationDTO.swift */; };
		F2FE3F01200285B100EBC429 /* WeatherStationService.swift in Sources */ = {isa = PBXBuildFile; fileRef = F2FE3F00200285B100EBC429 /* WeatherStationService.swift */; };
		F2FE3F032002972800EBC429 /* WeatherLocationSelectionTableViewController.swift in Sources */ = {isa = PBXBuildFile; fileRef = F2FE3F022002972800EBC429 /* WeatherLocationSelectionTableViewController.swift */; };
/* End PBXBuildFile section */

/* Begin PBXContainerItemProxy section */
		F204B78C1DF2EFA3000F4371 /* PBXContainerItemProxy */ = {
			isa = PBXContainerItemProxy;
			containerPortal = F204B76F1DF2EFA3000F4371 /* Project object */;
			proxyType = 1;
			remoteGlobalIDString = F204B7761DF2EFA3000F4371;
			remoteInfo = NearbyWeather;
		};
		F204B7971DF2EFA3000F4371 /* PBXContainerItemProxy */ = {
			isa = PBXContainerItemProxy;
			containerPortal = F204B76F1DF2EFA3000F4371 /* Project object */;
			proxyType = 1;
			remoteGlobalIDString = F204B7761DF2EFA3000F4371;
			remoteInfo = NearbyWeather;
		};
/* End PBXContainerItemProxy section */

/* Begin PBXFileReference section */
		1A5DA012AA6EA6C2130D5293 /* Pods_NearbyWeatherTests.framework */ = {isa = PBXFileReference; explicitFileType = wrapper.framework; includeInIndex = 0; path = Pods_NearbyWeatherTests.framework; sourceTree = BUILT_PRODUCTS_DIR; };
		5142D45C22F45DC2000E6B06 /* fr */ = {isa = PBXFileReference; lastKnownFileType = text.plist.strings; name = fr; path = fr.lproj/LaunchScreen.strings; sourceTree = "<group>"; };
		5142D45D22F45DC2000E6B06 /* fr */ = {isa = PBXFileReference; lastKnownFileType = text.plist.strings; name = fr; path = fr.lproj/Main.strings; sourceTree = "<group>"; };
		5142D45E22F45DC2000E6B06 /* fr */ = {isa = PBXFileReference; lastKnownFileType = text.plist.strings; name = fr; path = fr.lproj/Localizable.strings; sourceTree = "<group>"; };
		5142D45F22F45DC2000E6B06 /* fr */ = {isa = PBXFileReference; lastKnownFileType = text.plist.strings; name = fr; path = fr.lproj/InfoPlist.strings; sourceTree = "<group>"; };
		86830391217BBA5D00B7122E /* BadgeService.swift */ = {isa = PBXFileReference; lastKnownFileType = sourcecode.swift; path = BadgeService.swift; sourceTree = "<group>"; };
		86830393217BBAE400B7122E /* PermissionsService.swift */ = {isa = PBXFileReference; lastKnownFileType = sourcecode.swift; path = PermissionsService.swift; sourceTree = "<group>"; };
		86830395217BC28E00B7122E /* NearbyWeather.entitlements */ = {isa = PBXFileReference; lastKnownFileType = text.plist.entitlements; path = NearbyWeather.entitlements; sourceTree = "<group>"; };
		86B86D7A56B4C14974785282 /* Pods-NearbyWeather.debug.xcconfig */ = {isa = PBXFileReference; includeInIndex = 1; lastKnownFileType = text.xcconfig; name = "Pods-NearbyWeather.debug.xcconfig"; path = "Target Support Files/Pods-NearbyWeather/Pods-NearbyWeather.debug.xcconfig"; sourceTree = "<group>"; };
		8EBEB79ADD1D6F97DC589EE8 /* Pods-NearbyWeatherTests.debug.xcconfig */ = {isa = PBXFileReference; includeInIndex = 1; lastKnownFileType = text.xcconfig; name = "Pods-NearbyWeatherTests.debug.xcconfig"; path = "Target Support Files/Pods-NearbyWeatherTests/Pods-NearbyWeatherTests.debug.xcconfig"; sourceTree = "<group>"; };
		C0764FBC231F8671E702A7CE /* Pods-NearbyWeatherTests.release.xcconfig */ = {isa = PBXFileReference; includeInIndex = 1; lastKnownFileType = text.xcconfig; name = "Pods-NearbyWeatherTests.release.xcconfig"; path = "Target Support Files/Pods-NearbyWeatherTests/Pods-NearbyWeatherTests.release.xcconfig"; sourceTree = "<group>"; };
		E8CA978255B14F0FB5D6423C /* Pods-NearbyWeather.release.xcconfig */ = {isa = PBXFileReference; includeInIndex = 1; lastKnownFileType = text.xcconfig; name = "Pods-NearbyWeather.release.xcconfig"; path = "Target Support Files/Pods-NearbyWeather/Pods-NearbyWeather.release.xcconfig"; sourceTree = "<group>"; };
		F204B7771DF2EFA3000F4371 /* NearbyWeather.app */ = {isa = PBXFileReference; explicitFileType = wrapper.application; includeInIndex = 0; path = NearbyWeather.app; sourceTree = BUILT_PRODUCTS_DIR; };
		F204B77A1DF2EFA3000F4371 /* AppDelegate.swift */ = {isa = PBXFileReference; lastKnownFileType = sourcecode.swift; path = AppDelegate.swift; sourceTree = "<group>"; };
		F204B77F1DF2EFA3000F4371 /* Base */ = {isa = PBXFileReference; lastKnownFileType = file.storyboard; name = Base; path = Base.lproj/Main.storyboard; sourceTree = "<group>"; };
		F204B7811DF2EFA3000F4371 /* Assets.xcassets */ = {isa = PBXFileReference; lastKnownFileType = folder.assetcatalog; path = Assets.xcassets; sourceTree = "<group>"; };
		F204B7841DF2EFA3000F4371 /* Base */ = {isa = PBXFileReference; lastKnownFileType = file.storyboard; name = Base; path = Base.lproj/LaunchScreen.storyboard; sourceTree = "<group>"; };
		F204B7861DF2EFA3000F4371 /* Info.plist */ = {isa = PBXFileReference; lastKnownFileType = text.plist.xml; path = Info.plist; sourceTree = "<group>"; };
		F204B78B1DF2EFA3000F4371 /* NearbyWeatherTests.xctest */ = {isa = PBXFileReference; explicitFileType = wrapper.cfbundle; includeInIndex = 0; path = NearbyWeatherTests.xctest; sourceTree = BUILT_PRODUCTS_DIR; };
		F204B78F1DF2EFA3000F4371 /* NearbyWeatherTests.swift */ = {isa = PBXFileReference; lastKnownFileType = sourcecode.swift; path = NearbyWeatherTests.swift; sourceTree = "<group>"; };
		F204B7911DF2EFA3000F4371 /* Info.plist */ = {isa = PBXFileReference; lastKnownFileType = text.plist.xml; path = Info.plist; sourceTree = "<group>"; };
		F204B7961DF2EFA3000F4371 /* NearbyWeatherUITests.xctest */ = {isa = PBXFileReference; explicitFileType = wrapper.cfbundle; includeInIndex = 0; path = NearbyWeatherUITests.xctest; sourceTree = BUILT_PRODUCTS_DIR; };
		F204B79A1DF2EFA3000F4371 /* NearbyWeatherUITests.swift */ = {isa = PBXFileReference; lastKnownFileType = sourcecode.swift; path = NearbyWeatherUITests.swift; sourceTree = "<group>"; };
		F204B79C1DF2EFA3000F4371 /* Info.plist */ = {isa = PBXFileReference; lastKnownFileType = text.plist.xml; path = Info.plist; sourceTree = "<group>"; };
		F204B7AC1DF2F19A000F4371 /* de */ = {isa = PBXFileReference; lastKnownFileType = text.plist.strings; name = de; path = de.lproj/Main.strings; sourceTree = "<group>"; };
		F204B7AD1DF2F19A000F4371 /* de */ = {isa = PBXFileReference; lastKnownFileType = text.plist.strings; name = de; path = de.lproj/LaunchScreen.strings; sourceTree = "<group>"; };
		F204B7B11DF2F1BC000F4371 /* Base */ = {isa = PBXFileReference; lastKnownFileType = text.plist.strings; name = Base; path = Base.lproj/Localizable.strings; sourceTree = "<group>"; };
		F204B7B31DF2F1BD000F4371 /* de */ = {isa = PBXFileReference; lastKnownFileType = text.plist.strings; name = de; path = de.lproj/Localizable.strings; sourceTree = "<group>"; };
		F204B7BC1DF35610000F4371 /* SettingsTableViewController.swift */ = {isa = PBXFileReference; fileEncoding = 4; lastKnownFileType = sourcecode.swift; path = SettingsTableViewController.swift; sourceTree = "<group>"; };
		F22F99542034E4B500B7CB6B /* WeatherLocationMapAnnotationView.swift */ = {isa = PBXFileReference; lastKnownFileType = sourcecode.swift; path = WeatherLocationMapAnnotationView.swift; sourceTree = "<group>"; };
		F22F99562037676B00B7CB6B /* locationsSQLite.sqlite */ = {isa = PBXFileReference; lastKnownFileType = file; path = locationsSQLite.sqlite; sourceTree = "<group>"; };
		F25A396E2187A6DA0054BC7A /* DevelopmentContributorDTO.swift */ = {isa = PBXFileReference; lastKnownFileType = sourcecode.swift; path = DevelopmentContributorDTO.swift; sourceTree = "<group>"; };
		F25A39702187AA5A0054BC7A /* ProjectContributors.json */ = {isa = PBXFileReference; fileEncoding = 4; lastKnownFileType = text.json; path = ProjectContributors.json; sourceTree = "<group>"; };
		F25A39722187B1B00054BC7A /* ThirdPartyLibraryDTO.swift */ = {isa = PBXFileReference; lastKnownFileType = sourcecode.swift; path = ThirdPartyLibraryDTO.swift; sourceTree = "<group>"; };
		F25A39742187B3F80054BC7A /* ThirdPartyLibraries.json */ = {isa = PBXFileReference; fileEncoding = 4; lastKnownFileType = text.json; path = ThirdPartyLibraries.json; sourceTree = "<group>"; };
		F260C4421F9D4883000D2BC0 /* UINavigationController+Extensions.swift */ = {isa = PBXFileReference; lastKnownFileType = sourcecode.swift; path = "UINavigationController+Extensions.swift"; sourceTree = "<group>"; };
		F26699571E9AD0F100498F99 /* WeatherDataManager.swift */ = {isa = PBXFileReference; fileEncoding = 4; lastKnownFileType = sourcecode.swift; path = WeatherDataManager.swift; sourceTree = "<group>"; };
		F26699591E9ADBC300498F99 /* UserLocationService.swift */ = {isa = PBXFileReference; fileEncoding = 4; lastKnownFileType = sourcecode.swift; path = UserLocationService.swift; sourceTree = "<group>"; };
		F26A6D5D20FB6E610033BC49 /* R.generated.swift */ = {isa = PBXFileReference; fileEncoding = 4; lastKnownFileType = sourcecode.swift; path = R.generated.swift; sourceTree = SOURCE_ROOT; };
		F26A6D5F20FB70DD0033BC49 /* WeatherDetails.storyboard */ = {isa = PBXFileReference; lastKnownFileType = file.storyboard; path = WeatherDetails.storyboard; sourceTree = "<group>"; };
		F273254B2032051F00A1DBD1 /* ButtonCell.swift */ = {isa = PBXFileReference; lastKnownFileType = sourcecode.swift; path = ButtonCell.swift; sourceTree = "<group>"; };
		F273254D20320F4E00A1DBD1 /* SubtitleCell.swift */ = {isa = PBXFileReference; lastKnownFileType = sourcecode.swift; path = SubtitleCell.swift; sourceTree = "<group>"; };
		F274FC38202F9A9300049144 /* WeatherNetworkingService.swift */ = {isa = PBXFileReference; lastKnownFileType = sourcecode.swift; path = WeatherNetworkingService.swift; sourceTree = "<group>"; };
		F274FC3A2030ED5A00049144 /* PreferencesManager.swift */ = {isa = PBXFileReference; lastKnownFileType = sourcecode.swift; path = PreferencesManager.swift; sourceTree = "<group>"; };
		F27AFDEB1DF4C089003957EB /* WeatherDataCell.swift */ = {isa = PBXFileReference; fileEncoding = 4; lastKnownFileType = sourcecode.swift; path = WeatherDataCell.swift; sourceTree = "<group>"; };
		F27AFDEF1DF4D36C003957EB /* SettingsInputTableViewController.swift */ = {isa = PBXFileReference; fileEncoding = 4; lastKnownFileType = sourcecode.swift; path = SettingsInputTableViewController.swift; sourceTree = "<group>"; };
		F283D26D1DF39095001B879D /* DualLabelCell.swift */ = {isa = PBXFileReference; fileEncoding = 4; lastKnownFileType = sourcecode.swift; path = DualLabelCell.swift; sourceTree = "<group>"; };
		F283D2741DF393B2001B879D /* Base */ = {isa = PBXFileReference; lastKnownFileType = text.plist.strings; name = Base; path = Base.lproj/InfoPlist.strings; sourceTree = "<group>"; };
		F283D2761DF393B3001B879D /* de */ = {isa = PBXFileReference; lastKnownFileType = text.plist.strings; name = de; path = de.lproj/InfoPlist.strings; sourceTree = "<group>"; };
		F28CA5382016A1BA00209397 /* WeatherMapViewController.swift */ = {isa = PBXFileReference; lastKnownFileType = sourcecode.swift; path = WeatherMapViewController.swift; sourceTree = "<group>"; };
		F28CA53C202622C200209397 /* ToggleCell.swift */ = {isa = PBXFileReference; lastKnownFileType = sourcecode.swift; path = ToggleCell.swift; sourceTree = "<group>"; };
		F28CA54020279EE300209397 /* WeatherDetailViewController.swift */ = {isa = PBXFileReference; lastKnownFileType = sourcecode.swift; path = WeatherDetailViewController.swift; sourceTree = "<group>"; };
		F28CA5432027AEB500209397 /* WeatherLocationMapAnnotation.swift */ = {isa = PBXFileReference; lastKnownFileType = sourcecode.swift; path = WeatherLocationMapAnnotation.swift; sourceTree = "<group>"; };
		F28CE9651F96B537008319C4 /* UINavigationBar+Extensions.swift */ = {isa = PBXFileReference; lastKnownFileType = sourcecode.swift; path = "UINavigationBar+Extensions.swift"; sourceTree = "<group>"; };
		F28CE9671F9A9893008319C4 /* WeatherListViewController.swift */ = {isa = PBXFileReference; lastKnownFileType = sourcecode.swift; path = WeatherListViewController.swift; sourceTree = "<group>"; };
		F28CE9691F9AA829008319C4 /* UIView+Extensions.swift */ = {isa = PBXFileReference; lastKnownFileType = sourcecode.swift; path = "UIView+Extensions.swift"; sourceTree = "<group>"; };
		F28DA8602042258500879E6C /* WeatherLocationManagementTableViewController.swift */ = {isa = PBXFileReference; lastKnownFileType = sourcecode.swift; path = WeatherLocationManagementTableViewController.swift; sourceTree = "<group>"; };
		F2A5CAA52005762A0071BFFB /* ConversionService.swift */ = {isa = PBXFileReference; lastKnownFileType = sourcecode.swift; path = ConversionService.swift; sourceTree = "<group>"; };
		F2A5CAAB200D51870071BFFB /* UINavigationItem+Extensions.swift */ = {isa = PBXFileReference; lastKnownFileType = sourcecode.swift; path = "UINavigationItem+Extensions.swift"; sourceTree = "<group>"; };
		F2ADB75020FE7014009C9547 /* UIViewController+Extensions.swift */ = {isa = PBXFileReference; lastKnownFileType = sourcecode.swift; path = "UIViewController+Extensions.swift"; sourceTree = "<group>"; };
		F2B8E9FF1EA11BA800704E90 /* WeatherDataDTOs.swift */ = {isa = PBXFileReference; fileEncoding = 4; lastKnownFileType = sourcecode.swift; path = WeatherDataDTOs.swift; sourceTree = "<group>"; };
		F2B8EA011EA121CC00704E90 /* AlertCell.swift */ = {isa = PBXFileReference; fileEncoding = 4; lastKnownFileType = sourcecode.swift; path = AlertCell.swift; sourceTree = "<group>"; };
		F2B8EA051EA2893C00704E90 /* WelcomeViewController.swift */ = {isa = PBXFileReference; fileEncoding = 4; lastKnownFileType = sourcecode.swift; path = WelcomeViewController.swift; sourceTree = "<group>"; };
		F2B8EA071EA2A7AB00704E90 /* SetPermissionsViewController.swift */ = {isa = PBXFileReference; fileEncoding = 4; lastKnownFileType = sourcecode.swift; path = SetPermissionsViewController.swift; sourceTree = "<group>"; };
		F2B8EA0D1EA37BE800704E90 /* AboutAppTableViewController.swift */ = {isa = PBXFileReference; fileEncoding = 4; lastKnownFileType = sourcecode.swift; path = AboutAppTableViewController.swift; sourceTree = "<group>"; };
		F2C4E14523F355370008B0F7 /* Date+String.swift */ = {isa = PBXFileReference; lastKnownFileType = sourcecode.swift; path = "Date+String.swift"; sourceTree = "<group>"; };
		F2C4E14823F98A4C0008B0F7 /* EmptyWeatherListViewController.swift */ = {isa = PBXFileReference; lastKnownFileType = sourcecode.swift; path = EmptyWeatherListViewController.swift; sourceTree = "<group>"; };
		F2C4E14A23F98AA50008B0F7 /* EmptyWeatherList.storyboard */ = {isa = PBXFileReference; lastKnownFileType = file.storyboard; path = EmptyWeatherList.storyboard; sourceTree = "<group>"; };
		F2D2B1DF2004171500C810EF /* DataStorageService.swift */ = {isa = PBXFileReference; lastKnownFileType = sourcecode.swift; path = DataStorageService.swift; sourceTree = "<group>"; };
		F2DBEAD923E4C28C00CD513B /* Constants+URLs.swift */ = {isa = PBXFileReference; lastKnownFileType = sourcecode.swift; path = "Constants+URLs.swift"; sourceTree = "<group>"; };
		F2DBEADB23E4CF7900CD513B /* Constants.swift */ = {isa = PBXFileReference; lastKnownFileType = sourcecode.swift; path = Constants.swift; sourceTree = "<group>"; };
		F2DBEADD23E4D46700CD513B /* WeatherDataCell.xib */ = {isa = PBXFileReference; lastKnownFileType = file.xib; path = WeatherDataCell.xib; sourceTree = "<group>"; };
		F2DBEADF23E4D66100CD513B /* AlertCell.xib */ = {isa = PBXFileReference; lastKnownFileType = file.xib; path = AlertCell.xib; sourceTree = "<group>"; };
		F2DBEAE123E4D71700CD513B /* DualLabelCell.xib */ = {isa = PBXFileReference; lastKnownFileType = file.xib; path = DualLabelCell.xib; sourceTree = "<group>"; };
		F2DBEAE323E4D9D200CD513B /* SingleLabelCell.xib */ = {isa = PBXFileReference; lastKnownFileType = file.xib; path = SingleLabelCell.xib; sourceTree = "<group>"; };
		F2DBEAE523E4DC6A00CD513B /* ToggleCell.xib */ = {isa = PBXFileReference; lastKnownFileType = file.xib; path = ToggleCell.xib; sourceTree = "<group>"; };
		F2DBEAE723E4DD0900CD513B /* ButtonCell.xib */ = {isa = PBXFileReference; lastKnownFileType = file.xib; path = ButtonCell.xib; sourceTree = "<group>"; };
		F2DBEAE923E4DE1100CD513B /* SubtitleCell.xib */ = {isa = PBXFileReference; lastKnownFileType = file.xib; path = SubtitleCell.xib; sourceTree = "<group>"; };
		F2DBEAF023E5F98200CD513B /* TextInputCell.swift */ = {isa = PBXFileReference; lastKnownFileType = sourcecode.swift; path = TextInputCell.swift; sourceTree = "<group>"; };
		F2DBEAF223E5F9B000CD513B /* TextInputCell.xib */ = {isa = PBXFileReference; lastKnownFileType = file.xib; path = TextInputCell.xib; sourceTree = "<group>"; };
		F2DBEAF523E601F000CD513B /* MainCoordinator.swift */ = {isa = PBXFileReference; lastKnownFileType = sourcecode.swift; path = MainCoordinator.swift; sourceTree = "<group>"; };
		F2DBEAF723E6054900CD513B /* Coordinator.swift */ = {isa = PBXFileReference; lastKnownFileType = sourcecode.swift; path = Coordinator.swift; sourceTree = "<group>"; };
		F2DBEAF923E6357C00CD513B /* WelcomeCoordinator.swift */ = {isa = PBXFileReference; lastKnownFileType = sourcecode.swift; path = WelcomeCoordinator.swift; sourceTree = "<group>"; };
		F2DBEAFB23E8C88E00CD513B /* Array+AppendSafe.swift */ = {isa = PBXFileReference; lastKnownFileType = sourcecode.swift; path = "Array+AppendSafe.swift"; sourceTree = "<group>"; };
		F2DBEB0323E8DBF000CD513B /* WeatherMap.storyboard */ = {isa = PBXFileReference; lastKnownFileType = file.storyboard; path = WeatherMap.storyboard; sourceTree = "<group>"; };
		F2DBEB0723E8DDF600CD513B /* Welcome.storyboard */ = {isa = PBXFileReference; lastKnownFileType = file.storyboard; path = Welcome.storyboard; sourceTree = "<group>"; };
		F2DBEB0A23E8DE0E00CD513B /* SetPermissions.storyboard */ = {isa = PBXFileReference; lastKnownFileType = file.storyboard; path = SetPermissions.storyboard; sourceTree = "<group>"; };
		F2DBEB0E23E8E0B200CD513B /* AboutApp.storyboard */ = {isa = PBXFileReference; lastKnownFileType = file.storyboard; path = AboutApp.storyboard; sourceTree = "<group>"; };
		F2DBEB1323EA1F4C00CD513B /* WeatherDetailCoordinator.swift */ = {isa = PBXFileReference; lastKnownFileType = sourcecode.swift; path = WeatherDetailCoordinator.swift; sourceTree = "<group>"; };
		F2DBEB1523EA1FD100CD513B /* WeatherListCoordinator.swift */ = {isa = PBXFileReference; lastKnownFileType = sourcecode.swift; path = WeatherListCoordinator.swift; sourceTree = "<group>"; };
		F2DBEB1823EB726E00CD513B /* Stepper.swift */ = {isa = PBXFileReference; lastKnownFileType = sourcecode.swift; path = Stepper.swift; sourceTree = "<group>"; };
		F2DBEB1A23EEF92800CD513B /* Step.swift */ = {isa = PBXFileReference; lastKnownFileType = sourcecode.swift; path = Step.swift; sourceTree = "<group>"; };
		F2DBEB1C23EF042A00CD513B /* WeatherMapCoordinator.swift */ = {isa = PBXFileReference; lastKnownFileType = sourcecode.swift; path = WeatherMapCoordinator.swift; sourceTree = "<group>"; };
		F2DBEB1E23EF071500CD513B /* SettingsCoordinator.swift */ = {isa = PBXFileReference; lastKnownFileType = sourcecode.swift; path = SettingsCoordinator.swift; sourceTree = "<group>"; };
		F2DBEB2023EF108D00CD513B /* WeatherListStepper.swift */ = {isa = PBXFileReference; lastKnownFileType = sourcecode.swift; path = WeatherListStepper.swift; sourceTree = "<group>"; };
		F2DBEB2223EF2EE300CD513B /* WeatherDetailStepper.swift */ = {isa = PBXFileReference; lastKnownFileType = sourcecode.swift; path = WeatherDetailStepper.swift; sourceTree = "<group>"; };
		F2DBEB2423EF31D700CD513B /* WeatherMapStepper.swift */ = {isa = PBXFileReference; lastKnownFileType = sourcecode.swift; path = WeatherMapStepper.swift; sourceTree = "<group>"; };
		F2DBEB2623EF35A700CD513B /* SettingsStepper.swift */ = {isa = PBXFileReference; lastKnownFileType = sourcecode.swift; path = SettingsStepper.swift; sourceTree = "<group>"; };
		F2DBEB2823EF4C6F00CD513B /* WelcomeStepper.swift */ = {isa = PBXFileReference; lastKnownFileType = sourcecode.swift; path = WelcomeStepper.swift; sourceTree = "<group>"; };
		F2DBEB2A23EF4D2A00CD513B /* MainStepper.swift */ = {isa = PBXFileReference; lastKnownFileType = sourcecode.swift; path = MainStepper.swift; sourceTree = "<group>"; };
		F2DBEB2D23F0386B00CD513B /* Factory.swift */ = {isa = PBXFileReference; lastKnownFileType = sourcecode.swift; path = Factory.swift; sourceTree = "<group>"; };
		F2DBEB2F23F038BE00CD513B /* Constants+Theme.swift */ = {isa = PBXFileReference; lastKnownFileType = sourcecode.swift; path = "Constants+Theme.swift"; sourceTree = "<group>"; };
		F2DBEB3123F03A9800CD513B /* UIColor+SemanticInitializer.swift */ = {isa = PBXFileReference; lastKnownFileType = sourcecode.swift; path = "UIColor+SemanticInitializer.swift"; sourceTree = "<group>"; };
		F2DBEB3323F0427000CD513B /* Factory+UIAlertController.swift */ = {isa = PBXFileReference; lastKnownFileType = sourcecode.swift; path = "Factory+UIAlertController.swift"; sourceTree = "<group>"; };
		F2DBEB3523F04E9D00CD513B /* MKMapType+AllCases.swift */ = {isa = PBXFileReference; lastKnownFileType = sourcecode.swift; path = "MKMapType+AllCases.swift"; sourceTree = "<group>"; };
		F2E7237723DE064D001189F5 /* ProjectOwner.json */ = {isa = PBXFileReference; fileEncoding = 4; lastKnownFileType = text.json; path = ProjectOwner.json; sourceTree = "<group>"; };
		F2E7237923DE2857001189F5 /* SingleLabelCell.swift */ = {isa = PBXFileReference; lastKnownFileType = sourcecode.swift; path = SingleLabelCell.swift; sourceTree = "<group>"; };
		F2E7238023E0F044001189F5 /* Constants+Keys.swift */ = {isa = PBXFileReference; lastKnownFileType = sourcecode.swift; path = "Constants+Keys.swift"; sourceTree = "<group>"; };
		F2F7BA1423E0FB2D00B4D2EB /* NearbyWeather-Bridging-Header.h */ = {isa = PBXFileReference; lastKnownFileType = sourcecode.c.h; path = "NearbyWeather-Bridging-Header.h"; sourceTree = "<group>"; };
		F2F7BA1523E0FB2D00B4D2EB /* BuildEnvironment.m */ = {isa = PBXFileReference; lastKnownFileType = sourcecode.c.objc; path = BuildEnvironment.m; sourceTree = "<group>"; };
		F2F7BA1723E0FB4A00B4D2EB /* BuildEnvironment.h */ = {isa = PBXFileReference; lastKnownFileType = sourcecode.c.h; path = BuildEnvironment.h; sourceTree = "<group>"; };
		F2F7BA1823E0FBEB00B4D2EB /* GlobalFunctions.swift */ = {isa = PBXFileReference; lastKnownFileType = sourcecode.swift; path = GlobalFunctions.swift; sourceTree = "<group>"; };
		F2F7BA1A23E3706100B4D2EB /* Constants+Messages.swift */ = {isa = PBXFileReference; lastKnownFileType = sourcecode.swift; path = "Constants+Messages.swift"; sourceTree = "<group>"; };
		F2F7BA1C23E373DD00B4D2EB /* Constants+Labels.swift */ = {isa = PBXFileReference; lastKnownFileType = sourcecode.swift; path = "Constants+Labels.swift"; sourceTree = "<group>"; };
		F2F7BA1E23E3792F00B4D2EB /* Constants+Mocks.swift */ = {isa = PBXFileReference; lastKnownFileType = sourcecode.swift; path = "Constants+Mocks.swift"; sourceTree = "<group>"; };
		F2F7BA2023E37A9C00B4D2EB /* Constants+Values.swift */ = {isa = PBXFileReference; lastKnownFileType = sourcecode.swift; path = "Constants+Values.swift"; sourceTree = "<group>"; };
		F2FE3EFE20027EB400EBC429 /* WeatherStationDTO.swift */ = {isa = PBXFileReference; lastKnownFileType = sourcecode.swift; path = WeatherStationDTO.swift; sourceTree = "<group>"; };
		F2FE3F00200285B100EBC429 /* WeatherStationService.swift */ = {isa = PBXFileReference; lastKnownFileType = sourcecode.swift; path = WeatherStationService.swift; sourceTree = "<group>"; };
		F2FE3F022002972800EBC429 /* WeatherLocationSelectionTableViewController.swift */ = {isa = PBXFileReference; lastKnownFileType = sourcecode.swift; path = WeatherLocationSelectionTableViewController.swift; sourceTree = "<group>"; };
		F514BA0D61C1234DC6426448 /* Pods_NearbyWeather.framework */ = {isa = PBXFileReference; explicitFileType = wrapper.framework; includeInIndex = 0; path = Pods_NearbyWeather.framework; sourceTree = BUILT_PRODUCTS_DIR; };
/* End PBXFileReference section */

/* Begin PBXFrameworksBuildPhase section */
		F204B7741DF2EFA3000F4371 /* Frameworks */ = {
			isa = PBXFrameworksBuildPhase;
			buildActionMask = 2147483647;
			files = (
				629C709C7745E8A3F2F8BDD5 /* Pods_NearbyWeather.framework in Frameworks */,
			);
			runOnlyForDeploymentPostprocessing = 0;
		};
		F204B7881DF2EFA3000F4371 /* Frameworks */ = {
			isa = PBXFrameworksBuildPhase;
			buildActionMask = 2147483647;
			files = (
				1B3C1D8F9E5E436E6DC0C985 /* Pods_NearbyWeatherTests.framework in Frameworks */,
			);
			runOnlyForDeploymentPostprocessing = 0;
		};
		F204B7931DF2EFA3000F4371 /* Frameworks */ = {
			isa = PBXFrameworksBuildPhase;
			buildActionMask = 2147483647;
			files = (
			);
			runOnlyForDeploymentPostprocessing = 0;
		};
/* End PBXFrameworksBuildPhase section */

/* Begin PBXGroup section */
		318325B80B48DF8DE983BB98 /* Pods */ = {
			isa = PBXGroup;
			children = (
				86B86D7A56B4C14974785282 /* Pods-NearbyWeather.debug.xcconfig */,
				E8CA978255B14F0FB5D6423C /* Pods-NearbyWeather.release.xcconfig */,
				8EBEB79ADD1D6F97DC589EE8 /* Pods-NearbyWeatherTests.debug.xcconfig */,
				C0764FBC231F8671E702A7CE /* Pods-NearbyWeatherTests.release.xcconfig */,
			);
			path = Pods;
			sourceTree = "<group>";
		};
		AED2CA76ACDF1C1F35ED3DFD /* Frameworks */ = {
			isa = PBXGroup;
			children = (
				F514BA0D61C1234DC6426448 /* Pods_NearbyWeather.framework */,
				1A5DA012AA6EA6C2130D5293 /* Pods_NearbyWeatherTests.framework */,
			);
			name = Frameworks;
			sourceTree = "<group>";
		};
		F204B76E1DF2EFA3000F4371 = {
			isa = PBXGroup;
			children = (
				F204B7791DF2EFA3000F4371 /* NearbyWeather */,
				F204B78E1DF2EFA3000F4371 /* NearbyWeatherTests */,
				F204B7991DF2EFA3000F4371 /* NearbyWeatherUITests */,
				F204B7781DF2EFA3000F4371 /* Products */,
				318325B80B48DF8DE983BB98 /* Pods */,
				AED2CA76ACDF1C1F35ED3DFD /* Frameworks */,
			);
			sourceTree = "<group>";
		};
		F204B7781DF2EFA3000F4371 /* Products */ = {
			isa = PBXGroup;
			children = (
				F204B7771DF2EFA3000F4371 /* NearbyWeather.app */,
				F204B78B1DF2EFA3000F4371 /* NearbyWeatherTests.xctest */,
				F204B7961DF2EFA3000F4371 /* NearbyWeatherUITests.xctest */,
			);
			name = Products;
			sourceTree = "<group>";
		};
		F204B7791DF2EFA3000F4371 /* NearbyWeather */ = {
			isa = PBXGroup;
			children = (
				86830395217BC28E00B7122E /* NearbyWeather.entitlements */,
				F2F7BA1423E0FB2D00B4D2EB /* NearbyWeather-Bridging-Header.h */,
				F2F7BA1723E0FB4A00B4D2EB /* BuildEnvironment.h */,
				F2F7BA1523E0FB2D00B4D2EB /* BuildEnvironment.m */,
				F204B77A1DF2EFA3000F4371 /* AppDelegate.swift */,
				F204B7861DF2EFA3000F4371 /* Info.plist */,
				F26A6D5C20FB6E520033BC49 /* External */,
				F2FE3EFB20027DE600EBC429 /* Bundle Files */,
				F28CA547202CE83700209397 /* Services */,
				F266995C1E9AE23900498F99 /* Model */,
				F2DBEAF423E601B600CD513B /* Routing */,
				F2DBEAFD23E8D43700CD513B /* Scenes */,
				F260C4451F9D4D50000D2BC0 /* Commons */,
			);
			path = NearbyWeather;
			sourceTree = "<group>";
		};
		F204B78E1DF2EFA3000F4371 /* NearbyWeatherTests */ = {
			isa = PBXGroup;
			children = (
				F204B78F1DF2EFA3000F4371 /* NearbyWeatherTests.swift */,
				F204B7911DF2EFA3000F4371 /* Info.plist */,
			);
			path = NearbyWeatherTests;
			sourceTree = "<group>";
		};
		F204B7991DF2EFA3000F4371 /* NearbyWeatherUITests */ = {
			isa = PBXGroup;
			children = (
				F204B79A1DF2EFA3000F4371 /* NearbyWeatherUITests.swift */,
				F204B79C1DF2EFA3000F4371 /* Info.plist */,
			);
			path = NearbyWeatherUITests;
			sourceTree = "<group>";
		};
		F260C4451F9D4D50000D2BC0 /* Commons */ = {
			isa = PBXGroup;
			children = (
				F2F7BA1823E0FBEB00B4D2EB /* GlobalFunctions.swift */,
				F2E7237B23E0EA22001189F5 /* Constants */,
				F2DBEB2C23F0385300CD513B /* Factory */,
				F28CE9611F96B202008319C4 /* Extensions */,
				F2B8EA0C1EA2DDD700704E90 /* TableViewCells */,
				F28CA5422027AE9B00209397 /* Custom Objects */,
				F2B8E9FE1EA11B8100704E90 /* Data Transfer Objects */,
			);
			name = Commons;
			sourceTree = "<group>";
		};
		F266995C1E9AE23900498F99 /* Model */ = {
			isa = PBXGroup;
			children = (
				F26699571E9AD0F100498F99 /* WeatherDataManager.swift */,
				F274FC3A2030ED5A00049144 /* PreferencesManager.swift */,
			);
			name = Model;
			sourceTree = "<group>";
		};
		F26A6D5C20FB6E520033BC49 /* External */ = {
			isa = PBXGroup;
			children = (
				F26A6D5D20FB6E610033BC49 /* R.generated.swift */,
			);
			name = External;
			sourceTree = "<group>";
		};
		F28CA5422027AE9B00209397 /* Custom Objects */ = {
			isa = PBXGroup;
			children = (
				F28CA5432027AEB500209397 /* WeatherLocationMapAnnotation.swift */,
				F22F99542034E4B500B7CB6B /* WeatherLocationMapAnnotationView.swift */,
			);
			name = "Custom Objects";
			sourceTree = "<group>";
		};
		F28CA547202CE83700209397 /* Services */ = {
			isa = PBXGroup;
			children = (
				86830391217BBA5D00B7122E /* BadgeService.swift */,
				F2A5CAA52005762A0071BFFB /* ConversionService.swift */,
				F2D2B1DF2004171500C810EF /* DataStorageService.swift */,
				86830393217BBAE400B7122E /* PermissionsService.swift */,
				F26699591E9ADBC300498F99 /* UserLocationService.swift */,
				F274FC38202F9A9300049144 /* WeatherNetworkingService.swift */,
				F2FE3F00200285B100EBC429 /* WeatherStationService.swift */,
			);
			name = Services;
			sourceTree = "<group>";
		};
		F28CE9611F96B202008319C4 /* Extensions */ = {
			isa = PBXGroup;
			children = (
				F28CE9651F96B537008319C4 /* UINavigationBar+Extensions.swift */,
				F28CE9691F9AA829008319C4 /* UIView+Extensions.swift */,
				F260C4421F9D4883000D2BC0 /* UINavigationController+Extensions.swift */,
				F2A5CAAB200D51870071BFFB /* UINavigationItem+Extensions.swift */,
				F2ADB75020FE7014009C9547 /* UIViewController+Extensions.swift */,
				F2DBEAFB23E8C88E00CD513B /* Array+AppendSafe.swift */,
				F2DBEB3123F03A9800CD513B /* UIColor+SemanticInitializer.swift */,
				F2DBEB3523F04E9D00CD513B /* MKMapType+AllCases.swift */,
				F2C4E14523F355370008B0F7 /* Date+String.swift */,
			);
			name = Extensions;
			sourceTree = "<group>";
		};
		F2B8E9FE1EA11B8100704E90 /* Data Transfer Objects */ = {
			isa = PBXGroup;
			children = (
				F2B8E9FF1EA11BA800704E90 /* WeatherDataDTOs.swift */,
				F2FE3EFE20027EB400EBC429 /* WeatherStationDTO.swift */,
				F25A396E2187A6DA0054BC7A /* DevelopmentContributorDTO.swift */,
				F25A39722187B1B00054BC7A /* ThirdPartyLibraryDTO.swift */,
			);
			name = "Data Transfer Objects";
			sourceTree = "<group>";
		};
		F2B8EA0C1EA2DDD700704E90 /* TableViewCells */ = {
			isa = PBXGroup;
			children = (
				F2DBEADF23E4D66100CD513B /* AlertCell.xib */,
				F2B8EA011EA121CC00704E90 /* AlertCell.swift */,
				F2DBEADD23E4D46700CD513B /* WeatherDataCell.xib */,
				F27AFDEB1DF4C089003957EB /* WeatherDataCell.swift */,
				F2DBEAE123E4D71700CD513B /* DualLabelCell.xib */,
				F283D26D1DF39095001B879D /* DualLabelCell.swift */,
				F2DBEAE323E4D9D200CD513B /* SingleLabelCell.xib */,
				F2E7237923DE2857001189F5 /* SingleLabelCell.swift */,
				F2DBEAE523E4DC6A00CD513B /* ToggleCell.xib */,
				F28CA53C202622C200209397 /* ToggleCell.swift */,
				F2DBEAE723E4DD0900CD513B /* ButtonCell.xib */,
				F273254B2032051F00A1DBD1 /* ButtonCell.swift */,
				F2DBEAE923E4DE1100CD513B /* SubtitleCell.xib */,
				F273254D20320F4E00A1DBD1 /* SubtitleCell.swift */,
				F2DBEAF223E5F9B000CD513B /* TextInputCell.xib */,
				F2DBEAF023E5F98200CD513B /* TextInputCell.swift */,
			);
			name = TableViewCells;
			sourceTree = "<group>";
		};
		F2C4E14723F98A260008B0F7 /* Empty Weather List Scene */ = {
			isa = PBXGroup;
			children = (
				F2C4E14823F98A4C0008B0F7 /* EmptyWeatherListViewController.swift */,
				F2C4E14A23F98AA50008B0F7 /* EmptyWeatherList.storyboard */,
			);
			name = "Empty Weather List Scene";
			sourceTree = "<group>";
		};
		F2DBEAF423E601B600CD513B /* Routing */ = {
			isa = PBXGroup;
			children = (
				F2DBEB1723EB720100CD513B /* Coordinator */,
				F2DBEAF523E601F000CD513B /* MainCoordinator.swift */,
				F2DBEB2A23EF4D2A00CD513B /* MainStepper.swift */,
				F2DBEAF923E6357C00CD513B /* WelcomeCoordinator.swift */,
				F2DBEB2823EF4C6F00CD513B /* WelcomeStepper.swift */,
				F2DBEB1523EA1FD100CD513B /* WeatherListCoordinator.swift */,
				F2DBEB2023EF108D00CD513B /* WeatherListStepper.swift */,
				F2DBEB1323EA1F4C00CD513B /* WeatherDetailCoordinator.swift */,
				F2DBEB2223EF2EE300CD513B /* WeatherDetailStepper.swift */,
				F2DBEB1C23EF042A00CD513B /* WeatherMapCoordinator.swift */,
				F2DBEB2423EF31D700CD513B /* WeatherMapStepper.swift */,
				F2DBEB1E23EF071500CD513B /* SettingsCoordinator.swift */,
				F2DBEB2623EF35A700CD513B /* SettingsStepper.swift */,
			);
			name = Routing;
			sourceTree = "<group>";
		};
		F2DBEAFD23E8D43700CD513B /* Scenes */ = {
			isa = PBXGroup;
			children = (
				F204B7831DF2EFA3000F4371 /* LaunchScreen.storyboard */,
				F204B77E1DF2EFA3000F4371 /* Main.storyboard */,
				F2DBEB0523E8DDD200CD513B /* Welcome Scene */,
				F2DBEB0623E8DDDE00CD513B /* Set Permissions Scene */,
				F2DBEAFE23E8D46200CD513B /* Weather List Scene */,
				F2C4E14723F98A260008B0F7 /* Empty Weather List Scene */,
				F2DBEB0C23E8DF6B00CD513B /* Weather Detail Scene */,
				F2DBEAFF23E8D46E00CD513B /* Weather Map Scene */,
				F2DBEB0023E8D47B00CD513B /* Settings Scene */,
				F2DBEB0D23E8E05400CD513B /* About App Scene */,
				F2DBEB1023E8E11400CD513B /* Settings Input Scene */,
				F2DBEB1123E8E1BB00CD513B /* Bookmarks Selection Scene */,
				F2DBEB1223E8E22700CD513B /* Bookmarks Management Scene */,
			);
			name = Scenes;
			sourceTree = "<group>";
		};
		F2DBEAFE23E8D46200CD513B /* Weather List Scene */ = {
			isa = PBXGroup;
			children = (
				F28CE9671F9A9893008319C4 /* WeatherListViewController.swift */,
			);
			name = "Weather List Scene";
			sourceTree = "<group>";
		};
		F2DBEAFF23E8D46E00CD513B /* Weather Map Scene */ = {
			isa = PBXGroup;
			children = (
				F2DBEB0323E8DBF000CD513B /* WeatherMap.storyboard */,
				F28CA5382016A1BA00209397 /* WeatherMapViewController.swift */,
			);
			name = "Weather Map Scene";
			sourceTree = "<group>";
		};
		F2DBEB0023E8D47B00CD513B /* Settings Scene */ = {
			isa = PBXGroup;
			children = (
				F204B7BC1DF35610000F4371 /* SettingsTableViewController.swift */,
			);
			name = "Settings Scene";
			sourceTree = "<group>";
		};
		F2DBEB0523E8DDD200CD513B /* Welcome Scene */ = {
			isa = PBXGroup;
			children = (
				F2DBEB0723E8DDF600CD513B /* Welcome.storyboard */,
				F2B8EA051EA2893C00704E90 /* WelcomeViewController.swift */,
			);
			name = "Welcome Scene";
			sourceTree = "<group>";
		};
		F2DBEB0623E8DDDE00CD513B /* Set Permissions Scene */ = {
			isa = PBXGroup;
			children = (
				F2DBEB0A23E8DE0E00CD513B /* SetPermissions.storyboard */,
				F2B8EA071EA2A7AB00704E90 /* SetPermissionsViewController.swift */,
			);
			name = "Set Permissions Scene";
			sourceTree = "<group>";
		};
		F2DBEB0C23E8DF6B00CD513B /* Weather Detail Scene */ = {
			isa = PBXGroup;
			children = (
				F26A6D5F20FB70DD0033BC49 /* WeatherDetails.storyboard */,
				F28CA54020279EE300209397 /* WeatherDetailViewController.swift */,
			);
			name = "Weather Detail Scene";
			sourceTree = "<group>";
		};
		F2DBEB0D23E8E05400CD513B /* About App Scene */ = {
			isa = PBXGroup;
			children = (
				F2DBEB0E23E8E0B200CD513B /* AboutApp.storyboard */,
				F2B8EA0D1EA37BE800704E90 /* AboutAppTableViewController.swift */,
			);
			name = "About App Scene";
			sourceTree = "<group>";
		};
		F2DBEB1023E8E11400CD513B /* Settings Input Scene */ = {
			isa = PBXGroup;
			children = (
				F27AFDEF1DF4D36C003957EB /* SettingsInputTableViewController.swift */,
			);
			name = "Settings Input Scene";
			sourceTree = "<group>";
		};
		F2DBEB1123E8E1BB00CD513B /* Bookmarks Selection Scene */ = {
			isa = PBXGroup;
			children = (
				F2FE3F022002972800EBC429 /* WeatherLocationSelectionTableViewController.swift */,
			);
			name = "Bookmarks Selection Scene";
			sourceTree = "<group>";
		};
		F2DBEB1223E8E22700CD513B /* Bookmarks Management Scene */ = {
			isa = PBXGroup;
			children = (
				F28DA8602042258500879E6C /* WeatherLocationManagementTableViewController.swift */,
			);
			name = "Bookmarks Management Scene";
			sourceTree = "<group>";
		};
		F2DBEB1723EB720100CD513B /* Coordinator */ = {
			isa = PBXGroup;
			children = (
				F2DBEB1A23EEF92800CD513B /* Step.swift */,
				F2DBEB1823EB726E00CD513B /* Stepper.swift */,
				F2DBEAF723E6054900CD513B /* Coordinator.swift */,
			);
			name = Coordinator;
			sourceTree = "<group>";
		};
		F2DBEB2C23F0385300CD513B /* Factory */ = {
			isa = PBXGroup;
			children = (
				F2DBEB2D23F0386B00CD513B /* Factory.swift */,
				F2DBEB3323F0427000CD513B /* Factory+UIAlertController.swift */,
			);
			name = Factory;
			sourceTree = "<group>";
		};
		F2E7237B23E0EA22001189F5 /* Constants */ = {
			isa = PBXGroup;
			children = (
				F2DBEADB23E4CF7900CD513B /* Constants.swift */,
				F2DBEB2F23F038BE00CD513B /* Constants+Theme.swift */,
				F2DBEAD923E4C28C00CD513B /* Constants+URLs.swift */,
				F2E7238023E0F044001189F5 /* Constants+Keys.swift */,
				F2F7BA1A23E3706100B4D2EB /* Constants+Messages.swift */,
				F2F7BA1C23E373DD00B4D2EB /* Constants+Labels.swift */,
				F2F7BA1E23E3792F00B4D2EB /* Constants+Mocks.swift */,
				F2F7BA2023E37A9C00B4D2EB /* Constants+Values.swift */,
			);
			name = Constants;
			sourceTree = "<group>";
		};
		F2FE3EFB20027DE600EBC429 /* Bundle Files */ = {
			isa = PBXGroup;
			children = (
				F204B7811DF2EFA3000F4371 /* Assets.xcassets */,
				F204B7B21DF2F1BC000F4371 /* Localizable.strings */,
				F283D2751DF393B2001B879D /* InfoPlist.strings */,
				F22F99562037676B00B7CB6B /* locationsSQLite.sqlite */,
				F25A39702187AA5A0054BC7A /* ProjectContributors.json */,
				F2E7237723DE064D001189F5 /* ProjectOwner.json */,
				F25A39742187B3F80054BC7A /* ThirdPartyLibraries.json */,
			);
			name = "Bundle Files";
			sourceTree = "<group>";
		};
/* End PBXGroup section */

/* Begin PBXNativeTarget section */
		F204B7761DF2EFA3000F4371 /* NearbyWeather */ = {
			isa = PBXNativeTarget;
			buildConfigurationList = F204B79F1DF2EFA3000F4371 /* Build configuration list for PBXNativeTarget "NearbyWeather" */;
			buildPhases = (
				9BB9B0FC6D1A2F368B752E65 /* [CP] Check Pods Manifest.lock */,
				F2E7237623DA5228001189F5 /* Run SwiftLint */,
				F26A6D5B20FB6DFA0033BC49 /* R.Swift Generate File */,
				F204B7731DF2EFA3000F4371 /* Sources */,
				F204B7741DF2EFA3000F4371 /* Frameworks */,
				F204B7751DF2EFA3000F4371 /* Resources */,
				1121DC25DF7FD0CB64D632D3 /* [CP] Embed Pods Frameworks */,
			);
			buildRules = (
			);
			dependencies = (
			);
			name = NearbyWeather;
			productName = NearbyWeather;
			productReference = F204B7771DF2EFA3000F4371 /* NearbyWeather.app */;
			productType = "com.apple.product-type.application";
		};
		F204B78A1DF2EFA3000F4371 /* NearbyWeatherTests */ = {
			isa = PBXNativeTarget;
			buildConfigurationList = F204B7A21DF2EFA3000F4371 /* Build configuration list for PBXNativeTarget "NearbyWeatherTests" */;
			buildPhases = (
				A0B06F21DB7F7FF3F8D4FBF8 /* [CP] Check Pods Manifest.lock */,
				F204B7871DF2EFA3000F4371 /* Sources */,
				F204B7881DF2EFA3000F4371 /* Frameworks */,
				F204B7891DF2EFA3000F4371 /* Resources */,
				99B9FF738E2E1B1F7CFCD91A /* [CP] Embed Pods Frameworks */,
			);
			buildRules = (
			);
			dependencies = (
				F204B78D1DF2EFA3000F4371 /* PBXTargetDependency */,
			);
			name = NearbyWeatherTests;
			productName = NearbyWeatherTests;
			productReference = F204B78B1DF2EFA3000F4371 /* NearbyWeatherTests.xctest */;
			productType = "com.apple.product-type.bundle.unit-test";
		};
		F204B7951DF2EFA3000F4371 /* NearbyWeatherUITests */ = {
			isa = PBXNativeTarget;
			buildConfigurationList = F204B7A51DF2EFA3000F4371 /* Build configuration list for PBXNativeTarget "NearbyWeatherUITests" */;
			buildPhases = (
				F204B7921DF2EFA3000F4371 /* Sources */,
				F204B7931DF2EFA3000F4371 /* Frameworks */,
				F204B7941DF2EFA3000F4371 /* Resources */,
			);
			buildRules = (
			);
			dependencies = (
				F204B7981DF2EFA3000F4371 /* PBXTargetDependency */,
			);
			name = NearbyWeatherUITests;
			productName = NearbyWeatherUITests;
			productReference = F204B7961DF2EFA3000F4371 /* NearbyWeatherUITests.xctest */;
			productType = "com.apple.product-type.bundle.ui-testing";
		};
/* End PBXNativeTarget section */

/* Begin PBXProject section */
		F204B76F1DF2EFA3000F4371 /* Project object */ = {
			isa = PBXProject;
			attributes = {
				LastSwiftUpdateCheck = 0810;
				LastUpgradeCheck = 0940;
				ORGANIZATIONNAME = "Erik Maximilian Martens";
				TargetAttributes = {
					F204B7761DF2EFA3000F4371 = {
						CreatedOnToolsVersion = 8.1;
						DevelopmentTeam = VDPU24L36V;
						LastSwiftMigration = 1130;
						ProvisioningStyle = Manual;
						SystemCapabilities = {
							com.apple.BackgroundModes = {
								enabled = 1;
							};
							com.apple.Push = {
								enabled = 1;
							};
						};
					};
					F204B78A1DF2EFA3000F4371 = {
						CreatedOnToolsVersion = 8.1;
						DevelopmentTeam = VDPU24L36V;
						LastSwiftMigration = 1020;
						ProvisioningStyle = Automatic;
						TestTargetID = F204B7761DF2EFA3000F4371;
					};
					F204B7951DF2EFA3000F4371 = {
						CreatedOnToolsVersion = 8.1;
						DevelopmentTeam = VDPU24L36V;
						LastSwiftMigration = 1020;
						ProvisioningStyle = Automatic;
						TestTargetID = F204B7761DF2EFA3000F4371;
					};
				};
			};
			buildConfigurationList = F204B7721DF2EFA3000F4371 /* Build configuration list for PBXProject "NearbyWeather" */;
			compatibilityVersion = "Xcode 3.2";
			developmentRegion = en;
			hasScannedForEncodings = 0;
			knownRegions = (
				en,
				Base,
				de,
				fr,
			);
			mainGroup = F204B76E1DF2EFA3000F4371;
			productRefGroup = F204B7781DF2EFA3000F4371 /* Products */;
			projectDirPath = "";
			projectRoot = "";
			targets = (
				F204B7761DF2EFA3000F4371 /* NearbyWeather */,
				F204B78A1DF2EFA3000F4371 /* NearbyWeatherTests */,
				F204B7951DF2EFA3000F4371 /* NearbyWeatherUITests */,
			);
		};
/* End PBXProject section */

/* Begin PBXResourcesBuildPhase section */
		F204B7751DF2EFA3000F4371 /* Resources */ = {
			isa = PBXResourcesBuildPhase;
			buildActionMask = 2147483647;
			files = (
				F2DBEAE423E4D9D200CD513B /* SingleLabelCell.xib in Resources */,
				F26A6D6020FB70DD0033BC49 /* WeatherDetails.storyboard in Resources */,
				F2DBEAE623E4DC6A00CD513B /* ToggleCell.xib in Resources */,
				F2DBEB0823E8DDF600CD513B /* Welcome.storyboard in Resources */,
				F2E7237823DE064D001189F5 /* ProjectOwner.json in Resources */,
				F204B7851DF2EFA3000F4371 /* LaunchScreen.storyboard in Resources */,
				F204B7B01DF2F1BC000F4371 /* Localizable.strings in Resources */,
				F2DBEAE823E4DD0900CD513B /* ButtonCell.xib in Resources */,
				F204B7821DF2EFA3000F4371 /* Assets.xcassets in Resources */,
				F2DBEAE223E4D71700CD513B /* DualLabelCell.xib in Resources */,
				F2DBEAE023E4D66100CD513B /* AlertCell.xib in Resources */,
				F22F99572037A30800B7CB6B /* locationsSQLite.sqlite in Resources */,
				F2C4E14B23F98AA50008B0F7 /* EmptyWeatherList.storyboard in Resources */,
				F2DBEAF323E5F9B000CD513B /* TextInputCell.xib in Resources */,
				F2DBEADE23E4D46700CD513B /* WeatherDataCell.xib in Resources */,
				F2DBEB0B23E8DE0E00CD513B /* SetPermissions.storyboard in Resources */,
				F25A39752187B3F90054BC7A /* ThirdPartyLibraries.json in Resources */,
				F204B7801DF2EFA3000F4371 /* Main.storyboard in Resources */,
				F2DBEAEA23E4DE1100CD513B /* SubtitleCell.xib in Resources */,
				F25A39712187AA5A0054BC7A /* ProjectContributors.json in Resources */,
				F283D2731DF393B2001B879D /* InfoPlist.strings in Resources */,
				F2DBEB0F23E8E0B200CD513B /* AboutApp.storyboard in Resources */,
				F2DBEB0423E8DBF000CD513B /* WeatherMap.storyboard in Resources */,
			);
			runOnlyForDeploymentPostprocessing = 0;
		};
		F204B7891DF2EFA3000F4371 /* Resources */ = {
			isa = PBXResourcesBuildPhase;
			buildActionMask = 2147483647;
			files = (
			);
			runOnlyForDeploymentPostprocessing = 0;
		};
		F204B7941DF2EFA3000F4371 /* Resources */ = {
			isa = PBXResourcesBuildPhase;
			buildActionMask = 2147483647;
			files = (
			);
			runOnlyForDeploymentPostprocessing = 0;
		};
/* End PBXResourcesBuildPhase section */

/* Begin PBXShellScriptBuildPhase section */
		1121DC25DF7FD0CB64D632D3 /* [CP] Embed Pods Frameworks */ = {
			isa = PBXShellScriptBuildPhase;
			buildActionMask = 2147483647;
			files = (
			);
			inputPaths = (
				"${PODS_ROOT}/Target Support Files/Pods-NearbyWeather/Pods-NearbyWeather-frameworks.sh",
				"${BUILT_PRODUCTS_DIR}/APTimeZones/APTimeZones.framework",
				"${BUILT_PRODUCTS_DIR}/Alamofire/Alamofire.framework",
				"${BUILT_PRODUCTS_DIR}/FMDB/FMDB.framework",
				"${BUILT_PRODUCTS_DIR}/PKHUD/PKHUD.framework",
				"${BUILT_PRODUCTS_DIR}/R.swift.Library/Rswift.framework",
				"${BUILT_PRODUCTS_DIR}/TextFieldCounter/TextFieldCounter.framework",
			);
			name = "[CP] Embed Pods Frameworks";
			outputPaths = (
				"${TARGET_BUILD_DIR}/${FRAMEWORKS_FOLDER_PATH}/APTimeZones.framework",
				"${TARGET_BUILD_DIR}/${FRAMEWORKS_FOLDER_PATH}/Alamofire.framework",
				"${TARGET_BUILD_DIR}/${FRAMEWORKS_FOLDER_PATH}/FMDB.framework",
				"${TARGET_BUILD_DIR}/${FRAMEWORKS_FOLDER_PATH}/PKHUD.framework",
				"${TARGET_BUILD_DIR}/${FRAMEWORKS_FOLDER_PATH}/Rswift.framework",
				"${TARGET_BUILD_DIR}/${FRAMEWORKS_FOLDER_PATH}/TextFieldCounter.framework",
			);
			runOnlyForDeploymentPostprocessing = 0;
			shellPath = /bin/sh;
			shellScript = "\"${PODS_ROOT}/Target Support Files/Pods-NearbyWeather/Pods-NearbyWeather-frameworks.sh\"\n";
			showEnvVarsInLog = 0;
		};
		99B9FF738E2E1B1F7CFCD91A /* [CP] Embed Pods Frameworks */ = {
			isa = PBXShellScriptBuildPhase;
			buildActionMask = 2147483647;
			files = (
			);
			inputPaths = (
				"${PODS_ROOT}/Target Support Files/Pods-NearbyWeatherTests/Pods-NearbyWeatherTests-frameworks.sh",
				"${BUILT_PRODUCTS_DIR}/APTimeZones/APTimeZones.framework",
				"${BUILT_PRODUCTS_DIR}/Alamofire/Alamofire.framework",
				"${BUILT_PRODUCTS_DIR}/FMDB/FMDB.framework",
				"${BUILT_PRODUCTS_DIR}/PKHUD/PKHUD.framework",
				"${BUILT_PRODUCTS_DIR}/R.swift.Library/Rswift.framework",
				"${BUILT_PRODUCTS_DIR}/TextFieldCounter/TextFieldCounter.framework",
			);
			name = "[CP] Embed Pods Frameworks";
			outputPaths = (
				"${TARGET_BUILD_DIR}/${FRAMEWORKS_FOLDER_PATH}/APTimeZones.framework",
				"${TARGET_BUILD_DIR}/${FRAMEWORKS_FOLDER_PATH}/Alamofire.framework",
				"${TARGET_BUILD_DIR}/${FRAMEWORKS_FOLDER_PATH}/FMDB.framework",
				"${TARGET_BUILD_DIR}/${FRAMEWORKS_FOLDER_PATH}/PKHUD.framework",
				"${TARGET_BUILD_DIR}/${FRAMEWORKS_FOLDER_PATH}/Rswift.framework",
				"${TARGET_BUILD_DIR}/${FRAMEWORKS_FOLDER_PATH}/TextFieldCounter.framework",
			);
			runOnlyForDeploymentPostprocessing = 0;
			shellPath = /bin/sh;
			shellScript = "\"${PODS_ROOT}/Target Support Files/Pods-NearbyWeatherTests/Pods-NearbyWeatherTests-frameworks.sh\"\n";
			showEnvVarsInLog = 0;
		};
		9BB9B0FC6D1A2F368B752E65 /* [CP] Check Pods Manifest.lock */ = {
			isa = PBXShellScriptBuildPhase;
			buildActionMask = 2147483647;
			files = (
			);
			inputFileListPaths = (
			);
			inputPaths = (
				"${PODS_PODFILE_DIR_PATH}/Podfile.lock",
				"${PODS_ROOT}/Manifest.lock",
			);
			name = "[CP] Check Pods Manifest.lock";
			outputFileListPaths = (
			);
			outputPaths = (
				"$(DERIVED_FILE_DIR)/Pods-NearbyWeather-checkManifestLockResult.txt",
			);
			runOnlyForDeploymentPostprocessing = 0;
			shellPath = /bin/sh;
			shellScript = "diff \"${PODS_PODFILE_DIR_PATH}/Podfile.lock\" \"${PODS_ROOT}/Manifest.lock\" > /dev/null\nif [ $? != 0 ] ; then\n    # print error to STDERR\n    echo \"error: The sandbox is not in sync with the Podfile.lock. Run 'pod install' or update your CocoaPods installation.\" >&2\n    exit 1\nfi\n# This output is used by Xcode 'outputs' to avoid re-running this script phase.\necho \"SUCCESS\" > \"${SCRIPT_OUTPUT_FILE_0}\"\n";
			showEnvVarsInLog = 0;
		};
		A0B06F21DB7F7FF3F8D4FBF8 /* [CP] Check Pods Manifest.lock */ = {
			isa = PBXShellScriptBuildPhase;
			buildActionMask = 2147483647;
			files = (
			);
			inputFileListPaths = (
			);
			inputPaths = (
				"${PODS_PODFILE_DIR_PATH}/Podfile.lock",
				"${PODS_ROOT}/Manifest.lock",
			);
			name = "[CP] Check Pods Manifest.lock";
			outputFileListPaths = (
			);
			outputPaths = (
				"$(DERIVED_FILE_DIR)/Pods-NearbyWeatherTests-checkManifestLockResult.txt",
			);
			runOnlyForDeploymentPostprocessing = 0;
			shellPath = /bin/sh;
			shellScript = "diff \"${PODS_PODFILE_DIR_PATH}/Podfile.lock\" \"${PODS_ROOT}/Manifest.lock\" > /dev/null\nif [ $? != 0 ] ; then\n    # print error to STDERR\n    echo \"error: The sandbox is not in sync with the Podfile.lock. Run 'pod install' or update your CocoaPods installation.\" >&2\n    exit 1\nfi\n# This output is used by Xcode 'outputs' to avoid re-running this script phase.\necho \"SUCCESS\" > \"${SCRIPT_OUTPUT_FILE_0}\"\n";
			showEnvVarsInLog = 0;
		};
		F26A6D5B20FB6DFA0033BC49 /* R.Swift Generate File */ = {
			isa = PBXShellScriptBuildPhase;
			buildActionMask = 2147483647;
			files = (
			);
			inputPaths = (
				"$TEMP_DIR/rswift-lastrun",
			);
			name = "R.Swift Generate File";
			outputPaths = (
				$SRCROOT/R.generated.swift,
			);
			runOnlyForDeploymentPostprocessing = 0;
			shellPath = /bin/sh;
			shellScript = "\"$PODS_ROOT/R.swift/rswift\" generate \"$SRCROOT/R.generated.swift\"\n";
		};
		F2E7237623DA5228001189F5 /* Run SwiftLint */ = {
			isa = PBXShellScriptBuildPhase;
			buildActionMask = 2147483647;
			files = (
			);
			inputFileListPaths = (
			);
			inputPaths = (
			);
			name = "Run SwiftLint";
			outputFileListPaths = (
			);
			outputPaths = (
			);
			runOnlyForDeploymentPostprocessing = 0;
			shellPath = /bin/sh;
			shellScript = "\"${PODS_ROOT}/SwiftLint/swiftlint\"\n";
		};
/* End PBXShellScriptBuildPhase section */

/* Begin PBXSourcesBuildPhase section */
		F204B7731DF2EFA3000F4371 /* Sources */ = {
			isa = PBXSourcesBuildPhase;
			buildActionMask = 2147483647;
			files = (
				F274FC3B2030ED5A00049144 /* PreferencesManager.swift in Sources */,
				F283D26E1DF39095001B879D /* DualLabelCell.swift in Sources */,
				F2F7BA1B23E3706100B4D2EB /* Constants+Messages.swift in Sources */,
				F28CA5442027AEB500209397 /* WeatherLocationMapAnnotation.swift in Sources */,
				F2DBEAFC23E8C88E00CD513B /* Array+AppendSafe.swift in Sources */,
				F2F7BA1F23E3792F00B4D2EB /* Constants+Mocks.swift in Sources */,
				F26699581E9AD0F100498F99 /* WeatherDataManager.swift in Sources */,
				F2FE3EFF20027EB400EBC429 /* WeatherStationDTO.swift in Sources */,
				F2DBEB3623F04E9D00CD513B /* MKMapType+AllCases.swift in Sources */,
				F2C4E14923F98A4C0008B0F7 /* EmptyWeatherListViewController.swift in Sources */,
				F22F99552034E4B500B7CB6B /* WeatherLocationMapAnnotationView.swift in Sources */,
				86830392217BBA5D00B7122E /* BadgeService.swift in Sources */,
				F2F7BA2123E37A9C00B4D2EB /* Constants+Values.swift in Sources */,
				F2DBEB2923EF4C6F00CD513B /* WelcomeStepper.swift in Sources */,
				86830394217BBAE400B7122E /* PermissionsService.swift in Sources */,
				F2A5CAA62005762A0071BFFB /* ConversionService.swift in Sources */,
				F2FE3F01200285B100EBC429 /* WeatherStationService.swift in Sources */,
				F266995A1E9ADBC300498F99 /* UserLocationService.swift in Sources */,
				F25A39732187B1B00054BC7A /* ThirdPartyLibraryDTO.swift in Sources */,
				F273254C2032051F00A1DBD1 /* ButtonCell.swift in Sources */,
				F26A6D5E20FB6E610033BC49 /* R.generated.swift in Sources */,
				F2DBEB2523EF31D700CD513B /* WeatherMapStepper.swift in Sources */,
				F2DBEB2E23F0386B00CD513B /* Factory.swift in Sources */,
				F204B77B1DF2EFA3000F4371 /* AppDelegate.swift in Sources */,
				F2DBEB3423F0427000CD513B /* Factory+UIAlertController.swift in Sources */,
				F2B8EA061EA2893C00704E90 /* WelcomeViewController.swift in Sources */,
				F2B8EA001EA11BA800704E90 /* WeatherDataDTOs.swift in Sources */,
				F2DBEB3223F03A9800CD513B /* UIColor+SemanticInitializer.swift in Sources */,
				F2C4E14623F355370008B0F7 /* Date+String.swift in Sources */,
				F273254E20320F4E00A1DBD1 /* SubtitleCell.swift in Sources */,
				F2DBEB1423EA1F4D00CD513B /* WeatherDetailCoordinator.swift in Sources */,
				F28CA53D202622C200209397 /* ToggleCell.swift in Sources */,
				F2B8EA0E1EA37BE800704E90 /* AboutAppTableViewController.swift in Sources */,
				F2DBEB1F23EF071500CD513B /* SettingsCoordinator.swift in Sources */,
				F2F7BA1923E0FBEB00B4D2EB /* GlobalFunctions.swift in Sources */,
				F2DBEB2323EF2EE300CD513B /* WeatherDetailStepper.swift in Sources */,
				F2F7BA1623E0FB2D00B4D2EB /* BuildEnvironment.m in Sources */,
				F2DBEB2123EF108D00CD513B /* WeatherListStepper.swift in Sources */,
				F204B7BD1DF35610000F4371 /* SettingsTableViewController.swift in Sources */,
				F2FE3F032002972800EBC429 /* WeatherLocationSelectionTableViewController.swift in Sources */,
				F28CA5392016A1BA00209397 /* WeatherMapViewController.swift in Sources */,
				F2DBEADA23E4C28C00CD513B /* Constants+URLs.swift in Sources */,
				F28CE9681F9A9893008319C4 /* WeatherListViewController.swift in Sources */,
				F2DBEB2723EF35A700CD513B /* SettingsStepper.swift in Sources */,
				F2F7BA1D23E373DD00B4D2EB /* Constants+Labels.swift in Sources */,
				F2E7237A23DE2857001189F5 /* SingleLabelCell.swift in Sources */,
				F27AFDEC1DF4C089003957EB /* WeatherDataCell.swift in Sources */,
				F28CE96A1F9AA829008319C4 /* UIView+Extensions.swift in Sources */,
				F2DBEB2B23EF4D2A00CD513B /* MainStepper.swift in Sources */,
				F2DBEADC23E4CF7900CD513B /* Constants.swift in Sources */,
				F2DBEB1D23EF042A00CD513B /* WeatherMapCoordinator.swift in Sources */,
				F2DBEAF623E601F000CD513B /* MainCoordinator.swift in Sources */,
				F2DBEB3023F038BE00CD513B /* Constants+Theme.swift in Sources */,
				F2B8EA081EA2A7AB00704E90 /* SetPermissionsViewController.swift in Sources */,
				F260C4431F9D4883000D2BC0 /* UINavigationController+Extensions.swift in Sources */,
				F2A5CAAC200D51870071BFFB /* UINavigationItem+Extensions.swift in Sources */,
				F2ADB75120FE7014009C9547 /* UIViewController+Extensions.swift in Sources */,
				F2DBEAFA23E6357C00CD513B /* WelcomeCoordinator.swift in Sources */,
				F2B8EA021EA121CC00704E90 /* AlertCell.swift in Sources */,
				F2E7238123E0F044001189F5 /* Constants+Keys.swift in Sources */,
				F2DBEB1B23EEF92800CD513B /* Step.swift in Sources */,
				F25A396F2187A6DA0054BC7A /* DevelopmentContributorDTO.swift in Sources */,
				F2D2B1E02004171500C810EF /* DataStorageService.swift in Sources */,
				F2DBEAF123E5F98200CD513B /* TextInputCell.swift in Sources */,
				F28CE9661F96B537008319C4 /* UINavigationBar+Extensions.swift in Sources */,
				F28CA54120279EE300209397 /* WeatherDetailViewController.swift in Sources */,
				F274FC39202F9A9300049144 /* WeatherNetworkingService.swift in Sources */,
				F2DBEAF823E6054900CD513B /* Coordinator.swift in Sources */,
				F28DA8612042258500879E6C /* WeatherLocationManagementTableViewController.swift in Sources */,
				F27AFDF01DF4D36C003957EB /* SettingsInputTableViewController.swift in Sources */,
				F2DBEB1923EB726E00CD513B /* Stepper.swift in Sources */,
				F2DBEB1623EA1FD200CD513B /* WeatherListCoordinator.swift in Sources */,
			);
			runOnlyForDeploymentPostprocessing = 0;
		};
		F204B7871DF2EFA3000F4371 /* Sources */ = {
			isa = PBXSourcesBuildPhase;
			buildActionMask = 2147483647;
			files = (
				F204B7901DF2EFA3000F4371 /* NearbyWeatherTests.swift in Sources */,
			);
			runOnlyForDeploymentPostprocessing = 0;
		};
		F204B7921DF2EFA3000F4371 /* Sources */ = {
			isa = PBXSourcesBuildPhase;
			buildActionMask = 2147483647;
			files = (
				F204B79B1DF2EFA3000F4371 /* NearbyWeatherUITests.swift in Sources */,
			);
			runOnlyForDeploymentPostprocessing = 0;
		};
/* End PBXSourcesBuildPhase section */

/* Begin PBXTargetDependency section */
		F204B78D1DF2EFA3000F4371 /* PBXTargetDependency */ = {
			isa = PBXTargetDependency;
			target = F204B7761DF2EFA3000F4371 /* NearbyWeather */;
			targetProxy = F204B78C1DF2EFA3000F4371 /* PBXContainerItemProxy */;
		};
		F204B7981DF2EFA3000F4371 /* PBXTargetDependency */ = {
			isa = PBXTargetDependency;
			target = F204B7761DF2EFA3000F4371 /* NearbyWeather */;
			targetProxy = F204B7971DF2EFA3000F4371 /* PBXContainerItemProxy */;
		};
/* End PBXTargetDependency section */

/* Begin PBXVariantGroup section */
		F204B77E1DF2EFA3000F4371 /* Main.storyboard */ = {
			isa = PBXVariantGroup;
			children = (
				F204B77F1DF2EFA3000F4371 /* Base */,
				F204B7AC1DF2F19A000F4371 /* de */,
				5142D45D22F45DC2000E6B06 /* fr */,
			);
			name = Main.storyboard;
			sourceTree = "<group>";
		};
		F204B7831DF2EFA3000F4371 /* LaunchScreen.storyboard */ = {
			isa = PBXVariantGroup;
			children = (
				F204B7841DF2EFA3000F4371 /* Base */,
				F204B7AD1DF2F19A000F4371 /* de */,
				5142D45C22F45DC2000E6B06 /* fr */,
			);
			name = LaunchScreen.storyboard;
			sourceTree = "<group>";
		};
		F204B7B21DF2F1BC000F4371 /* Localizable.strings */ = {
			isa = PBXVariantGroup;
			children = (
				F204B7B11DF2F1BC000F4371 /* Base */,
				F204B7B31DF2F1BD000F4371 /* de */,
				5142D45E22F45DC2000E6B06 /* fr */,
			);
			name = Localizable.strings;
			sourceTree = "<group>";
		};
		F283D2751DF393B2001B879D /* InfoPlist.strings */ = {
			isa = PBXVariantGroup;
			children = (
				F283D2741DF393B2001B879D /* Base */,
				F283D2761DF393B3001B879D /* de */,
				5142D45F22F45DC2000E6B06 /* fr */,
			);
			name = InfoPlist.strings;
			sourceTree = "<group>";
		};
/* End PBXVariantGroup section */

/* Begin XCBuildConfiguration section */
		F204B79D1DF2EFA3000F4371 /* Debug */ = {
			isa = XCBuildConfiguration;
			buildSettings = {
				ALWAYS_SEARCH_USER_PATHS = NO;
				CLANG_ANALYZER_LOCALIZABILITY_NONLOCALIZED = YES;
				CLANG_ANALYZER_NONNULL = YES;
				CLANG_CXX_LANGUAGE_STANDARD = "gnu++0x";
				CLANG_CXX_LIBRARY = "libc++";
				CLANG_ENABLE_MODULES = YES;
				CLANG_ENABLE_OBJC_ARC = YES;
				CLANG_WARN_BLOCK_CAPTURE_AUTORELEASING = YES;
				CLANG_WARN_BOOL_CONVERSION = YES;
				CLANG_WARN_COMMA = YES;
				CLANG_WARN_CONSTANT_CONVERSION = YES;
				CLANG_WARN_DEPRECATED_OBJC_IMPLEMENTATIONS = YES;
				CLANG_WARN_DIRECT_OBJC_ISA_USAGE = YES_ERROR;
				CLANG_WARN_DOCUMENTATION_COMMENTS = YES;
				CLANG_WARN_EMPTY_BODY = YES;
				CLANG_WARN_ENUM_CONVERSION = YES;
				CLANG_WARN_INFINITE_RECURSION = YES;
				CLANG_WARN_INT_CONVERSION = YES;
				CLANG_WARN_NON_LITERAL_NULL_CONVERSION = YES;
				CLANG_WARN_OBJC_IMPLICIT_RETAIN_SELF = YES;
				CLANG_WARN_OBJC_LITERAL_CONVERSION = YES;
				CLANG_WARN_OBJC_ROOT_CLASS = YES_ERROR;
				CLANG_WARN_RANGE_LOOP_ANALYSIS = YES;
				CLANG_WARN_STRICT_PROTOTYPES = YES;
				CLANG_WARN_SUSPICIOUS_MOVE = YES;
				CLANG_WARN_SUSPICIOUS_MOVES = YES;
				CLANG_WARN_UNREACHABLE_CODE = YES;
				CLANG_WARN__DUPLICATE_METHOD_MATCH = YES;
				"CODE_SIGN_IDENTITY[sdk=iphoneos*]" = "iPhone Developer";
				COPY_PHASE_STRIP = NO;
				DEBUG_INFORMATION_FORMAT = dwarf;
				ENABLE_STRICT_OBJC_MSGSEND = YES;
				ENABLE_TESTABILITY = YES;
				GCC_C_LANGUAGE_STANDARD = gnu99;
				GCC_DYNAMIC_NO_PIC = NO;
				GCC_NO_COMMON_BLOCKS = YES;
				GCC_OPTIMIZATION_LEVEL = 0;
				GCC_PREPROCESSOR_DEFINITIONS = (
					"DEBUG=1",
					"$(inherited)",
				);
				GCC_WARN_64_TO_32_BIT_CONVERSION = YES;
				GCC_WARN_ABOUT_RETURN_TYPE = YES_ERROR;
				GCC_WARN_UNDECLARED_SELECTOR = YES;
				GCC_WARN_UNINITIALIZED_AUTOS = YES_AGGRESSIVE;
				GCC_WARN_UNUSED_FUNCTION = YES;
				GCC_WARN_UNUSED_VARIABLE = YES;
				IPHONEOS_DEPLOYMENT_TARGET = 9.0;
				MTL_ENABLE_DEBUG_INFO = YES;
				ONLY_ACTIVE_ARCH = YES;
				OTHER_CFLAGS = "-fembed-bitcode";
				SDKROOT = iphoneos;
				SWIFT_ACTIVE_COMPILATION_CONDITIONS = DEBUG;
				SWIFT_OPTIMIZATION_LEVEL = "-Onone";
				SWIFT_SWIFT3_OBJC_INFERENCE = Default;
				SWIFT_VERSION = 4.0;
			};
			name = Debug;
		};
		F204B79E1DF2EFA3000F4371 /* Release */ = {
			isa = XCBuildConfiguration;
			buildSettings = {
				ALWAYS_SEARCH_USER_PATHS = NO;
				CLANG_ANALYZER_LOCALIZABILITY_NONLOCALIZED = YES;
				CLANG_ANALYZER_NONNULL = YES;
				CLANG_CXX_LANGUAGE_STANDARD = "gnu++0x";
				CLANG_CXX_LIBRARY = "libc++";
				CLANG_ENABLE_MODULES = YES;
				CLANG_ENABLE_OBJC_ARC = YES;
				CLANG_WARN_BLOCK_CAPTURE_AUTORELEASING = YES;
				CLANG_WARN_BOOL_CONVERSION = YES;
				CLANG_WARN_COMMA = YES;
				CLANG_WARN_CONSTANT_CONVERSION = YES;
				CLANG_WARN_DEPRECATED_OBJC_IMPLEMENTATIONS = YES;
				CLANG_WARN_DIRECT_OBJC_ISA_USAGE = YES_ERROR;
				CLANG_WARN_DOCUMENTATION_COMMENTS = YES;
				CLANG_WARN_EMPTY_BODY = YES;
				CLANG_WARN_ENUM_CONVERSION = YES;
				CLANG_WARN_INFINITE_RECURSION = YES;
				CLANG_WARN_INT_CONVERSION = YES;
				CLANG_WARN_NON_LITERAL_NULL_CONVERSION = YES;
				CLANG_WARN_OBJC_IMPLICIT_RETAIN_SELF = YES;
				CLANG_WARN_OBJC_LITERAL_CONVERSION = YES;
				CLANG_WARN_OBJC_ROOT_CLASS = YES_ERROR;
				CLANG_WARN_RANGE_LOOP_ANALYSIS = YES;
				CLANG_WARN_STRICT_PROTOTYPES = YES;
				CLANG_WARN_SUSPICIOUS_MOVE = YES;
				CLANG_WARN_SUSPICIOUS_MOVES = YES;
				CLANG_WARN_UNREACHABLE_CODE = YES;
				CLANG_WARN__DUPLICATE_METHOD_MATCH = YES;
				"CODE_SIGN_IDENTITY[sdk=iphoneos*]" = "iPhone Developer";
				COPY_PHASE_STRIP = NO;
				DEBUG_INFORMATION_FORMAT = "dwarf-with-dsym";
				ENABLE_NS_ASSERTIONS = NO;
				ENABLE_STRICT_OBJC_MSGSEND = YES;
				GCC_C_LANGUAGE_STANDARD = gnu99;
				GCC_NO_COMMON_BLOCKS = YES;
				GCC_WARN_64_TO_32_BIT_CONVERSION = YES;
				GCC_WARN_ABOUT_RETURN_TYPE = YES_ERROR;
				GCC_WARN_UNDECLARED_SELECTOR = YES;
				GCC_WARN_UNINITIALIZED_AUTOS = YES_AGGRESSIVE;
				GCC_WARN_UNUSED_FUNCTION = YES;
				GCC_WARN_UNUSED_VARIABLE = YES;
				IPHONEOS_DEPLOYMENT_TARGET = 9.0;
				MTL_ENABLE_DEBUG_INFO = NO;
				OTHER_CFLAGS = "-fembed-bitcode";
				SDKROOT = iphoneos;
				SWIFT_OPTIMIZATION_LEVEL = "-Owholemodule";
				SWIFT_SWIFT3_OBJC_INFERENCE = Default;
				SWIFT_VERSION = 4.0;
				VALIDATE_PRODUCT = YES;
			};
			name = Release;
		};
		F204B7A01DF2EFA3000F4371 /* Debug */ = {
			isa = XCBuildConfiguration;
			baseConfigurationReference = 86B86D7A56B4C14974785282 /* Pods-NearbyWeather.debug.xcconfig */;
			buildSettings = {
				ASSETCATALOG_COMPILER_APPICON_NAME = AppIcon;
				CLANG_ENABLE_MODULES = YES;
				CODE_SIGN_ENTITLEMENTS = NearbyWeather/NearbyWeather.entitlements;
				CODE_SIGN_IDENTITY = "Apple Development: Erik Maximilian Martens (C929JV4AQN)";
				CODE_SIGN_STYLE = Manual;
				CURRENT_PROJECT_VERSION = 15;
				DEVELOPMENT_TEAM = VDPU24L36V;
				INFOPLIST_FILE = NearbyWeather/Info.plist;
				IPHONEOS_DEPLOYMENT_TARGET = 11.0;
				LD_RUNPATH_SEARCH_PATHS = "$(inherited) @executable_path/Frameworks";
				MARKETING_VERSION = 2.0;
				PRODUCT_BUNDLE_IDENTIFIER = de.erikmaximilianmartens.NearbyWeather;
				PRODUCT_NAME = "$(TARGET_NAME)";
				PROVISIONING_PROFILE_SPECIFIER = "match Development de.erikmaximilianmartens.NearbyWeather";
				SWIFT_OBJC_BRIDGING_HEADER = "NearbyWeather/NearbyWeather-Bridging-Header.h";
				SWIFT_OPTIMIZATION_LEVEL = "-Onone";
				SWIFT_VERSION = 5.0;
				VERSIONING_SYSTEM = "apple-generic";
			};
			name = Debug;
		};
		F204B7A11DF2EFA3000F4371 /* Release */ = {
			isa = XCBuildConfiguration;
			baseConfigurationReference = E8CA978255B14F0FB5D6423C /* Pods-NearbyWeather.release.xcconfig */;
			buildSettings = {
				ASSETCATALOG_COMPILER_APPICON_NAME = AppIcon;
				CLANG_ENABLE_MODULES = YES;
				CODE_SIGN_ENTITLEMENTS = NearbyWeather/NearbyWeather.entitlements;
				CODE_SIGN_IDENTITY = "Apple Distribution: Erik Maximilian Martens (VDPU24L36V)";
				CODE_SIGN_STYLE = Manual;
				CURRENT_PROJECT_VERSION = 15;
				DEVELOPMENT_TEAM = VDPU24L36V;
				INFOPLIST_FILE = NearbyWeather/Info.plist;
				IPHONEOS_DEPLOYMENT_TARGET = 11.0;
				LD_RUNPATH_SEARCH_PATHS = "$(inherited) @executable_path/Frameworks";
				MARKETING_VERSION = 2.0;
				PRODUCT_BUNDLE_IDENTIFIER = de.erikmaximilianmartens.NearbyWeather;
				PRODUCT_NAME = "$(TARGET_NAME)";
				PROVISIONING_PROFILE_SPECIFIER = "match AppStore de.erikmaximilianmartens.NearbyWeather";
				SWIFT_OBJC_BRIDGING_HEADER = "NearbyWeather/NearbyWeather-Bridging-Header.h";
				SWIFT_VERSION = 5.0;
				VERSIONING_SYSTEM = "apple-generic";
			};
			name = Release;
		};
		F204B7A31DF2EFA3000F4371 /* Debug */ = {
			isa = XCBuildConfiguration;
			baseConfigurationReference = 8EBEB79ADD1D6F97DC589EE8 /* Pods-NearbyWeatherTests.debug.xcconfig */;
			buildSettings = {
				ALWAYS_EMBED_SWIFT_STANDARD_LIBRARIES = "$(inherited)";
				BUNDLE_LOADER = "$(TEST_HOST)";
				DEVELOPMENT_TEAM = VDPU24L36V;
				INFOPLIST_FILE = NearbyWeatherTests/Info.plist;
				LD_RUNPATH_SEARCH_PATHS = "$(inherited) @executable_path/Frameworks @loader_path/Frameworks";
				PRODUCT_BUNDLE_IDENTIFIER = de.erikmaximilianmartens.NearbyWeatherTests;
				PRODUCT_NAME = "$(TARGET_NAME)";
				SWIFT_VERSION = 5.0;
				TEST_HOST = "$(BUILT_PRODUCTS_DIR)/NearbyWeather.app/NearbyWeather";
			};
			name = Debug;
		};
		F204B7A41DF2EFA3000F4371 /* Release */ = {
			isa = XCBuildConfiguration;
			baseConfigurationReference = C0764FBC231F8671E702A7CE /* Pods-NearbyWeatherTests.release.xcconfig */;
			buildSettings = {
				ALWAYS_EMBED_SWIFT_STANDARD_LIBRARIES = "$(inherited)";
				BUNDLE_LOADER = "$(TEST_HOST)";
				DEVELOPMENT_TEAM = VDPU24L36V;
				INFOPLIST_FILE = NearbyWeatherTests/Info.plist;
				LD_RUNPATH_SEARCH_PATHS = "$(inherited) @executable_path/Frameworks @loader_path/Frameworks";
				PRODUCT_BUNDLE_IDENTIFIER = de.erikmaximilianmartens.NearbyWeatherTests;
				PRODUCT_NAME = "$(TARGET_NAME)";
				SWIFT_VERSION = 5.0;
				TEST_HOST = "$(BUILT_PRODUCTS_DIR)/NearbyWeather.app/NearbyWeather";
			};
			name = Release;
		};
		F204B7A61DF2EFA3000F4371 /* Debug */ = {
			isa = XCBuildConfiguration;
			buildSettings = {
				ALWAYS_EMBED_SWIFT_STANDARD_LIBRARIES = "$(inherited)";
				DEVELOPMENT_TEAM = VDPU24L36V;
				INFOPLIST_FILE = NearbyWeatherUITests/Info.plist;
				LD_RUNPATH_SEARCH_PATHS = "$(inherited) @executable_path/Frameworks @loader_path/Frameworks";
				PRODUCT_BUNDLE_IDENTIFIER = de.erikmaximilianmartens.NearbyWeatherUITests;
				PRODUCT_NAME = "$(TARGET_NAME)";
				SWIFT_VERSION = 5.0;
				TEST_TARGET_NAME = NearbyWeather;
			};
			name = Debug;
		};
		F204B7A71DF2EFA3000F4371 /* Release */ = {
			isa = XCBuildConfiguration;
			buildSettings = {
				ALWAYS_EMBED_SWIFT_STANDARD_LIBRARIES = "$(inherited)";
				DEVELOPMENT_TEAM = VDPU24L36V;
				INFOPLIST_FILE = NearbyWeatherUITests/Info.plist;
				LD_RUNPATH_SEARCH_PATHS = "$(inherited) @executable_path/Frameworks @loader_path/Frameworks";
				PRODUCT_BUNDLE_IDENTIFIER = de.erikmaximilianmartens.NearbyWeatherUITests;
				PRODUCT_NAME = "$(TARGET_NAME)";
				SWIFT_VERSION = 5.0;
				TEST_TARGET_NAME = NearbyWeather;
			};
			name = Release;
		};
/* End XCBuildConfiguration section */

/* Begin XCConfigurationList section */
		F204B7721DF2EFA3000F4371 /* Build configuration list for PBXProject "NearbyWeather" */ = {
			isa = XCConfigurationList;
			buildConfigurations = (
				F204B79D1DF2EFA3000F4371 /* Debug */,
				F204B79E1DF2EFA3000F4371 /* Release */,
			);
			defaultConfigurationIsVisible = 0;
			defaultConfigurationName = Release;
		};
		F204B79F1DF2EFA3000F4371 /* Build configuration list for PBXNativeTarget "NearbyWeather" */ = {
			isa = XCConfigurationList;
			buildConfigurations = (
				F204B7A01DF2EFA3000F4371 /* Debug */,
				F204B7A11DF2EFA3000F4371 /* Release */,
			);
			defaultConfigurationIsVisible = 0;
			defaultConfigurationName = Release;
		};
		F204B7A21DF2EFA3000F4371 /* Build configuration list for PBXNativeTarget "NearbyWeatherTests" */ = {
			isa = XCConfigurationList;
			buildConfigurations = (
				F204B7A31DF2EFA3000F4371 /* Debug */,
				F204B7A41DF2EFA3000F4371 /* Release */,
			);
			defaultConfigurationIsVisible = 0;
			defaultConfigurationName = Release;
		};
		F204B7A51DF2EFA3000F4371 /* Build configuration list for PBXNativeTarget "NearbyWeatherUITests" */ = {
			isa = XCConfigurationList;
			buildConfigurations = (
				F204B7A61DF2EFA3000F4371 /* Debug */,
				F204B7A71DF2EFA3000F4371 /* Release */,
			);
			defaultConfigurationIsVisible = 0;
			defaultConfigurationName = Release;
		};
/* End XCConfigurationList section */
	};
	rootObject = F204B76F1DF2EFA3000F4371 /* Project object */;
}
