// !$*UTF8*$!
{
	archiveVersion = 1;
	classes = {
	};
	objectVersion = 46;
	objects = {

/* Begin PBXBuildFile section */
		86830392217BBA5D00B7122E /* BadgeService.swift in Sources */ = {isa = PBXBuildFile; fileRef = 86830391217BBA5D00B7122E /* BadgeService.swift */; };
		86830394217BBAE400B7122E /* PermissionsService.swift in Sources */ = {isa = PBXBuildFile; fileRef = 86830393217BBAE400B7122E /* PermissionsService.swift */; };
		F204B77B1DF2EFA3000F4371 /* AppDelegate.swift in Sources */ = {isa = PBXBuildFile; fileRef = F204B77A1DF2EFA3000F4371 /* AppDelegate.swift */; };
		F204B7821DF2EFA3000F4371 /* Assets.xcassets in Resources */ = {isa = PBXBuildFile; fileRef = F204B7811DF2EFA3000F4371 /* Assets.xcassets */; };
		F204B7851DF2EFA3000F4371 /* LaunchScreen.storyboard in Resources */ = {isa = PBXBuildFile; fileRef = F204B7831DF2EFA3000F4371 /* LaunchScreen.storyboard */; };
		F204B7901DF2EFA3000F4371 /* NearbyWeatherTests.swift in Sources */ = {isa = PBXBuildFile; fileRef = F204B78F1DF2EFA3000F4371 /* NearbyWeatherTests.swift */; };
		F204B79B1DF2EFA3000F4371 /* NearbyWeatherUITests.swift in Sources */ = {isa = PBXBuildFile; fileRef = F204B79A1DF2EFA3000F4371 /* NearbyWeatherUITests.swift */; };
		F204B7B01DF2F1BC000F4371 /* Localizable.strings in Resources */ = {isa = PBXBuildFile; fileRef = F204B7B21DF2F1BC000F4371 /* Localizable.strings */; };
		F204B7BD1DF35610000F4371 /* SettingsTableViewController.swift in Sources */ = {isa = PBXBuildFile; fileRef = F204B7BC1DF35610000F4371 /* SettingsTableViewController.swift */; };
		F213FA2D23F9EE1100F094D8 /* PreferencesOption.swift in Sources */ = {isa = PBXBuildFile; fileRef = F213FA2C23F9EE1100F094D8 /* PreferencesOption.swift */; };
		F213FA2F23F9EE4200F094D8 /* PreferredBookmarkOption.swift in Sources */ = {isa = PBXBuildFile; fileRef = F213FA2E23F9EE4200F094D8 /* PreferredBookmarkOption.swift */; };
		F213FA3223F9EEE300F094D8 /* SortingOrientationOption.swift in Sources */ = {isa = PBXBuildFile; fileRef = F213FA3123F9EEE300F094D8 /* SortingOrientationOption.swift */; };
		F213FA3423F9EF2400F094D8 /* TemperatureUnitOption.swift in Sources */ = {isa = PBXBuildFile; fileRef = F213FA3323F9EF2400F094D8 /* TemperatureUnitOption.swift */; };
		F213FA3723F9EF6E00F094D8 /* DistanceVelocityUnitOption.swift in Sources */ = {isa = PBXBuildFile; fileRef = F213FA3623F9EF6E00F094D8 /* DistanceVelocityUnitOption.swift */; };
		F213FA3923F9EF9A00F094D8 /* AmountOfResultsOption.swift in Sources */ = {isa = PBXBuildFile; fileRef = F213FA3823F9EF9A00F094D8 /* AmountOfResultsOption.swift */; };
		F22F99552034E4B500B7CB6B /* WeatherLocationMapAnnotationView.swift in Sources */ = {isa = PBXBuildFile; fileRef = F22F99542034E4B500B7CB6B /* WeatherLocationMapAnnotationView.swift */; };
		F22F99572037A30800B7CB6B /* locationsSQLite.sqlite in Resources */ = {isa = PBXBuildFile; fileRef = F22F99562037676B00B7CB6B /* locationsSQLite.sqlite */; };
		F237285B2444A72100964C49 /* Constants+Dimensions.swift in Sources */ = {isa = PBXBuildFile; fileRef = F237285A2444A72100964C49 /* Constants+Dimensions.swift */; };
		F237285D2444A9AD00964C49 /* Factory+UIImageView.swift in Sources */ = {isa = PBXBuildFile; fileRef = F237285C2444A9AD00964C49 /* Factory+UIImageView.swift */; };
		F237285F2444AA5600964C49 /* Factory+UILabel.swift in Sources */ = {isa = PBXBuildFile; fileRef = F237285E2444AA5600964C49 /* Factory+UILabel.swift */; };
		F23728612444AEAC00964C49 /* ImagedDualLabelCell.swift in Sources */ = {isa = PBXBuildFile; fileRef = F23728602444AEAC00964C49 /* ImagedDualLabelCell.swift */; };
		F23728632444C72800964C49 /* ImagedToggleCell.swift in Sources */ = {isa = PBXBuildFile; fileRef = F23728622444C72800964C49 /* ImagedToggleCell.swift */; };
		F237286C2445024D00964C49 /* Collection+SafeIndex.swift in Sources */ = {isa = PBXBuildFile; fileRef = F237286B2445024D00964C49 /* Collection+SafeIndex.swift */; };
		F237286F244C7D8200964C49 /* MainFlow.swift in Sources */ = {isa = PBXBuildFile; fileRef = F237286E244C7D8200964C49 /* MainFlow.swift */; };
		F2372871244C7D8C00964C49 /* MainStepper.swift in Sources */ = {isa = PBXBuildFile; fileRef = F2372870244C7D8C00964C49 /* MainStepper.swift */; };
		F2372876244C7F1B00964C49 /* ListFlow.swift in Sources */ = {isa = PBXBuildFile; fileRef = F2372875244C7F1B00964C49 /* ListFlow.swift */; };
		F2372878244C7F2E00964C49 /* MapFlow.swift in Sources */ = {isa = PBXBuildFile; fileRef = F2372877244C7F2E00964C49 /* MapFlow.swift */; };
		F237287A244C7FDD00964C49 /* SettingsFlow.swift in Sources */ = {isa = PBXBuildFile; fileRef = F2372879244C7FDD00964C49 /* SettingsFlow.swift */; };
		F237287C244C800400964C49 /* ListStepper.swift in Sources */ = {isa = PBXBuildFile; fileRef = F237287B244C800400964C49 /* ListStepper.swift */; };
		F237287E244C801000964C49 /* MapStepper.swift in Sources */ = {isa = PBXBuildFile; fileRef = F237287D244C801000964C49 /* MapStepper.swift */; };
		F2372880244C802900964C49 /* SettingsStepper.swift in Sources */ = {isa = PBXBuildFile; fileRef = F237287F244C802900964C49 /* SettingsStepper.swift */; };
		F2372882244C82B200964C49 /* Constants+Theme.Color.swift in Sources */ = {isa = PBXBuildFile; fileRef = F2372881244C82B200964C49 /* Constants+Theme.Color.swift */; };
		F2372885244C90EE00964C49 /* WelcomeFlow.swift in Sources */ = {isa = PBXBuildFile; fileRef = F2372884244C90EE00964C49 /* WelcomeFlow.swift */; };
		F2372887244C90FF00964C49 /* WelcomeStepper.swift in Sources */ = {isa = PBXBuildFile; fileRef = F2372886244C90FF00964C49 /* WelcomeStepper.swift */; };
		F237288A244C934100964C49 /* WeatherDetailFlow.swift in Sources */ = {isa = PBXBuildFile; fileRef = F2372889244C934100964C49 /* WeatherDetailFlow.swift */; };
		F237288C244C934E00964C49 /* WeatherDetailStepper.swift in Sources */ = {isa = PBXBuildFile; fileRef = F237288B244C934E00964C49 /* WeatherDetailStepper.swift */; };
		F237288E244C93BD00964C49 /* Factory+UINavigationController.swift in Sources */ = {isa = PBXBuildFile; fileRef = F237288D244C93BD00964C49 /* Factory+UINavigationController.swift */; };
		F2372891244CAAF400964C49 /* RootFlow.swift in Sources */ = {isa = PBXBuildFile; fileRef = F2372890244CAAF400964C49 /* RootFlow.swift */; };
		F2372893244CAB0A00964C49 /* RootStepper.swift in Sources */ = {isa = PBXBuildFile; fileRef = F2372892244CAB0A00964C49 /* RootStepper.swift */; };
		F25A396F2187A6DA0054BC7A /* DevelopmentContributorDTO.swift in Sources */ = {isa = PBXBuildFile; fileRef = F25A396E2187A6DA0054BC7A /* DevelopmentContributorDTO.swift */; };
		F25A39712187AA5A0054BC7A /* ProjectContributors.json in Resources */ = {isa = PBXBuildFile; fileRef = F25A39702187AA5A0054BC7A /* ProjectContributors.json */; };
		F25A39732187B1B00054BC7A /* ThirdPartyLibraryDTO.swift in Sources */ = {isa = PBXBuildFile; fileRef = F25A39722187B1B00054BC7A /* ThirdPartyLibraryDTO.swift */; };
		F25A39752187B3F90054BC7A /* ThirdPartyLibraries.json in Resources */ = {isa = PBXBuildFile; fileRef = F25A39742187B3F80054BC7A /* ThirdPartyLibraries.json */; };
		F260BDA8244CF0DD00B4357A /* AppVersionCell.swift in Sources */ = {isa = PBXBuildFile; fileRef = F260BDA7244CF0DD00B4357A /* AppVersionCell.swift */; };
		F260BDAA244CF3CB00B4357A /* ReuseIdentifiable.swift in Sources */ = {isa = PBXBuildFile; fileRef = F260BDA9244CF3CB00B4357A /* ReuseIdentifiable.swift */; };
		F260BDAC244CFAE500B4357A /* Bundle+AppIcon.swift in Sources */ = {isa = PBXBuildFile; fileRef = F260BDAB244CFAE500B4357A /* Bundle+AppIcon.swift */; };
		F260C4431F9D4883000D2BC0 /* UINavigationController+Extensions.swift in Sources */ = {isa = PBXBuildFile; fileRef = F260C4421F9D4883000D2BC0 /* UINavigationController+Extensions.swift */; };
		F26699581E9AD0F100498F99 /* WeatherDataService.swift in Sources */ = {isa = PBXBuildFile; fileRef = F26699571E9AD0F100498F99 /* WeatherDataService.swift */; };
		F266995A1E9ADBC300498F99 /* UserLocationService.swift in Sources */ = {isa = PBXBuildFile; fileRef = F26699591E9ADBC300498F99 /* UserLocationService.swift */; };
		F26A6D5E20FB6E610033BC49 /* R.generated.swift in Sources */ = {isa = PBXBuildFile; fileRef = F26A6D5D20FB6E610033BC49 /* R.generated.swift */; };
		F26A6D6020FB70DD0033BC49 /* WeatherDetail.storyboard in Resources */ = {isa = PBXBuildFile; fileRef = F26A6D5F20FB70DD0033BC49 /* WeatherDetail.storyboard */; };
		F273254C2032051F00A1DBD1 /* ButtonCell.swift in Sources */ = {isa = PBXBuildFile; fileRef = F273254B2032051F00A1DBD1 /* ButtonCell.swift */; };
		F273254E20320F4E00A1DBD1 /* SubtitleCell.swift in Sources */ = {isa = PBXBuildFile; fileRef = F273254D20320F4E00A1DBD1 /* SubtitleCell.swift */; };
		F273EF642444967C0085DB3F /* ImagedSingleLabelCell.swift in Sources */ = {isa = PBXBuildFile; fileRef = F273EF632444967C0085DB3F /* ImagedSingleLabelCell.swift */; };
		F274FC39202F9A9300049144 /* WeatherNetworkingService.swift in Sources */ = {isa = PBXBuildFile; fileRef = F274FC38202F9A9300049144 /* WeatherNetworkingService.swift */; };
		F274FC3B2030ED5A00049144 /* PreferencesDataService.swift in Sources */ = {isa = PBXBuildFile; fileRef = F274FC3A2030ED5A00049144 /* PreferencesDataService.swift */; };
		F27A1215243BBC8C00A2CE8D /* GoogleService-Info.plist in Resources */ = {isa = PBXBuildFile; fileRef = F27A1214243BBC8C00A2CE8D /* GoogleService-Info.plist */; };
		F27AFDEC1DF4C089003957EB /* WeatherDataCell.swift in Sources */ = {isa = PBXBuildFile; fileRef = F27AFDEB1DF4C089003957EB /* WeatherDataCell.swift */; };
		F27AFDF01DF4D36C003957EB /* SettingsInputTableViewController.swift in Sources */ = {isa = PBXBuildFile; fileRef = F27AFDEF1DF4D36C003957EB /* SettingsInputTableViewController.swift */; };
		F283D26E1DF39095001B879D /* DualLabelCell.swift in Sources */ = {isa = PBXBuildFile; fileRef = F283D26D1DF39095001B879D /* DualLabelCell.swift */; };
		F283D2731DF393B2001B879D /* InfoPlist.strings in Resources */ = {isa = PBXBuildFile; fileRef = F283D2751DF393B2001B879D /* InfoPlist.strings */; };
		F28CA5392016A1BA00209397 /* MapViewController.swift in Sources */ = {isa = PBXBuildFile; fileRef = F28CA5382016A1BA00209397 /* MapViewController.swift */; };
		F28CA53D202622C200209397 /* ToggleCell.swift in Sources */ = {isa = PBXBuildFile; fileRef = F28CA53C202622C200209397 /* ToggleCell.swift */; };
		F28CA54120279EE300209397 /* WeatherDetailViewController.swift in Sources */ = {isa = PBXBuildFile; fileRef = F28CA54020279EE300209397 /* WeatherDetailViewController.swift */; };
		F28CA5442027AEB500209397 /* WeatherLocationMapAnnotation.swift in Sources */ = {isa = PBXBuildFile; fileRef = F28CA5432027AEB500209397 /* WeatherLocationMapAnnotation.swift */; };
		F28CE9661F96B537008319C4 /* UINavigationBar+Extensions.swift in Sources */ = {isa = PBXBuildFile; fileRef = F28CE9651F96B537008319C4 /* UINavigationBar+Extensions.swift */; };
		F28CE9681F9A9893008319C4 /* ListViewController.swift in Sources */ = {isa = PBXBuildFile; fileRef = F28CE9671F9A9893008319C4 /* ListViewController.swift */; };
		F28CE96A1F9AA829008319C4 /* UIView+Extensions.swift in Sources */ = {isa = PBXBuildFile; fileRef = F28CE9691F9AA829008319C4 /* UIView+Extensions.swift */; };
		F28DA8612042258500879E6C /* WeatherLocationManagementTableViewController.swift in Sources */ = {isa = PBXBuildFile; fileRef = F28DA8602042258500879E6C /* WeatherLocationManagementTableViewController.swift */; };
		F2A5CAA62005762A0071BFFB /* ConversionWorker.swift in Sources */ = {isa = PBXBuildFile; fileRef = F2A5CAA52005762A0071BFFB /* ConversionWorker.swift */; };
		F2A5CAAC200D51870071BFFB /* UINavigationItem+Extensions.swift in Sources */ = {isa = PBXBuildFile; fileRef = F2A5CAAB200D51870071BFFB /* UINavigationItem+Extensions.swift */; };
		F2ADB75120FE7014009C9547 /* UIViewController+Extensions.swift in Sources */ = {isa = PBXBuildFile; fileRef = F2ADB75020FE7014009C9547 /* UIViewController+Extensions.swift */; };
		F2B8EA001EA11BA800704E90 /* WeatherDataDTO.swift in Sources */ = {isa = PBXBuildFile; fileRef = F2B8E9FF1EA11BA800704E90 /* WeatherDataDTO.swift */; };
		F2B8EA021EA121CC00704E90 /* AlertCell.swift in Sources */ = {isa = PBXBuildFile; fileRef = F2B8EA011EA121CC00704E90 /* AlertCell.swift */; };
		F2B8EA061EA2893C00704E90 /* SetApiKeyViewController.swift in Sources */ = {isa = PBXBuildFile; fileRef = F2B8EA051EA2893C00704E90 /* SetApiKeyViewController.swift */; };
		F2B8EA081EA2A7AB00704E90 /* SetPermissionsViewController.swift in Sources */ = {isa = PBXBuildFile; fileRef = F2B8EA071EA2A7AB00704E90 /* SetPermissionsViewController.swift */; };
		F2B8EA0E1EA37BE800704E90 /* AboutAppTableViewController.swift in Sources */ = {isa = PBXBuildFile; fileRef = F2B8EA0D1EA37BE800704E90 /* AboutAppTableViewController.swift */; };
		F2C4E14623F355370008B0F7 /* Date+String.swift in Sources */ = {isa = PBXBuildFile; fileRef = F2C4E14523F355370008B0F7 /* Date+String.swift */; };
		F2C4E14923F98A4C0008B0F7 /* EmptyListViewController.swift in Sources */ = {isa = PBXBuildFile; fileRef = F2C4E14823F98A4C0008B0F7 /* EmptyListViewController.swift */; };
		F2C4E14B23F98AA50008B0F7 /* EmptyList.storyboard in Resources */ = {isa = PBXBuildFile; fileRef = F2C4E14A23F98AA50008B0F7 /* EmptyList.storyboard */; };
		F2D2B1E02004171500C810EF /* DataStorageWorker.swift in Sources */ = {isa = PBXBuildFile; fileRef = F2D2B1DF2004171500C810EF /* DataStorageWorker.swift */; };
		F2DBEADA23E4C28C00CD513B /* Constants+URLs.swift in Sources */ = {isa = PBXBuildFile; fileRef = F2DBEAD923E4C28C00CD513B /* Constants+URLs.swift */; };
		F2DBEADC23E4CF7900CD513B /* Constants.swift in Sources */ = {isa = PBXBuildFile; fileRef = F2DBEADB23E4CF7900CD513B /* Constants.swift */; };
		F2DBEADE23E4D46700CD513B /* WeatherDataCell.xib in Resources */ = {isa = PBXBuildFile; fileRef = F2DBEADD23E4D46700CD513B /* WeatherDataCell.xib */; };
		F2DBEAE023E4D66100CD513B /* AlertCell.xib in Resources */ = {isa = PBXBuildFile; fileRef = F2DBEADF23E4D66100CD513B /* AlertCell.xib */; };
		F2DBEAE223E4D71700CD513B /* DualLabelCell.xib in Resources */ = {isa = PBXBuildFile; fileRef = F2DBEAE123E4D71700CD513B /* DualLabelCell.xib */; };
		F2DBEAE423E4D9D200CD513B /* SingleLabelCell.xib in Resources */ = {isa = PBXBuildFile; fileRef = F2DBEAE323E4D9D200CD513B /* SingleLabelCell.xib */; };
		F2DBEAE623E4DC6A00CD513B /* ToggleCell.xib in Resources */ = {isa = PBXBuildFile; fileRef = F2DBEAE523E4DC6A00CD513B /* ToggleCell.xib */; };
		F2DBEAEA23E4DE1100CD513B /* SubtitleCell.xib in Resources */ = {isa = PBXBuildFile; fileRef = F2DBEAE923E4DE1100CD513B /* SubtitleCell.xib */; };
		F2DBEAF123E5F98200CD513B /* TextInputCell.swift in Sources */ = {isa = PBXBuildFile; fileRef = F2DBEAF023E5F98200CD513B /* TextInputCell.swift */; };
		F2DBEAF323E5F9B000CD513B /* TextInputCell.xib in Resources */ = {isa = PBXBuildFile; fileRef = F2DBEAF223E5F9B000CD513B /* TextInputCell.xib */; };
		F2DBEAFC23E8C88E00CD513B /* Array+AppendSafe.swift in Sources */ = {isa = PBXBuildFile; fileRef = F2DBEAFB23E8C88E00CD513B /* Array+AppendSafe.swift */; };
		F2DBEB0823E8DDF600CD513B /* SetApiKey.storyboard in Resources */ = {isa = PBXBuildFile; fileRef = F2DBEB0723E8DDF600CD513B /* SetApiKey.storyboard */; };
		F2DBEB0B23E8DE0E00CD513B /* SetPermissions.storyboard in Resources */ = {isa = PBXBuildFile; fileRef = F2DBEB0A23E8DE0E00CD513B /* SetPermissions.storyboard */; };
		F2DBEB2E23F0386B00CD513B /* Factory.swift in Sources */ = {isa = PBXBuildFile; fileRef = F2DBEB2D23F0386B00CD513B /* Factory.swift */; };
		F2DBEB3023F038BE00CD513B /* Constants+Theme.swift in Sources */ = {isa = PBXBuildFile; fileRef = F2DBEB2F23F038BE00CD513B /* Constants+Theme.swift */; };
		F2DBEB3223F03A9800CD513B /* UIColor+SemanticInitializer.swift in Sources */ = {isa = PBXBuildFile; fileRef = F2DBEB3123F03A9800CD513B /* UIColor+SemanticInitializer.swift */; };
		F2DBEB3423F0427000CD513B /* Factory+UIAlertController.swift in Sources */ = {isa = PBXBuildFile; fileRef = F2DBEB3323F0427000CD513B /* Factory+UIAlertController.swift */; };
		F2DBEB3623F04E9D00CD513B /* MKMapType+AllCases.swift in Sources */ = {isa = PBXBuildFile; fileRef = F2DBEB3523F04E9D00CD513B /* MKMapType+AllCases.swift */; };
		F2E7237823DE064D001189F5 /* ProjectOwner.json in Resources */ = {isa = PBXBuildFile; fileRef = F2E7237723DE064D001189F5 /* ProjectOwner.json */; };
		F2E7237A23DE2857001189F5 /* SingleLabelCell.swift in Sources */ = {isa = PBXBuildFile; fileRef = F2E7237923DE2857001189F5 /* SingleLabelCell.swift */; };
		F2E7238123E0F044001189F5 /* Constants+Keys.swift in Sources */ = {isa = PBXBuildFile; fileRef = F2E7238023E0F044001189F5 /* Constants+Keys.swift */; };
		F2F1553E244278D4007A3E90 /* ErrorDataDTO.swift in Sources */ = {isa = PBXBuildFile; fileRef = F2F1553D244278D4007A3E90 /* ErrorDataDTO.swift */; };
		F2F1554024432A5D007A3E90 /* String+AppendWithDelimiter.swift in Sources */ = {isa = PBXBuildFile; fileRef = F2F1553F24432A5D007A3E90 /* String+AppendWithDelimiter.swift */; };
		F2F1554324435E55007A3E90 /* Settings.bundle in Resources */ = {isa = PBXBuildFile; fileRef = F2F1554224435E55007A3E90 /* Settings.bundle */; };
		F2F15545244389E8007A3E90 /* SettingsBundleTransferService.swift in Sources */ = {isa = PBXBuildFile; fileRef = F2F15544244389E8007A3E90 /* SettingsBundleTransferService.swift */; };
		F2F155492443BB0D007A3E90 /* UnitedStatesOfAmericaStatesList.swift in Sources */ = {isa = PBXBuildFile; fileRef = F2F155482443BB0D007A3E90 /* UnitedStatesOfAmericaStatesList.swift */; };
		F2F1554B2443C438007A3E90 /* Factory+UIButton.swift in Sources */ = {isa = PBXBuildFile; fileRef = F2F1554A2443C438007A3E90 /* Factory+UIButton.swift */; };
		F2F1554D2443C842007A3E90 /* UIView+AddSubview.swift in Sources */ = {isa = PBXBuildFile; fileRef = F2F1554C2443C842007A3E90 /* UIView+AddSubview.swift */; };
		F2F7BA1623E0FB2D00B4D2EB /* BuildEnvironment.m in Sources */ = {isa = PBXBuildFile; fileRef = F2F7BA1523E0FB2D00B4D2EB /* BuildEnvironment.m */; };
		F2F7BA1923E0FBEB00B4D2EB /* GlobalFunctions.swift in Sources */ = {isa = PBXBuildFile; fileRef = F2F7BA1823E0FBEB00B4D2EB /* GlobalFunctions.swift */; };
		F2F7BA1B23E3706100B4D2EB /* Constants+Messages.swift in Sources */ = {isa = PBXBuildFile; fileRef = F2F7BA1A23E3706100B4D2EB /* Constants+Messages.swift */; };
		F2F7BA1D23E373DD00B4D2EB /* Constants+Labels.swift in Sources */ = {isa = PBXBuildFile; fileRef = F2F7BA1C23E373DD00B4D2EB /* Constants+Labels.swift */; };
		F2F7BA1F23E3792F00B4D2EB /* Constants+Mocks.swift in Sources */ = {isa = PBXBuildFile; fileRef = F2F7BA1E23E3792F00B4D2EB /* Constants+Mocks.swift */; };
		F2F7BA2123E37A9C00B4D2EB /* Constants+Values.swift in Sources */ = {isa = PBXBuildFile; fileRef = F2F7BA2023E37A9C00B4D2EB /* Constants+Values.swift */; };
		F2FE3EFF20027EB400EBC429 /* WeatherStationDTO.swift in Sources */ = {isa = PBXBuildFile; fileRef = F2FE3EFE20027EB400EBC429 /* WeatherStationDTO.swift */; };
		F2FE3F01200285B100EBC429 /* WeatherStationService.swift in Sources */ = {isa = PBXBuildFile; fileRef = F2FE3F00200285B100EBC429 /* WeatherStationService.swift */; };
		F2FE3F032002972800EBC429 /* WeatherLocationSelectionTableViewController.swift in Sources */ = {isa = PBXBuildFile; fileRef = F2FE3F022002972800EBC429 /* WeatherLocationSelectionTableViewController.swift */; };
/* End PBXBuildFile section */

/* Begin PBXContainerItemProxy section */
		F204B78C1DF2EFA3000F4371 /* PBXContainerItemProxy */ = {
			isa = PBXContainerItemProxy;
			containerPortal = F204B76F1DF2EFA3000F4371 /* Project object */;
			proxyType = 1;
			remoteGlobalIDString = F204B7761DF2EFA3000F4371;
			remoteInfo = NearbyWeather;
		};
		F204B7971DF2EFA3000F4371 /* PBXContainerItemProxy */ = {
			isa = PBXContainerItemProxy;
			containerPortal = F204B76F1DF2EFA3000F4371 /* Project object */;
			proxyType = 1;
			remoteGlobalIDString = F204B7761DF2EFA3000F4371;
			remoteInfo = NearbyWeather;
		};
/* End PBXContainerItemProxy section */

/* Begin PBXFileReference section */
		5142D45C22F45DC2000E6B06 /* fr */ = {isa = PBXFileReference; lastKnownFileType = text.plist.strings; name = fr; path = fr.lproj/LaunchScreen.strings; sourceTree = "<group>"; };
		5142D45E22F45DC2000E6B06 /* fr */ = {isa = PBXFileReference; lastKnownFileType = text.plist.strings; name = fr; path = fr.lproj/Localizable.strings; sourceTree = "<group>"; };
		5142D45F22F45DC2000E6B06 /* fr */ = {isa = PBXFileReference; lastKnownFileType = text.plist.strings; name = fr; path = fr.lproj/InfoPlist.strings; sourceTree = "<group>"; };
		86830391217BBA5D00B7122E /* BadgeService.swift */ = {isa = PBXFileReference; lastKnownFileType = sourcecode.swift; path = BadgeService.swift; sourceTree = "<group>"; };
		86830393217BBAE400B7122E /* PermissionsService.swift */ = {isa = PBXFileReference; lastKnownFileType = sourcecode.swift; path = PermissionsService.swift; sourceTree = "<group>"; };
		86830395217BC28E00B7122E /* NearbyWeather.entitlements */ = {isa = PBXFileReference; lastKnownFileType = text.plist.entitlements; path = NearbyWeather.entitlements; sourceTree = "<group>"; };
		E8303A8024CB199800FD9531 /* zh-Hant */ = {isa = PBXFileReference; lastKnownFileType = text.plist.strings; name = "zh-Hant"; path = "zh-Hant.lproj/Localizable.strings"; sourceTree = "<group>"; };
		E8303A8124CB199900FD9531 /* zh-Hant */ = {isa = PBXFileReference; lastKnownFileType = text.plist.strings; name = "zh-Hant"; path = "zh-Hant.lproj/InfoPlist.strings"; sourceTree = "<group>"; };
		F204B7771DF2EFA3000F4371 /* NearbyWeather.app */ = {isa = PBXFileReference; explicitFileType = wrapper.application; includeInIndex = 0; path = NearbyWeather.app; sourceTree = BUILT_PRODUCTS_DIR; };
		F204B77A1DF2EFA3000F4371 /* AppDelegate.swift */ = {isa = PBXFileReference; lastKnownFileType = sourcecode.swift; path = AppDelegate.swift; sourceTree = "<group>"; };
		F204B7811DF2EFA3000F4371 /* Assets.xcassets */ = {isa = PBXFileReference; lastKnownFileType = folder.assetcatalog; path = Assets.xcassets; sourceTree = "<group>"; };
		F204B7841DF2EFA3000F4371 /* Base */ = {isa = PBXFileReference; lastKnownFileType = file.storyboard; name = Base; path = Base.lproj/LaunchScreen.storyboard; sourceTree = "<group>"; };
		F204B7861DF2EFA3000F4371 /* Info.plist */ = {isa = PBXFileReference; lastKnownFileType = text.plist.xml; path = Info.plist; sourceTree = "<group>"; };
		F204B78B1DF2EFA3000F4371 /* NearbyWeatherTests.xctest */ = {isa = PBXFileReference; explicitFileType = wrapper.cfbundle; includeInIndex = 0; path = NearbyWeatherTests.xctest; sourceTree = BUILT_PRODUCTS_DIR; };
		F204B78F1DF2EFA3000F4371 /* NearbyWeatherTests.swift */ = {isa = PBXFileReference; lastKnownFileType = sourcecode.swift; path = NearbyWeatherTests.swift; sourceTree = "<group>"; };
		F204B7911DF2EFA3000F4371 /* Info.plist */ = {isa = PBXFileReference; lastKnownFileType = text.plist.xml; path = Info.plist; sourceTree = "<group>"; };
		F204B7961DF2EFA3000F4371 /* NearbyWeatherUITests.xctest */ = {isa = PBXFileReference; explicitFileType = wrapper.cfbundle; includeInIndex = 0; path = NearbyWeatherUITests.xctest; sourceTree = BUILT_PRODUCTS_DIR; };
		F204B79A1DF2EFA3000F4371 /* NearbyWeatherUITests.swift */ = {isa = PBXFileReference; lastKnownFileType = sourcecode.swift; path = NearbyWeatherUITests.swift; sourceTree = "<group>"; };
		F204B79C1DF2EFA3000F4371 /* Info.plist */ = {isa = PBXFileReference; lastKnownFileType = text.plist.xml; path = Info.plist; sourceTree = "<group>"; };
		F204B7AD1DF2F19A000F4371 /* de */ = {isa = PBXFileReference; lastKnownFileType = text.plist.strings; name = de; path = de.lproj/LaunchScreen.strings; sourceTree = "<group>"; };
		F204B7B11DF2F1BC000F4371 /* Base */ = {isa = PBXFileReference; lastKnownFileType = text.plist.strings; name = Base; path = Base.lproj/Localizable.strings; sourceTree = "<group>"; };
		F204B7B31DF2F1BD000F4371 /* de */ = {isa = PBXFileReference; lastKnownFileType = text.plist.strings; name = de; path = de.lproj/Localizable.strings; sourceTree = "<group>"; };
		F204B7BC1DF35610000F4371 /* SettingsTableViewController.swift */ = {isa = PBXFileReference; fileEncoding = 4; lastKnownFileType = sourcecode.swift; path = SettingsTableViewController.swift; sourceTree = "<group>"; };
		F213FA2C23F9EE1100F094D8 /* PreferencesOption.swift */ = {isa = PBXFileReference; lastKnownFileType = sourcecode.swift; path = PreferencesOption.swift; sourceTree = "<group>"; };
		F213FA2E23F9EE4200F094D8 /* PreferredBookmarkOption.swift */ = {isa = PBXFileReference; lastKnownFileType = sourcecode.swift; path = PreferredBookmarkOption.swift; sourceTree = "<group>"; };
		F213FA3123F9EEE300F094D8 /* SortingOrientationOption.swift */ = {isa = PBXFileReference; lastKnownFileType = sourcecode.swift; path = SortingOrientationOption.swift; sourceTree = "<group>"; };
		F213FA3323F9EF2400F094D8 /* TemperatureUnitOption.swift */ = {isa = PBXFileReference; lastKnownFileType = sourcecode.swift; path = TemperatureUnitOption.swift; sourceTree = "<group>"; };
		F213FA3623F9EF6E00F094D8 /* DistanceVelocityUnitOption.swift */ = {isa = PBXFileReference; lastKnownFileType = sourcecode.swift; path = DistanceVelocityUnitOption.swift; sourceTree = "<group>"; };
		F213FA3823F9EF9A00F094D8 /* AmountOfResultsOption.swift */ = {isa = PBXFileReference; lastKnownFileType = sourcecode.swift; path = AmountOfResultsOption.swift; sourceTree = "<group>"; };
		F22F99542034E4B500B7CB6B /* WeatherLocationMapAnnotationView.swift */ = {isa = PBXFileReference; lastKnownFileType = sourcecode.swift; path = WeatherLocationMapAnnotationView.swift; sourceTree = "<group>"; };
		F22F99562037676B00B7CB6B /* locationsSQLite.sqlite */ = {isa = PBXFileReference; lastKnownFileType = file; path = locationsSQLite.sqlite; sourceTree = "<group>"; };
		F237285A2444A72100964C49 /* Constants+Dimensions.swift */ = {isa = PBXFileReference; lastKnownFileType = sourcecode.swift; path = "Constants+Dimensions.swift"; sourceTree = "<group>"; };
		F237285C2444A9AD00964C49 /* Factory+UIImageView.swift */ = {isa = PBXFileReference; lastKnownFileType = sourcecode.swift; path = "Factory+UIImageView.swift"; sourceTree = "<group>"; };
		F237285E2444AA5600964C49 /* Factory+UILabel.swift */ = {isa = PBXFileReference; lastKnownFileType = sourcecode.swift; path = "Factory+UILabel.swift"; sourceTree = "<group>"; };
		F23728602444AEAC00964C49 /* ImagedDualLabelCell.swift */ = {isa = PBXFileReference; lastKnownFileType = sourcecode.swift; path = ImagedDualLabelCell.swift; sourceTree = "<group>"; };
		F23728622444C72800964C49 /* ImagedToggleCell.swift */ = {isa = PBXFileReference; lastKnownFileType = sourcecode.swift; path = ImagedToggleCell.swift; sourceTree = "<group>"; };
		F237286B2445024D00964C49 /* Collection+SafeIndex.swift */ = {isa = PBXFileReference; lastKnownFileType = sourcecode.swift; path = "Collection+SafeIndex.swift"; sourceTree = "<group>"; };
		F237286E244C7D8200964C49 /* MainFlow.swift */ = {isa = PBXFileReference; lastKnownFileType = sourcecode.swift; path = MainFlow.swift; sourceTree = "<group>"; };
		F2372870244C7D8C00964C49 /* MainStepper.swift */ = {isa = PBXFileReference; lastKnownFileType = sourcecode.swift; path = MainStepper.swift; sourceTree = "<group>"; };
		F2372875244C7F1B00964C49 /* ListFlow.swift */ = {isa = PBXFileReference; lastKnownFileType = sourcecode.swift; path = ListFlow.swift; sourceTree = "<group>"; };
		F2372877244C7F2E00964C49 /* MapFlow.swift */ = {isa = PBXFileReference; lastKnownFileType = sourcecode.swift; path = MapFlow.swift; sourceTree = "<group>"; };
		F2372879244C7FDD00964C49 /* SettingsFlow.swift */ = {isa = PBXFileReference; lastKnownFileType = sourcecode.swift; path = SettingsFlow.swift; sourceTree = "<group>"; };
		F237287B244C800400964C49 /* ListStepper.swift */ = {isa = PBXFileReference; lastKnownFileType = sourcecode.swift; path = ListStepper.swift; sourceTree = "<group>"; };
		F237287D244C801000964C49 /* MapStepper.swift */ = {isa = PBXFileReference; lastKnownFileType = sourcecode.swift; path = MapStepper.swift; sourceTree = "<group>"; };
		F237287F244C802900964C49 /* SettingsStepper.swift */ = {isa = PBXFileReference; lastKnownFileType = sourcecode.swift; path = SettingsStepper.swift; sourceTree = "<group>"; };
		F2372881244C82B200964C49 /* Constants+Theme.Color.swift */ = {isa = PBXFileReference; lastKnownFileType = sourcecode.swift; path = "Constants+Theme.Color.swift"; sourceTree = "<group>"; };
		F2372884244C90EE00964C49 /* WelcomeFlow.swift */ = {isa = PBXFileReference; lastKnownFileType = sourcecode.swift; path = WelcomeFlow.swift; sourceTree = "<group>"; };
		F2372886244C90FF00964C49 /* WelcomeStepper.swift */ = {isa = PBXFileReference; lastKnownFileType = sourcecode.swift; path = WelcomeStepper.swift; sourceTree = "<group>"; };
		F2372889244C934100964C49 /* WeatherDetailFlow.swift */ = {isa = PBXFileReference; lastKnownFileType = sourcecode.swift; path = WeatherDetailFlow.swift; sourceTree = "<group>"; };
		F237288B244C934E00964C49 /* WeatherDetailStepper.swift */ = {isa = PBXFileReference; lastKnownFileType = sourcecode.swift; path = WeatherDetailStepper.swift; sourceTree = "<group>"; };
		F237288D244C93BD00964C49 /* Factory+UINavigationController.swift */ = {isa = PBXFileReference; lastKnownFileType = sourcecode.swift; path = "Factory+UINavigationController.swift"; sourceTree = "<group>"; };
		F2372890244CAAF400964C49 /* RootFlow.swift */ = {isa = PBXFileReference; lastKnownFileType = sourcecode.swift; path = RootFlow.swift; sourceTree = "<group>"; };
		F2372892244CAB0A00964C49 /* RootStepper.swift */ = {isa = PBXFileReference; lastKnownFileType = sourcecode.swift; path = RootStepper.swift; sourceTree = "<group>"; };
		F25A396E2187A6DA0054BC7A /* DevelopmentContributorDTO.swift */ = {isa = PBXFileReference; lastKnownFileType = sourcecode.swift; path = DevelopmentContributorDTO.swift; sourceTree = "<group>"; };
		F25A39702187AA5A0054BC7A /* ProjectContributors.json */ = {isa = PBXFileReference; fileEncoding = 4; lastKnownFileType = text.json; path = ProjectContributors.json; sourceTree = "<group>"; };
		F25A39722187B1B00054BC7A /* ThirdPartyLibraryDTO.swift */ = {isa = PBXFileReference; lastKnownFileType = sourcecode.swift; path = ThirdPartyLibraryDTO.swift; sourceTree = "<group>"; };
		F25A39742187B3F80054BC7A /* ThirdPartyLibraries.json */ = {isa = PBXFileReference; fileEncoding = 4; lastKnownFileType = text.json; path = ThirdPartyLibraries.json; sourceTree = "<group>"; };
		F260BDA7244CF0DD00B4357A /* AppVersionCell.swift */ = {isa = PBXFileReference; lastKnownFileType = sourcecode.swift; path = AppVersionCell.swift; sourceTree = "<group>"; };
		F260BDA9244CF3CB00B4357A /* ReuseIdentifiable.swift */ = {isa = PBXFileReference; lastKnownFileType = sourcecode.swift; path = ReuseIdentifiable.swift; sourceTree = "<group>"; };
		F260BDAB244CFAE500B4357A /* Bundle+AppIcon.swift */ = {isa = PBXFileReference; lastKnownFileType = sourcecode.swift; path = "Bundle+AppIcon.swift"; sourceTree = "<group>"; };
		F260C4421F9D4883000D2BC0 /* UINavigationController+Extensions.swift */ = {isa = PBXFileReference; lastKnownFileType = sourcecode.swift; path = "UINavigationController+Extensions.swift"; sourceTree = "<group>"; };
		F26699571E9AD0F100498F99 /* WeatherDataService.swift */ = {isa = PBXFileReference; fileEncoding = 4; lastKnownFileType = sourcecode.swift; path = WeatherDataService.swift; sourceTree = "<group>"; };
		F26699591E9ADBC300498F99 /* UserLocationService.swift */ = {isa = PBXFileReference; fileEncoding = 4; lastKnownFileType = sourcecode.swift; path = UserLocationService.swift; sourceTree = "<group>"; };
		F26A6D5D20FB6E610033BC49 /* R.generated.swift */ = {isa = PBXFileReference; fileEncoding = 4; lastKnownFileType = sourcecode.swift; path = R.generated.swift; sourceTree = SOURCE_ROOT; };
		F26A6D5F20FB70DD0033BC49 /* WeatherDetail.storyboard */ = {isa = PBXFileReference; lastKnownFileType = file.storyboard; path = WeatherDetail.storyboard; sourceTree = "<group>"; };
		F273254B2032051F00A1DBD1 /* ButtonCell.swift */ = {isa = PBXFileReference; lastKnownFileType = sourcecode.swift; path = ButtonCell.swift; sourceTree = "<group>"; };
		F273254D20320F4E00A1DBD1 /* SubtitleCell.swift */ = {isa = PBXFileReference; lastKnownFileType = sourcecode.swift; path = SubtitleCell.swift; sourceTree = "<group>"; };
		F273EF632444967C0085DB3F /* ImagedSingleLabelCell.swift */ = {isa = PBXFileReference; lastKnownFileType = sourcecode.swift; path = ImagedSingleLabelCell.swift; sourceTree = "<group>"; };
		F274FC38202F9A9300049144 /* WeatherNetworkingService.swift */ = {isa = PBXFileReference; lastKnownFileType = sourcecode.swift; path = WeatherNetworkingService.swift; sourceTree = "<group>"; };
		F274FC3A2030ED5A00049144 /* PreferencesDataService.swift */ = {isa = PBXFileReference; lastKnownFileType = sourcecode.swift; path = PreferencesDataService.swift; sourceTree = "<group>"; };
		F27A1214243BBC8C00A2CE8D /* GoogleService-Info.plist */ = {isa = PBXFileReference; fileEncoding = 4; lastKnownFileType = text.plist.xml; path = "GoogleService-Info.plist"; sourceTree = "<group>"; };
		F27AFDEB1DF4C089003957EB /* WeatherDataCell.swift */ = {isa = PBXFileReference; fileEncoding = 4; lastKnownFileType = sourcecode.swift; path = WeatherDataCell.swift; sourceTree = "<group>"; };
		F27AFDEF1DF4D36C003957EB /* SettingsInputTableViewController.swift */ = {isa = PBXFileReference; fileEncoding = 4; lastKnownFileType = sourcecode.swift; path = SettingsInputTableViewController.swift; sourceTree = "<group>"; };
		F283D26D1DF39095001B879D /* DualLabelCell.swift */ = {isa = PBXFileReference; fileEncoding = 4; lastKnownFileType = sourcecode.swift; path = DualLabelCell.swift; sourceTree = "<group>"; };
		F283D2741DF393B2001B879D /* Base */ = {isa = PBXFileReference; lastKnownFileType = text.plist.strings; name = Base; path = Base.lproj/InfoPlist.strings; sourceTree = "<group>"; };
		F283D2761DF393B3001B879D /* de */ = {isa = PBXFileReference; lastKnownFileType = text.plist.strings; name = de; path = de.lproj/InfoPlist.strings; sourceTree = "<group>"; };
		F28CA5382016A1BA00209397 /* MapViewController.swift */ = {isa = PBXFileReference; lastKnownFileType = sourcecode.swift; path = MapViewController.swift; sourceTree = "<group>"; };
		F28CA53C202622C200209397 /* ToggleCell.swift */ = {isa = PBXFileReference; lastKnownFileType = sourcecode.swift; path = ToggleCell.swift; sourceTree = "<group>"; };
		F28CA54020279EE300209397 /* WeatherDetailViewController.swift */ = {isa = PBXFileReference; lastKnownFileType = sourcecode.swift; path = WeatherDetailViewController.swift; sourceTree = "<group>"; };
		F28CA5432027AEB500209397 /* WeatherLocationMapAnnotation.swift */ = {isa = PBXFileReference; lastKnownFileType = sourcecode.swift; path = WeatherLocationMapAnnotation.swift; sourceTree = "<group>"; };
		F28CE9651F96B537008319C4 /* UINavigationBar+Extensions.swift */ = {isa = PBXFileReference; lastKnownFileType = sourcecode.swift; path = "UINavigationBar+Extensions.swift"; sourceTree = "<group>"; };
		F28CE9671F9A9893008319C4 /* ListViewController.swift */ = {isa = PBXFileReference; lastKnownFileType = sourcecode.swift; path = ListViewController.swift; sourceTree = "<group>"; };
		F28CE9691F9AA829008319C4 /* UIView+Extensions.swift */ = {isa = PBXFileReference; lastKnownFileType = sourcecode.swift; path = "UIView+Extensions.swift"; sourceTree = "<group>"; };
		F28DA8602042258500879E6C /* WeatherLocationManagementTableViewController.swift */ = {isa = PBXFileReference; lastKnownFileType = sourcecode.swift; path = WeatherLocationManagementTableViewController.swift; sourceTree = "<group>"; };
		F2A5CAA52005762A0071BFFB /* ConversionWorker.swift */ = {isa = PBXFileReference; lastKnownFileType = sourcecode.swift; path = ConversionWorker.swift; sourceTree = "<group>"; };
		F2A5CAAB200D51870071BFFB /* UINavigationItem+Extensions.swift */ = {isa = PBXFileReference; lastKnownFileType = sourcecode.swift; path = "UINavigationItem+Extensions.swift"; sourceTree = "<group>"; };
		F2ADB75020FE7014009C9547 /* UIViewController+Extensions.swift */ = {isa = PBXFileReference; lastKnownFileType = sourcecode.swift; path = "UIViewController+Extensions.swift"; sourceTree = "<group>"; };
		F2B8E9FF1EA11BA800704E90 /* WeatherDataDTO.swift */ = {isa = PBXFileReference; fileEncoding = 4; lastKnownFileType = sourcecode.swift; path = WeatherDataDTO.swift; sourceTree = "<group>"; };
		F2B8EA011EA121CC00704E90 /* AlertCell.swift */ = {isa = PBXFileReference; fileEncoding = 4; lastKnownFileType = sourcecode.swift; path = AlertCell.swift; sourceTree = "<group>"; };
		F2B8EA051EA2893C00704E90 /* SetApiKeyViewController.swift */ = {isa = PBXFileReference; fileEncoding = 4; lastKnownFileType = sourcecode.swift; path = SetApiKeyViewController.swift; sourceTree = "<group>"; };
		F2B8EA071EA2A7AB00704E90 /* SetPermissionsViewController.swift */ = {isa = PBXFileReference; fileEncoding = 4; lastKnownFileType = sourcecode.swift; path = SetPermissionsViewController.swift; sourceTree = "<group>"; };
		F2B8EA0D1EA37BE800704E90 /* AboutAppTableViewController.swift */ = {isa = PBXFileReference; fileEncoding = 4; lastKnownFileType = sourcecode.swift; path = AboutAppTableViewController.swift; sourceTree = "<group>"; };
		F2C4E14523F355370008B0F7 /* Date+String.swift */ = {isa = PBXFileReference; lastKnownFileType = sourcecode.swift; path = "Date+String.swift"; sourceTree = "<group>"; };
		F2C4E14823F98A4C0008B0F7 /* EmptyListViewController.swift */ = {isa = PBXFileReference; lastKnownFileType = sourcecode.swift; path = EmptyListViewController.swift; sourceTree = "<group>"; };
		F2C4E14A23F98AA50008B0F7 /* EmptyList.storyboard */ = {isa = PBXFileReference; lastKnownFileType = file.storyboard; path = EmptyList.storyboard; sourceTree = "<group>"; };
		F2D2B1DF2004171500C810EF /* DataStorageWorker.swift */ = {isa = PBXFileReference; lastKnownFileType = sourcecode.swift; path = DataStorageWorker.swift; sourceTree = "<group>"; };
		F2DBEAD923E4C28C00CD513B /* Constants+URLs.swift */ = {isa = PBXFileReference; lastKnownFileType = sourcecode.swift; path = "Constants+URLs.swift"; sourceTree = "<group>"; };
		F2DBEADB23E4CF7900CD513B /* Constants.swift */ = {isa = PBXFileReference; lastKnownFileType = sourcecode.swift; path = Constants.swift; sourceTree = "<group>"; };
		F2DBEADD23E4D46700CD513B /* WeatherDataCell.xib */ = {isa = PBXFileReference; lastKnownFileType = file.xib; path = WeatherDataCell.xib; sourceTree = "<group>"; };
		F2DBEADF23E4D66100CD513B /* AlertCell.xib */ = {isa = PBXFileReference; lastKnownFileType = file.xib; path = AlertCell.xib; sourceTree = "<group>"; };
		F2DBEAE123E4D71700CD513B /* DualLabelCell.xib */ = {isa = PBXFileReference; lastKnownFileType = file.xib; path = DualLabelCell.xib; sourceTree = "<group>"; };
		F2DBEAE323E4D9D200CD513B /* SingleLabelCell.xib */ = {isa = PBXFileReference; lastKnownFileType = file.xib; path = SingleLabelCell.xib; sourceTree = "<group>"; };
		F2DBEAE523E4DC6A00CD513B /* ToggleCell.xib */ = {isa = PBXFileReference; lastKnownFileType = file.xib; path = ToggleCell.xib; sourceTree = "<group>"; };
		F2DBEAE923E4DE1100CD513B /* SubtitleCell.xib */ = {isa = PBXFileReference; lastKnownFileType = file.xib; path = SubtitleCell.xib; sourceTree = "<group>"; };
		F2DBEAF023E5F98200CD513B /* TextInputCell.swift */ = {isa = PBXFileReference; lastKnownFileType = sourcecode.swift; path = TextInputCell.swift; sourceTree = "<group>"; };
		F2DBEAF223E5F9B000CD513B /* TextInputCell.xib */ = {isa = PBXFileReference; lastKnownFileType = file.xib; path = TextInputCell.xib; sourceTree = "<group>"; };
		F2DBEAFB23E8C88E00CD513B /* Array+AppendSafe.swift */ = {isa = PBXFileReference; lastKnownFileType = sourcecode.swift; path = "Array+AppendSafe.swift"; sourceTree = "<group>"; };
		F2DBEB0723E8DDF600CD513B /* SetApiKey.storyboard */ = {isa = PBXFileReference; lastKnownFileType = file.storyboard; path = SetApiKey.storyboard; sourceTree = "<group>"; };
		F2DBEB0A23E8DE0E00CD513B /* SetPermissions.storyboard */ = {isa = PBXFileReference; lastKnownFileType = file.storyboard; path = SetPermissions.storyboard; sourceTree = "<group>"; };
		F2DBEB2D23F0386B00CD513B /* Factory.swift */ = {isa = PBXFileReference; lastKnownFileType = sourcecode.swift; path = Factory.swift; sourceTree = "<group>"; };
		F2DBEB2F23F038BE00CD513B /* Constants+Theme.swift */ = {isa = PBXFileReference; lastKnownFileType = sourcecode.swift; path = "Constants+Theme.swift"; sourceTree = "<group>"; };
		F2DBEB3123F03A9800CD513B /* UIColor+SemanticInitializer.swift */ = {isa = PBXFileReference; lastKnownFileType = sourcecode.swift; path = "UIColor+SemanticInitializer.swift"; sourceTree = "<group>"; };
		F2DBEB3323F0427000CD513B /* Factory+UIAlertController.swift */ = {isa = PBXFileReference; lastKnownFileType = sourcecode.swift; path = "Factory+UIAlertController.swift"; sourceTree = "<group>"; };
		F2DBEB3523F04E9D00CD513B /* MKMapType+AllCases.swift */ = {isa = PBXFileReference; lastKnownFileType = sourcecode.swift; path = "MKMapType+AllCases.swift"; sourceTree = "<group>"; };
		F2E7237723DE064D001189F5 /* ProjectOwner.json */ = {isa = PBXFileReference; fileEncoding = 4; lastKnownFileType = text.json; path = ProjectOwner.json; sourceTree = "<group>"; };
		F2E7237923DE2857001189F5 /* SingleLabelCell.swift */ = {isa = PBXFileReference; lastKnownFileType = sourcecode.swift; path = SingleLabelCell.swift; sourceTree = "<group>"; };
		F2E7238023E0F044001189F5 /* Constants+Keys.swift */ = {isa = PBXFileReference; lastKnownFileType = sourcecode.swift; path = "Constants+Keys.swift"; sourceTree = "<group>"; };
		F2F1553D244278D4007A3E90 /* ErrorDataDTO.swift */ = {isa = PBXFileReference; lastKnownFileType = sourcecode.swift; path = ErrorDataDTO.swift; sourceTree = "<group>"; };
		F2F1553F24432A5D007A3E90 /* String+AppendWithDelimiter.swift */ = {isa = PBXFileReference; lastKnownFileType = sourcecode.swift; path = "String+AppendWithDelimiter.swift"; sourceTree = "<group>"; };
		F2F1554224435E55007A3E90 /* Settings.bundle */ = {isa = PBXFileReference; lastKnownFileType = "wrapper.plug-in"; path = Settings.bundle; sourceTree = "<group>"; };
		F2F15544244389E8007A3E90 /* SettingsBundleTransferService.swift */ = {isa = PBXFileReference; lastKnownFileType = sourcecode.swift; path = SettingsBundleTransferService.swift; sourceTree = "<group>"; };
		F2F155482443BB0D007A3E90 /* UnitedStatesOfAmericaStatesList.swift */ = {isa = PBXFileReference; lastKnownFileType = sourcecode.swift; path = UnitedStatesOfAmericaStatesList.swift; sourceTree = "<group>"; };
		F2F1554A2443C438007A3E90 /* Factory+UIButton.swift */ = {isa = PBXFileReference; lastKnownFileType = sourcecode.swift; path = "Factory+UIButton.swift"; sourceTree = "<group>"; };
		F2F1554C2443C842007A3E90 /* UIView+AddSubview.swift */ = {isa = PBXFileReference; lastKnownFileType = sourcecode.swift; path = "UIView+AddSubview.swift"; sourceTree = "<group>"; };
		F2F7BA1423E0FB2D00B4D2EB /* NearbyWeather-Bridging-Header.h */ = {isa = PBXFileReference; lastKnownFileType = sourcecode.c.h; path = "NearbyWeather-Bridging-Header.h"; sourceTree = "<group>"; };
		F2F7BA1523E0FB2D00B4D2EB /* BuildEnvironment.m */ = {isa = PBXFileReference; lastKnownFileType = sourcecode.c.objc; path = BuildEnvironment.m; sourceTree = "<group>"; };
		F2F7BA1723E0FB4A00B4D2EB /* BuildEnvironment.h */ = {isa = PBXFileReference; lastKnownFileType = sourcecode.c.h; path = BuildEnvironment.h; sourceTree = "<group>"; };
		F2F7BA1823E0FBEB00B4D2EB /* GlobalFunctions.swift */ = {isa = PBXFileReference; lastKnownFileType = sourcecode.swift; path = GlobalFunctions.swift; sourceTree = "<group>"; };
		F2F7BA1A23E3706100B4D2EB /* Constants+Messages.swift */ = {isa = PBXFileReference; lastKnownFileType = sourcecode.swift; path = "Constants+Messages.swift"; sourceTree = "<group>"; };
		F2F7BA1C23E373DD00B4D2EB /* Constants+Labels.swift */ = {isa = PBXFileReference; lastKnownFileType = sourcecode.swift; path = "Constants+Labels.swift"; sourceTree = "<group>"; };
		F2F7BA1E23E3792F00B4D2EB /* Constants+Mocks.swift */ = {isa = PBXFileReference; lastKnownFileType = sourcecode.swift; path = "Constants+Mocks.swift"; sourceTree = "<group>"; };
		F2F7BA2023E37A9C00B4D2EB /* Constants+Values.swift */ = {isa = PBXFileReference; lastKnownFileType = sourcecode.swift; path = "Constants+Values.swift"; sourceTree = "<group>"; };
		F2FE3EFE20027EB400EBC429 /* WeatherStationDTO.swift */ = {isa = PBXFileReference; lastKnownFileType = sourcecode.swift; path = WeatherStationDTO.swift; sourceTree = "<group>"; };
		F2FE3F00200285B100EBC429 /* WeatherStationService.swift */ = {isa = PBXFileReference; lastKnownFileType = sourcecode.swift; path = WeatherStationService.swift; sourceTree = "<group>"; };
		F2FE3F022002972800EBC429 /* WeatherLocationSelectionTableViewController.swift */ = {isa = PBXFileReference; lastKnownFileType = sourcecode.swift; path = WeatherLocationSelectionTableViewController.swift; sourceTree = "<group>"; };
/* End PBXFileReference section */

/* Begin PBXFrameworksBuildPhase section */
		F204B7741DF2EFA3000F4371 /* Frameworks */ = {
			isa = PBXFrameworksBuildPhase;
			buildActionMask = 2147483647;
			files = (
			);
			runOnlyForDeploymentPostprocessing = 0;
		};
		F204B7881DF2EFA3000F4371 /* Frameworks */ = {
			isa = PBXFrameworksBuildPhase;
			buildActionMask = 2147483647;
			files = (
			);
			runOnlyForDeploymentPostprocessing = 0;
		};
		F204B7931DF2EFA3000F4371 /* Frameworks */ = {
			isa = PBXFrameworksBuildPhase;
			buildActionMask = 2147483647;
			files = (
			);
			runOnlyForDeploymentPostprocessing = 0;
		};
/* End PBXFrameworksBuildPhase section */

/* Begin PBXGroup section */
		318325B80B48DF8DE983BB98 /* Pods */ = {
			isa = PBXGroup;
			children = (
			);
			path = Pods;
			sourceTree = "<group>";
		};
		F204B76E1DF2EFA3000F4371 = {
			isa = PBXGroup;
			children = (
				F2F1554224435E55007A3E90 /* Settings.bundle */,
				F204B7791DF2EFA3000F4371 /* NearbyWeather */,
				F204B78E1DF2EFA3000F4371 /* NearbyWeatherTests */,
				F204B7991DF2EFA3000F4371 /* NearbyWeatherUITests */,
				F204B7781DF2EFA3000F4371 /* Products */,
				318325B80B48DF8DE983BB98 /* Pods */,
			);
			sourceTree = "<group>";
		};
		F204B7781DF2EFA3000F4371 /* Products */ = {
			isa = PBXGroup;
			children = (
				F204B7771DF2EFA3000F4371 /* NearbyWeather.app */,
				F204B78B1DF2EFA3000F4371 /* NearbyWeatherTests.xctest */,
				F204B7961DF2EFA3000F4371 /* NearbyWeatherUITests.xctest */,
			);
			name = Products;
			sourceTree = "<group>";
		};
		F204B7791DF2EFA3000F4371 /* NearbyWeather */ = {
			isa = PBXGroup;
			children = (
				F26A6D5C20FB6E520033BC49 /* External */,
				F27A1216243BC03000A2CE8D /* Project Files */,
				F2FE3EFB20027DE600EBC429 /* Bundle Files */,
				F204B77A1DF2EFA3000F4371 /* AppDelegate.swift */,
				F27A121B24425C6D00A2CE8D /* Routing */,
				F27A121D24425CCE00A2CE8D /* Scenes */,
				F27A121824425ABC00A2CE8D /* Services */,
				F2F1554124432D77007A3E90 /* Workers */,
				F27A121924425BC600A2CE8D /* Models */,
				F27A122924425E8800A2CE8D /* Commons */,
			);
			path = NearbyWeather;
			sourceTree = "<group>";
		};
		F204B78E1DF2EFA3000F4371 /* NearbyWeatherTests */ = {
			isa = PBXGroup;
			children = (
				F204B78F1DF2EFA3000F4371 /* NearbyWeatherTests.swift */,
				F204B7911DF2EFA3000F4371 /* Info.plist */,
			);
			path = NearbyWeatherTests;
			sourceTree = "<group>";
		};
		F204B7991DF2EFA3000F4371 /* NearbyWeatherUITests */ = {
			isa = PBXGroup;
			children = (
				F204B79A1DF2EFA3000F4371 /* NearbyWeatherUITests.swift */,
				F204B79C1DF2EFA3000F4371 /* Info.plist */,
			);
			path = NearbyWeatherUITests;
			sourceTree = "<group>";
		};
		F237286D244C7D6800964C49 /* Main Flow */ = {
			isa = PBXGroup;
			children = (
				F237286E244C7D8200964C49 /* MainFlow.swift */,
				F2372870244C7D8C00964C49 /* MainStepper.swift */,
			);
			path = "Main Flow";
			sourceTree = "<group>";
		};
		F2372872244C7EE600964C49 /* List Flow */ = {
			isa = PBXGroup;
			children = (
				F2372875244C7F1B00964C49 /* ListFlow.swift */,
				F237287B244C800400964C49 /* ListStepper.swift */,
			);
			path = "List Flow";
			sourceTree = "<group>";
		};
		F2372873244C7EF400964C49 /* Map Flow */ = {
			isa = PBXGroup;
			children = (
				F2372877244C7F2E00964C49 /* MapFlow.swift */,
				F237287D244C801000964C49 /* MapStepper.swift */,
			);
			path = "Map Flow";
			sourceTree = "<group>";
		};
		F2372874244C7F0100964C49 /* Settings Flow */ = {
			isa = PBXGroup;
			children = (
				F2372879244C7FDD00964C49 /* SettingsFlow.swift */,
				F237287F244C802900964C49 /* SettingsStepper.swift */,
			);
			path = "Settings Flow";
			sourceTree = "<group>";
		};
		F2372883244C8F5800964C49 /* Welcome Flow */ = {
			isa = PBXGroup;
			children = (
				F2372884244C90EE00964C49 /* WelcomeFlow.swift */,
				F2372886244C90FF00964C49 /* WelcomeStepper.swift */,
			);
			path = "Welcome Flow";
			sourceTree = "<group>";
		};
		F2372888244C931300964C49 /* WeatherDetail Flow */ = {
			isa = PBXGroup;
			children = (
				F2372889244C934100964C49 /* WeatherDetailFlow.swift */,
				F237288B244C934E00964C49 /* WeatherDetailStepper.swift */,
			);
			path = "WeatherDetail Flow";
			sourceTree = "<group>";
		};
		F237288F244CAAE600964C49 /* Root Flow */ = {
			isa = PBXGroup;
			children = (
				F2372890244CAAF400964C49 /* RootFlow.swift */,
				F2372892244CAB0A00964C49 /* RootStepper.swift */,
			);
			path = "Root Flow";
			sourceTree = "<group>";
		};
		F26A6D5C20FB6E520033BC49 /* External */ = {
			isa = PBXGroup;
			children = (
				F26A6D5D20FB6E610033BC49 /* R.generated.swift */,
			);
			name = External;
			sourceTree = "<group>";
		};
		F273EF65244496C40085DB3F /* Views */ = {
			isa = PBXGroup;
			children = (
				F27A122F24425F6900A2CE8D /* Map Annotations */,
				F27A122D24425F2400A2CE8D /* TableViewCells */,
			);
			path = Views;
			sourceTree = "<group>";
		};
		F27A1216243BC03000A2CE8D /* Project Files */ = {
			isa = PBXGroup;
			children = (
				86830395217BC28E00B7122E /* NearbyWeather.entitlements */,
				F2F7BA1423E0FB2D00B4D2EB /* NearbyWeather-Bridging-Header.h */,
				F2F7BA1723E0FB4A00B4D2EB /* BuildEnvironment.h */,
				F2F7BA1523E0FB2D00B4D2EB /* BuildEnvironment.m */,
				F204B7861DF2EFA3000F4371 /* Info.plist */,
				F27A1214243BBC8C00A2CE8D /* GoogleService-Info.plist */,
			);
			name = "Project Files";
			sourceTree = "<group>";
		};
		F27A121824425ABC00A2CE8D /* Services */ = {
			isa = PBXGroup;
			children = (
				86830391217BBA5D00B7122E /* BadgeService.swift */,
				86830393217BBAE400B7122E /* PermissionsService.swift */,
				F26699591E9ADBC300498F99 /* UserLocationService.swift */,
				F274FC38202F9A9300049144 /* WeatherNetworkingService.swift */,
				F2FE3F00200285B100EBC429 /* WeatherStationService.swift */,
				F26699571E9AD0F100498F99 /* WeatherDataService.swift */,
				F274FC3A2030ED5A00049144 /* PreferencesDataService.swift */,
				F2F15544244389E8007A3E90 /* SettingsBundleTransferService.swift */,
			);
			path = Services;
			sourceTree = "<group>";
		};
		F27A121924425BC600A2CE8D /* Models */ = {
			isa = PBXGroup;
			children = (
				F27A122E24425F4A00A2CE8D /* Data Transfer Objects */,
				F27A121A24425BF200A2CE8D /* Preference Options */,
			);
			path = Models;
			sourceTree = "<group>";
		};
		F27A121A24425BF200A2CE8D /* Preference Options */ = {
			isa = PBXGroup;
			children = (
				F213FA2C23F9EE1100F094D8 /* PreferencesOption.swift */,
				F213FA2E23F9EE4200F094D8 /* PreferredBookmarkOption.swift */,
				F213FA3123F9EEE300F094D8 /* SortingOrientationOption.swift */,
				F213FA3323F9EF2400F094D8 /* TemperatureUnitOption.swift */,
				F213FA3623F9EF6E00F094D8 /* DistanceVelocityUnitOption.swift */,
				F213FA3823F9EF9A00F094D8 /* AmountOfResultsOption.swift */,
			);
			path = "Preference Options";
			sourceTree = "<group>";
		};
		F27A121B24425C6D00A2CE8D /* Routing */ = {
			isa = PBXGroup;
			children = (
				F237288F244CAAE600964C49 /* Root Flow */,
				F2372883244C8F5800964C49 /* Welcome Flow */,
				F237286D244C7D6800964C49 /* Main Flow */,
				F2372872244C7EE600964C49 /* List Flow */,
				F2372873244C7EF400964C49 /* Map Flow */,
				F2372874244C7F0100964C49 /* Settings Flow */,
				F2372888244C931300964C49 /* WeatherDetail Flow */,
			);
			path = Routing;
			sourceTree = "<group>";
		};
		F27A121D24425CCE00A2CE8D /* Scenes */ = {
			isa = PBXGroup;
			children = (
				F204B7831DF2EFA3000F4371 /* LaunchScreen.storyboard */,
				F27A121E24425D0300A2CE8D /* Set API Key Scene */,
				F27A121F24425D2A00A2CE8D /* Set Permissions Scene */,
				F27A122024425D4E00A2CE8D /* List Scene */,
				F27A122124425D6800A2CE8D /* Empty Weather List Scene */,
				F27A122224425D9D00A2CE8D /* Weather Detail Scene */,
				F27A122324425DB300A2CE8D /* Map Scene */,
				F27A122424425DE100A2CE8D /* Settings Scene */,
				F27A122524425DF100A2CE8D /* About App Scene */,
				F27A122624425E0D00A2CE8D /* Settings Input Scene */,
				F27A122724425E2600A2CE8D /* Bookmarks Selection Scene */,
				F27A122824425E3900A2CE8D /* Bookmarks Management Scene */,
			);
			path = Scenes;
			sourceTree = "<group>";
		};
		F27A121E24425D0300A2CE8D /* Set API Key Scene */ = {
			isa = PBXGroup;
			children = (
				F2DBEB0723E8DDF600CD513B /* SetApiKey.storyboard */,
				F2B8EA051EA2893C00704E90 /* SetApiKeyViewController.swift */,
			);
			path = "Set API Key Scene";
			sourceTree = "<group>";
		};
		F27A121F24425D2A00A2CE8D /* Set Permissions Scene */ = {
			isa = PBXGroup;
			children = (
				F2DBEB0A23E8DE0E00CD513B /* SetPermissions.storyboard */,
				F2B8EA071EA2A7AB00704E90 /* SetPermissionsViewController.swift */,
			);
			path = "Set Permissions Scene";
			sourceTree = "<group>";
		};
		F27A122024425D4E00A2CE8D /* List Scene */ = {
			isa = PBXGroup;
			children = (
				F28CE9671F9A9893008319C4 /* ListViewController.swift */,
			);
			path = "List Scene";
			sourceTree = "<group>";
		};
		F27A122124425D6800A2CE8D /* Empty Weather List Scene */ = {
			isa = PBXGroup;
			children = (
				F2C4E14A23F98AA50008B0F7 /* EmptyList.storyboard */,
				F2C4E14823F98A4C0008B0F7 /* EmptyListViewController.swift */,
			);
			path = "Empty Weather List Scene";
			sourceTree = "<group>";
		};
		F27A122224425D9D00A2CE8D /* Weather Detail Scene */ = {
			isa = PBXGroup;
			children = (
				F26A6D5F20FB70DD0033BC49 /* WeatherDetail.storyboard */,
				F28CA54020279EE300209397 /* WeatherDetailViewController.swift */,
			);
			path = "Weather Detail Scene";
			sourceTree = "<group>";
		};
		F27A122324425DB300A2CE8D /* Map Scene */ = {
			isa = PBXGroup;
			children = (
				F28CA5382016A1BA00209397 /* MapViewController.swift */,
			);
			path = "Map Scene";
			sourceTree = "<group>";
		};
		F27A122424425DE100A2CE8D /* Settings Scene */ = {
			isa = PBXGroup;
			children = (
				F204B7BC1DF35610000F4371 /* SettingsTableViewController.swift */,
			);
			path = "Settings Scene";
			sourceTree = "<group>";
		};
		F27A122524425DF100A2CE8D /* About App Scene */ = {
			isa = PBXGroup;
			children = (
				F2B8EA0D1EA37BE800704E90 /* AboutAppTableViewController.swift */,
			);
			path = "About App Scene";
			sourceTree = "<group>";
		};
		F27A122624425E0D00A2CE8D /* Settings Input Scene */ = {
			isa = PBXGroup;
			children = (
				F27AFDEF1DF4D36C003957EB /* SettingsInputTableViewController.swift */,
			);
			path = "Settings Input Scene";
			sourceTree = "<group>";
		};
		F27A122724425E2600A2CE8D /* Bookmarks Selection Scene */ = {
			isa = PBXGroup;
			children = (
				F2FE3F022002972800EBC429 /* WeatherLocationSelectionTableViewController.swift */,
			);
			path = "Bookmarks Selection Scene";
			sourceTree = "<group>";
		};
		F27A122824425E3900A2CE8D /* Bookmarks Management Scene */ = {
			isa = PBXGroup;
			children = (
				F28DA8602042258500879E6C /* WeatherLocationManagementTableViewController.swift */,
			);
			path = "Bookmarks Management Scene";
			sourceTree = "<group>";
		};
		F27A122924425E8800A2CE8D /* Commons */ = {
			isa = PBXGroup;
			children = (
				F2F7BA1823E0FBEB00B4D2EB /* GlobalFunctions.swift */,
				F27A122A24425EC000A2CE8D /* Constants */,
				F27A122B24425EE300A2CE8D /* Factory */,
				F27A122C24425F0700A2CE8D /* Extensions */,
				F273EF65244496C40085DB3F /* Views */,
				F2F155472443BAE4007A3E90 /* Records */,
			);
			path = Commons;
			sourceTree = "<group>";
		};
		F27A122A24425EC000A2CE8D /* Constants */ = {
			isa = PBXGroup;
			children = (
				F2DBEADB23E4CF7900CD513B /* Constants.swift */,
				F2DBEB2F23F038BE00CD513B /* Constants+Theme.swift */,
				F2372881244C82B200964C49 /* Constants+Theme.Color.swift */,
				F237285A2444A72100964C49 /* Constants+Dimensions.swift */,
				F2DBEAD923E4C28C00CD513B /* Constants+URLs.swift */,
				F2E7238023E0F044001189F5 /* Constants+Keys.swift */,
				F2F7BA1A23E3706100B4D2EB /* Constants+Messages.swift */,
				F2F7BA1C23E373DD00B4D2EB /* Constants+Labels.swift */,
				F2F7BA1E23E3792F00B4D2EB /* Constants+Mocks.swift */,
				F2F7BA2023E37A9C00B4D2EB /* Constants+Values.swift */,
			);
			path = Constants;
			sourceTree = "<group>";
		};
		F27A122B24425EE300A2CE8D /* Factory */ = {
			isa = PBXGroup;
			children = (
				F2DBEB2D23F0386B00CD513B /* Factory.swift */,
				F2DBEB3323F0427000CD513B /* Factory+UIAlertController.swift */,
				F2F1554A2443C438007A3E90 /* Factory+UIButton.swift */,
				F237285C2444A9AD00964C49 /* Factory+UIImageView.swift */,
				F237285E2444AA5600964C49 /* Factory+UILabel.swift */,
				F237288D244C93BD00964C49 /* Factory+UINavigationController.swift */,
			);
			path = Factory;
			sourceTree = "<group>";
		};
		F27A122C24425F0700A2CE8D /* Extensions */ = {
			isa = PBXGroup;
			children = (
				F28CE9651F96B537008319C4 /* UINavigationBar+Extensions.swift */,
				F28CE9691F9AA829008319C4 /* UIView+Extensions.swift */,
				F260C4421F9D4883000D2BC0 /* UINavigationController+Extensions.swift */,
				F2A5CAAB200D51870071BFFB /* UINavigationItem+Extensions.swift */,
				F2ADB75020FE7014009C9547 /* UIViewController+Extensions.swift */,
				F2DBEAFB23E8C88E00CD513B /* Array+AppendSafe.swift */,
				F2DBEB3123F03A9800CD513B /* UIColor+SemanticInitializer.swift */,
				F2DBEB3523F04E9D00CD513B /* MKMapType+AllCases.swift */,
				F2C4E14523F355370008B0F7 /* Date+String.swift */,
				F2F1553F24432A5D007A3E90 /* String+AppendWithDelimiter.swift */,
				F2F1554C2443C842007A3E90 /* UIView+AddSubview.swift */,
				F237286B2445024D00964C49 /* Collection+SafeIndex.swift */,
				F260BDA9244CF3CB00B4357A /* ReuseIdentifiable.swift */,
				F260BDAB244CFAE500B4357A /* Bundle+AppIcon.swift */,
			);
			path = Extensions;
			sourceTree = "<group>";
		};
		F27A122D24425F2400A2CE8D /* TableViewCells */ = {
			isa = PBXGroup;
			children = (
				F2DBEADF23E4D66100CD513B /* AlertCell.xib */,
				F2B8EA011EA121CC00704E90 /* AlertCell.swift */,
				F2DBEADD23E4D46700CD513B /* WeatherDataCell.xib */,
				F27AFDEB1DF4C089003957EB /* WeatherDataCell.swift */,
				F2DBEAE123E4D71700CD513B /* DualLabelCell.xib */,
				F283D26D1DF39095001B879D /* DualLabelCell.swift */,
				F2DBEAE323E4D9D200CD513B /* SingleLabelCell.xib */,
				F2E7237923DE2857001189F5 /* SingleLabelCell.swift */,
				F2DBEAE523E4DC6A00CD513B /* ToggleCell.xib */,
				F28CA53C202622C200209397 /* ToggleCell.swift */,
				F273254B2032051F00A1DBD1 /* ButtonCell.swift */,
				F2DBEAE923E4DE1100CD513B /* SubtitleCell.xib */,
				F273254D20320F4E00A1DBD1 /* SubtitleCell.swift */,
				F2DBEAF223E5F9B000CD513B /* TextInputCell.xib */,
				F2DBEAF023E5F98200CD513B /* TextInputCell.swift */,
				F273EF632444967C0085DB3F /* ImagedSingleLabelCell.swift */,
				F23728602444AEAC00964C49 /* ImagedDualLabelCell.swift */,
				F23728622444C72800964C49 /* ImagedToggleCell.swift */,
				F260BDA7244CF0DD00B4357A /* AppVersionCell.swift */,
			);
			path = TableViewCells;
			sourceTree = "<group>";
		};
		F27A122E24425F4A00A2CE8D /* Data Transfer Objects */ = {
			isa = PBXGroup;
			children = (
				F2F1553D244278D4007A3E90 /* ErrorDataDTO.swift */,
				F2B8E9FF1EA11BA800704E90 /* WeatherDataDTO.swift */,
				F2FE3EFE20027EB400EBC429 /* WeatherStationDTO.swift */,
				F25A396E2187A6DA0054BC7A /* DevelopmentContributorDTO.swift */,
				F25A39722187B1B00054BC7A /* ThirdPartyLibraryDTO.swift */,
			);
			path = "Data Transfer Objects";
			sourceTree = "<group>";
		};
		F27A122F24425F6900A2CE8D /* Map Annotations */ = {
			isa = PBXGroup;
			children = (
				F28CA5432027AEB500209397 /* WeatherLocationMapAnnotation.swift */,
				F22F99542034E4B500B7CB6B /* WeatherLocationMapAnnotationView.swift */,
			);
			path = "Map Annotations";
			sourceTree = "<group>";
		};
		F2F1554124432D77007A3E90 /* Workers */ = {
			isa = PBXGroup;
			children = (
				F2D2B1DF2004171500C810EF /* DataStorageWorker.swift */,
				F2A5CAA52005762A0071BFFB /* ConversionWorker.swift */,
			);
			path = Workers;
			sourceTree = "<group>";
		};
		F2F155472443BAE4007A3E90 /* Records */ = {
			isa = PBXGroup;
			children = (
				F2F155482443BB0D007A3E90 /* UnitedStatesOfAmericaStatesList.swift */,
			);
			path = Records;
			sourceTree = "<group>";
		};
		F2FE3EFB20027DE600EBC429 /* Bundle Files */ = {
			isa = PBXGroup;
			children = (
				F204B7811DF2EFA3000F4371 /* Assets.xcassets */,
				F204B7B21DF2F1BC000F4371 /* Localizable.strings */,
				F283D2751DF393B2001B879D /* InfoPlist.strings */,
				F22F99562037676B00B7CB6B /* locationsSQLite.sqlite */,
				F25A39702187AA5A0054BC7A /* ProjectContributors.json */,
				F2E7237723DE064D001189F5 /* ProjectOwner.json */,
				F25A39742187B3F80054BC7A /* ThirdPartyLibraries.json */,
			);
			name = "Bundle Files";
			sourceTree = "<group>";
		};
/* End PBXGroup section */

/* Begin PBXNativeTarget section */
		F204B7761DF2EFA3000F4371 /* NearbyWeather */ = {
			isa = PBXNativeTarget;
			buildConfigurationList = F204B79F1DF2EFA3000F4371 /* Build configuration list for PBXNativeTarget "NearbyWeather" */;
			buildPhases = (
				F2E7237623DA5228001189F5 /* Run SwiftLint */,
				F26A6D5B20FB6DFA0033BC49 /* R.Swift Generate File */,
				F204B7731DF2EFA3000F4371 /* Sources */,
				F204B7741DF2EFA3000F4371 /* Frameworks */,
				F204B7751DF2EFA3000F4371 /* Resources */,
			);
			buildRules = (
			);
			dependencies = (
			);
			name = NearbyWeather;
			productName = NearbyWeather;
			productReference = F204B7771DF2EFA3000F4371 /* NearbyWeather.app */;
			productType = "com.apple.product-type.application";
		};
		F204B78A1DF2EFA3000F4371 /* NearbyWeatherTests */ = {
			isa = PBXNativeTarget;
			buildConfigurationList = F204B7A21DF2EFA3000F4371 /* Build configuration list for PBXNativeTarget "NearbyWeatherTests" */;
			buildPhases = (
				F204B7871DF2EFA3000F4371 /* Sources */,
				F204B7881DF2EFA3000F4371 /* Frameworks */,
				F204B7891DF2EFA3000F4371 /* Resources */,
			);
			buildRules = (
			);
			dependencies = (
				F204B78D1DF2EFA3000F4371 /* PBXTargetDependency */,
			);
			name = NearbyWeatherTests;
			productName = NearbyWeatherTests;
			productReference = F204B78B1DF2EFA3000F4371 /* NearbyWeatherTests.xctest */;
			productType = "com.apple.product-type.bundle.unit-test";
		};
		F204B7951DF2EFA3000F4371 /* NearbyWeatherUITests */ = {
			isa = PBXNativeTarget;
			buildConfigurationList = F204B7A51DF2EFA3000F4371 /* Build configuration list for PBXNativeTarget "NearbyWeatherUITests" */;
			buildPhases = (
				F204B7921DF2EFA3000F4371 /* Sources */,
				F204B7931DF2EFA3000F4371 /* Frameworks */,
				F204B7941DF2EFA3000F4371 /* Resources */,
			);
			buildRules = (
			);
			dependencies = (
				F204B7981DF2EFA3000F4371 /* PBXTargetDependency */,
			);
			name = NearbyWeatherUITests;
			productName = NearbyWeatherUITests;
			productReference = F204B7961DF2EFA3000F4371 /* NearbyWeatherUITests.xctest */;
			productType = "com.apple.product-type.bundle.ui-testing";
		};
/* End PBXNativeTarget section */

/* Begin PBXProject section */
		F204B76F1DF2EFA3000F4371 /* Project object */ = {
			isa = PBXProject;
			attributes = {
				LastSwiftUpdateCheck = 0810;
				LastUpgradeCheck = 1230;
				ORGANIZATIONNAME = "Erik Maximilian Martens";
				TargetAttributes = {
					F204B7761DF2EFA3000F4371 = {
						CreatedOnToolsVersion = 8.1;
						DevelopmentTeam = VDPU24L36V;
						LastSwiftMigration = 1130;
						ProvisioningStyle = Manual;
						SystemCapabilities = {
							com.apple.BackgroundModes = {
								enabled = 1;
							};
							com.apple.Push = {
								enabled = 1;
							};
						};
					};
					F204B78A1DF2EFA3000F4371 = {
						CreatedOnToolsVersion = 8.1;
						DevelopmentTeam = VDPU24L36V;
						LastSwiftMigration = 1020;
						ProvisioningStyle = Automatic;
						TestTargetID = F204B7761DF2EFA3000F4371;
					};
					F204B7951DF2EFA3000F4371 = {
						CreatedOnToolsVersion = 8.1;
						DevelopmentTeam = VDPU24L36V;
						LastSwiftMigration = 1020;
						ProvisioningStyle = Automatic;
						TestTargetID = F204B7761DF2EFA3000F4371;
					};
				};
			};
			buildConfigurationList = F204B7721DF2EFA3000F4371 /* Build configuration list for PBXProject "NearbyWeather" */;
			compatibilityVersion = "Xcode 3.2";
			developmentRegion = en;
			hasScannedForEncodings = 0;
			knownRegions = (
				en,
				Base,
				de,
				fr,
				"zh-Hant",
			);
			mainGroup = F204B76E1DF2EFA3000F4371;
			productRefGroup = F204B7781DF2EFA3000F4371 /* Products */;
			projectDirPath = "";
			projectRoot = "";
			targets = (
				F204B7761DF2EFA3000F4371 /* NearbyWeather */,
				F204B78A1DF2EFA3000F4371 /* NearbyWeatherTests */,
				F204B7951DF2EFA3000F4371 /* NearbyWeatherUITests */,
			);
		};
/* End PBXProject section */

/* Begin PBXResourcesBuildPhase section */
		F204B7751DF2EFA3000F4371 /* Resources */ = {
			isa = PBXResourcesBuildPhase;
			buildActionMask = 2147483647;
			files = (
				F2DBEAE423E4D9D200CD513B /* SingleLabelCell.xib in Resources */,
				F26A6D6020FB70DD0033BC49 /* WeatherDetail.storyboard in Resources */,
				F2DBEAE623E4DC6A00CD513B /* ToggleCell.xib in Resources */,
				F2DBEB0823E8DDF600CD513B /* SetApiKey.storyboard in Resources */,
				F2E7237823DE064D001189F5 /* ProjectOwner.json in Resources */,
				F204B7851DF2EFA3000F4371 /* LaunchScreen.storyboard in Resources */,
				F204B7B01DF2F1BC000F4371 /* Localizable.strings in Resources */,
				F204B7821DF2EFA3000F4371 /* Assets.xcassets in Resources */,
				F2DBEAE223E4D71700CD513B /* DualLabelCell.xib in Resources */,
				F2DBEAE023E4D66100CD513B /* AlertCell.xib in Resources */,
				F22F99572037A30800B7CB6B /* locationsSQLite.sqlite in Resources */,
				F2C4E14B23F98AA50008B0F7 /* EmptyList.storyboard in Resources */,
				F2DBEAF323E5F9B000CD513B /* TextInputCell.xib in Resources */,
				F2DBEADE23E4D46700CD513B /* WeatherDataCell.xib in Resources */,
				F2DBEB0B23E8DE0E00CD513B /* SetPermissions.storyboard in Resources */,
				F25A39752187B3F90054BC7A /* ThirdPartyLibraries.json in Resources */,
				F27A1215243BBC8C00A2CE8D /* GoogleService-Info.plist in Resources */,
				F2DBEAEA23E4DE1100CD513B /* SubtitleCell.xib in Resources */,
				F25A39712187AA5A0054BC7A /* ProjectContributors.json in Resources */,
				F283D2731DF393B2001B879D /* InfoPlist.strings in Resources */,
				F2F1554324435E55007A3E90 /* Settings.bundle in Resources */,
			);
			runOnlyForDeploymentPostprocessing = 0;
		};
		F204B7891DF2EFA3000F4371 /* Resources */ = {
			isa = PBXResourcesBuildPhase;
			buildActionMask = 2147483647;
			files = (
			);
			runOnlyForDeploymentPostprocessing = 0;
		};
		F204B7941DF2EFA3000F4371 /* Resources */ = {
			isa = PBXResourcesBuildPhase;
			buildActionMask = 2147483647;
			files = (
			);
			runOnlyForDeploymentPostprocessing = 0;
		};
/* End PBXResourcesBuildPhase section */

/* Begin PBXShellScriptBuildPhase section */
		F26A6D5B20FB6DFA0033BC49 /* R.Swift Generate File */ = {
			isa = PBXShellScriptBuildPhase;
			buildActionMask = 2147483647;
			files = (
			);
			inputPaths = (
				"$TEMP_DIR/rswift-lastrun",
			);
			name = "R.Swift Generate File";
			outputPaths = (
				"$SRCROOT/R.generated.swift",
			);
			runOnlyForDeploymentPostprocessing = 0;
			shellPath = /bin/sh;
			shellScript = "\"$PODS_ROOT/R.swift/rswift\" generate \"$SRCROOT/R.generated.swift\"\n";
		};
		F2E7237623DA5228001189F5 /* Run SwiftLint */ = {
			isa = PBXShellScriptBuildPhase;
			buildActionMask = 2147483647;
			files = (
			);
			inputFileListPaths = (
			);
			inputPaths = (
			);
			name = "Run SwiftLint";
			outputFileListPaths = (
			);
			outputPaths = (
			);
			runOnlyForDeploymentPostprocessing = 0;
			shellPath = /bin/sh;
			shellScript = "\"${PODS_ROOT}/SwiftLint/swiftlint\"\n";
		};
/* End PBXShellScriptBuildPhase section */

/* Begin PBXSourcesBuildPhase section */
		F204B7731DF2EFA3000F4371 /* Sources */ = {
			isa = PBXSourcesBuildPhase;
			buildActionMask = 2147483647;
			files = (
				F274FC3B2030ED5A00049144 /* PreferencesDataService.swift in Sources */,
				F283D26E1DF39095001B879D /* DualLabelCell.swift in Sources */,
				F23728612444AEAC00964C49 /* ImagedDualLabelCell.swift in Sources */,
				F237288A244C934100964C49 /* WeatherDetailFlow.swift in Sources */,
				F237286C2445024D00964C49 /* Collection+SafeIndex.swift in Sources */,
				F2F7BA1B23E3706100B4D2EB /* Constants+Messages.swift in Sources */,
				F28CA5442027AEB500209397 /* WeatherLocationMapAnnotation.swift in Sources */,
				F2DBEAFC23E8C88E00CD513B /* Array+AppendSafe.swift in Sources */,
				F2F7BA1F23E3792F00B4D2EB /* Constants+Mocks.swift in Sources */,
				F26699581E9AD0F100498F99 /* WeatherDataService.swift in Sources */,
				F2FE3EFF20027EB400EBC429 /* WeatherStationDTO.swift in Sources */,
				F2DBEB3623F04E9D00CD513B /* MKMapType+AllCases.swift in Sources */,
				F2372887244C90FF00964C49 /* WelcomeStepper.swift in Sources */,
				F237285F2444AA5600964C49 /* Factory+UILabel.swift in Sources */,
				F2C4E14923F98A4C0008B0F7 /* EmptyListViewController.swift in Sources */,
				F22F99552034E4B500B7CB6B /* WeatherLocationMapAnnotationView.swift in Sources */,
				86830392217BBA5D00B7122E /* BadgeService.swift in Sources */,
				F2F7BA2123E37A9C00B4D2EB /* Constants+Values.swift in Sources */,
				F213FA3723F9EF6E00F094D8 /* DistanceVelocityUnitOption.swift in Sources */,
				F2372882244C82B200964C49 /* Constants+Theme.Color.swift in Sources */,
				F2372878244C7F2E00964C49 /* MapFlow.swift in Sources */,
				86830394217BBAE400B7122E /* PermissionsService.swift in Sources */,
				F2F1554D2443C842007A3E90 /* UIView+AddSubview.swift in Sources */,
				F213FA3223F9EEE300F094D8 /* SortingOrientationOption.swift in Sources */,
				F237288E244C93BD00964C49 /* Factory+UINavigationController.swift in Sources */,
				F2A5CAA62005762A0071BFFB /* ConversionWorker.swift in Sources */,
				F2FE3F01200285B100EBC429 /* WeatherStationService.swift in Sources */,
				F213FA3923F9EF9A00F094D8 /* AmountOfResultsOption.swift in Sources */,
				F266995A1E9ADBC300498F99 /* UserLocationService.swift in Sources */,
				F25A39732187B1B00054BC7A /* ThirdPartyLibraryDTO.swift in Sources */,
				F273254C2032051F00A1DBD1 /* ButtonCell.swift in Sources */,
				F260BDA8244CF0DD00B4357A /* AppVersionCell.swift in Sources */,
				F26A6D5E20FB6E610033BC49 /* R.generated.swift in Sources */,
				F2DBEB2E23F0386B00CD513B /* Factory.swift in Sources */,
				F204B77B1DF2EFA3000F4371 /* AppDelegate.swift in Sources */,
				F2DBEB3423F0427000CD513B /* Factory+UIAlertController.swift in Sources */,
				F237287C244C800400964C49 /* ListStepper.swift in Sources */,
				F2B8EA061EA2893C00704E90 /* SetApiKeyViewController.swift in Sources */,
				F2B8EA001EA11BA800704E90 /* WeatherDataDTO.swift in Sources */,
				F2DBEB3223F03A9800CD513B /* UIColor+SemanticInitializer.swift in Sources */,
				F260BDAC244CFAE500B4357A /* Bundle+AppIcon.swift in Sources */,
				F2372893244CAB0A00964C49 /* RootStepper.swift in Sources */,
				F2C4E14623F355370008B0F7 /* Date+String.swift in Sources */,
				F2F1554024432A5D007A3E90 /* String+AppendWithDelimiter.swift in Sources */,
				F2F15545244389E8007A3E90 /* SettingsBundleTransferService.swift in Sources */,
				F273254E20320F4E00A1DBD1 /* SubtitleCell.swift in Sources */,
				F28CA53D202622C200209397 /* ToggleCell.swift in Sources */,
				F2B8EA0E1EA37BE800704E90 /* AboutAppTableViewController.swift in Sources */,
				F2F155492443BB0D007A3E90 /* UnitedStatesOfAmericaStatesList.swift in Sources */,
				F237285B2444A72100964C49 /* Constants+Dimensions.swift in Sources */,
				F2372871244C7D8C00964C49 /* MainStepper.swift in Sources */,
				F2F7BA1923E0FBEB00B4D2EB /* GlobalFunctions.swift in Sources */,
				F213FA2D23F9EE1100F094D8 /* PreferencesOption.swift in Sources */,
				F2F1554B2443C438007A3E90 /* Factory+UIButton.swift in Sources */,
				F237288C244C934E00964C49 /* WeatherDetailStepper.swift in Sources */,
				F23728632444C72800964C49 /* ImagedToggleCell.swift in Sources */,
				F2372885244C90EE00964C49 /* WelcomeFlow.swift in Sources */,
				F2F7BA1623E0FB2D00B4D2EB /* BuildEnvironment.m in Sources */,
				F204B7BD1DF35610000F4371 /* SettingsTableViewController.swift in Sources */,
				F2FE3F032002972800EBC429 /* WeatherLocationSelectionTableViewController.swift in Sources */,
				F28CA5392016A1BA00209397 /* MapViewController.swift in Sources */,
				F2DBEADA23E4C28C00CD513B /* Constants+URLs.swift in Sources */,
				F28CE9681F9A9893008319C4 /* ListViewController.swift in Sources */,
				F2F7BA1D23E373DD00B4D2EB /* Constants+Labels.swift in Sources */,
				F2E7237A23DE2857001189F5 /* SingleLabelCell.swift in Sources */,
				F27AFDEC1DF4C089003957EB /* WeatherDataCell.swift in Sources */,
				F28CE96A1F9AA829008319C4 /* UIView+Extensions.swift in Sources */,
				F213FA3423F9EF2400F094D8 /* TemperatureUnitOption.swift in Sources */,
				F237287A244C7FDD00964C49 /* SettingsFlow.swift in Sources */,
				F2372891244CAAF400964C49 /* RootFlow.swift in Sources */,
				F237287E244C801000964C49 /* MapStepper.swift in Sources */,
				F2372880244C802900964C49 /* SettingsStepper.swift in Sources */,
				F2DBEADC23E4CF7900CD513B /* Constants.swift in Sources */,
				F2DBEB3023F038BE00CD513B /* Constants+Theme.swift in Sources */,
				F2B8EA081EA2A7AB00704E90 /* SetPermissionsViewController.swift in Sources */,
				F260C4431F9D4883000D2BC0 /* UINavigationController+Extensions.swift in Sources */,
				F2A5CAAC200D51870071BFFB /* UINavigationItem+Extensions.swift in Sources */,
				F2ADB75120FE7014009C9547 /* UIViewController+Extensions.swift in Sources */,
				F2372876244C7F1B00964C49 /* ListFlow.swift in Sources */,
				F2F1553E244278D4007A3E90 /* ErrorDataDTO.swift in Sources */,
				F2B8EA021EA121CC00704E90 /* AlertCell.swift in Sources */,
				F273EF642444967C0085DB3F /* ImagedSingleLabelCell.swift in Sources */,
				F2E7238123E0F044001189F5 /* Constants+Keys.swift in Sources */,
				F25A396F2187A6DA0054BC7A /* DevelopmentContributorDTO.swift in Sources */,
				F2D2B1E02004171500C810EF /* DataStorageWorker.swift in Sources */,
				F260BDAA244CF3CB00B4357A /* ReuseIdentifiable.swift in Sources */,
				F2DBEAF123E5F98200CD513B /* TextInputCell.swift in Sources */,
				F213FA2F23F9EE4200F094D8 /* PreferredBookmarkOption.swift in Sources */,
				F28CE9661F96B537008319C4 /* UINavigationBar+Extensions.swift in Sources */,
				F28CA54120279EE300209397 /* WeatherDetailViewController.swift in Sources */,
				F274FC39202F9A9300049144 /* WeatherNetworkingService.swift in Sources */,
				F237285D2444A9AD00964C49 /* Factory+UIImageView.swift in Sources */,
				F28DA8612042258500879E6C /* WeatherLocationManagementTableViewController.swift in Sources */,
				F27AFDF01DF4D36C003957EB /* SettingsInputTableViewController.swift in Sources */,
				F237286F244C7D8200964C49 /* MainFlow.swift in Sources */,
			);
			runOnlyForDeploymentPostprocessing = 0;
		};
		F204B7871DF2EFA3000F4371 /* Sources */ = {
			isa = PBXSourcesBuildPhase;
			buildActionMask = 2147483647;
			files = (
				F204B7901DF2EFA3000F4371 /* NearbyWeatherTests.swift in Sources */,
			);
			runOnlyForDeploymentPostprocessing = 0;
		};
		F204B7921DF2EFA3000F4371 /* Sources */ = {
			isa = PBXSourcesBuildPhase;
			buildActionMask = 2147483647;
			files = (
				F204B79B1DF2EFA3000F4371 /* NearbyWeatherUITests.swift in Sources */,
			);
			runOnlyForDeploymentPostprocessing = 0;
		};
/* End PBXSourcesBuildPhase section */

/* Begin PBXTargetDependency section */
		F204B78D1DF2EFA3000F4371 /* PBXTargetDependency */ = {
			isa = PBXTargetDependency;
			target = F204B7761DF2EFA3000F4371 /* NearbyWeather */;
			targetProxy = F204B78C1DF2EFA3000F4371 /* PBXContainerItemProxy */;
		};
		F204B7981DF2EFA3000F4371 /* PBXTargetDependency */ = {
			isa = PBXTargetDependency;
			target = F204B7761DF2EFA3000F4371 /* NearbyWeather */;
			targetProxy = F204B7971DF2EFA3000F4371 /* PBXContainerItemProxy */;
		};
/* End PBXTargetDependency section */

/* Begin PBXVariantGroup section */
		F204B7831DF2EFA3000F4371 /* LaunchScreen.storyboard */ = {
			isa = PBXVariantGroup;
			children = (
				F204B7841DF2EFA3000F4371 /* Base */,
				F204B7AD1DF2F19A000F4371 /* de */,
				5142D45C22F45DC2000E6B06 /* fr */,
			);
			name = LaunchScreen.storyboard;
			sourceTree = "<group>";
		};
		F204B7B21DF2F1BC000F4371 /* Localizable.strings */ = {
			isa = PBXVariantGroup;
			children = (
				F204B7B11DF2F1BC000F4371 /* Base */,
				F204B7B31DF2F1BD000F4371 /* de */,
				5142D45E22F45DC2000E6B06 /* fr */,
				E8303A8024CB199800FD9531 /* zh-Hant */,
			);
			name = Localizable.strings;
			sourceTree = "<group>";
		};
		F283D2751DF393B2001B879D /* InfoPlist.strings */ = {
			isa = PBXVariantGroup;
			children = (
				F283D2741DF393B2001B879D /* Base */,
				F283D2761DF393B3001B879D /* de */,
				5142D45F22F45DC2000E6B06 /* fr */,
				E8303A8124CB199900FD9531 /* zh-Hant */,
			);
			name = InfoPlist.strings;
			sourceTree = "<group>";
		};
/* End PBXVariantGroup section */

/* Begin XCBuildConfiguration section */
		F204B79D1DF2EFA3000F4371 /* Debug */ = {
			isa = XCBuildConfiguration;
			buildSettings = {
				ALWAYS_SEARCH_USER_PATHS = NO;
				CLANG_ANALYZER_LOCALIZABILITY_NONLOCALIZED = YES;
				CLANG_ANALYZER_NONNULL = YES;
				CLANG_CXX_LANGUAGE_STANDARD = "gnu++0x";
				CLANG_CXX_LIBRARY = "libc++";
				CLANG_ENABLE_MODULES = YES;
				CLANG_ENABLE_OBJC_ARC = YES;
				CLANG_WARN_BLOCK_CAPTURE_AUTORELEASING = YES;
				CLANG_WARN_BOOL_CONVERSION = YES;
				CLANG_WARN_COMMA = YES;
				CLANG_WARN_CONSTANT_CONVERSION = YES;
				CLANG_WARN_DEPRECATED_OBJC_IMPLEMENTATIONS = YES;
				CLANG_WARN_DIRECT_OBJC_ISA_USAGE = YES_ERROR;
				CLANG_WARN_DOCUMENTATION_COMMENTS = YES;
				CLANG_WARN_EMPTY_BODY = YES;
				CLANG_WARN_ENUM_CONVERSION = YES;
				CLANG_WARN_INFINITE_RECURSION = YES;
				CLANG_WARN_INT_CONVERSION = YES;
				CLANG_WARN_NON_LITERAL_NULL_CONVERSION = YES;
				CLANG_WARN_OBJC_IMPLICIT_RETAIN_SELF = YES;
				CLANG_WARN_OBJC_LITERAL_CONVERSION = YES;
				CLANG_WARN_OBJC_ROOT_CLASS = YES_ERROR;
				CLANG_WARN_QUOTED_INCLUDE_IN_FRAMEWORK_HEADER = YES;
				CLANG_WARN_RANGE_LOOP_ANALYSIS = YES;
				CLANG_WARN_STRICT_PROTOTYPES = YES;
				CLANG_WARN_SUSPICIOUS_MOVE = YES;
				CLANG_WARN_SUSPICIOUS_MOVES = YES;
				CLANG_WARN_UNREACHABLE_CODE = YES;
				CLANG_WARN__DUPLICATE_METHOD_MATCH = YES;
				"CODE_SIGN_IDENTITY[sdk=iphoneos*]" = "iPhone Developer";
				COPY_PHASE_STRIP = NO;
				DEBUG_INFORMATION_FORMAT = dwarf;
				ENABLE_STRICT_OBJC_MSGSEND = YES;
				ENABLE_TESTABILITY = YES;
				GCC_C_LANGUAGE_STANDARD = gnu99;
				GCC_DYNAMIC_NO_PIC = NO;
				GCC_NO_COMMON_BLOCKS = YES;
				GCC_OPTIMIZATION_LEVEL = 0;
				GCC_PREPROCESSOR_DEFINITIONS = (
					"DEBUG=1",
					"$(inherited)",
				);
				GCC_WARN_64_TO_32_BIT_CONVERSION = YES;
				GCC_WARN_ABOUT_RETURN_TYPE = YES_ERROR;
				GCC_WARN_UNDECLARED_SELECTOR = YES;
				GCC_WARN_UNINITIALIZED_AUTOS = YES_AGGRESSIVE;
				GCC_WARN_UNUSED_FUNCTION = YES;
				GCC_WARN_UNUSED_VARIABLE = YES;
				IPHONEOS_DEPLOYMENT_TARGET = 12.0;
				MTL_ENABLE_DEBUG_INFO = YES;
				ONLY_ACTIVE_ARCH = YES;
				OTHER_CFLAGS = "-fembed-bitcode";
				SDKROOT = iphoneos;
				SWIFT_ACTIVE_COMPILATION_CONDITIONS = DEBUG;
				SWIFT_OPTIMIZATION_LEVEL = "-Onone";
				SWIFT_SWIFT3_OBJC_INFERENCE = Default;
				SWIFT_VERSION = 4.0;
			};
			name = Debug;
		};
		F204B79E1DF2EFA3000F4371 /* Release */ = {
			isa = XCBuildConfiguration;
			buildSettings = {
				ALWAYS_SEARCH_USER_PATHS = NO;
				CLANG_ANALYZER_LOCALIZABILITY_NONLOCALIZED = YES;
				CLANG_ANALYZER_NONNULL = YES;
				CLANG_CXX_LANGUAGE_STANDARD = "gnu++0x";
				CLANG_CXX_LIBRARY = "libc++";
				CLANG_ENABLE_MODULES = YES;
				CLANG_ENABLE_OBJC_ARC = YES;
				CLANG_WARN_BLOCK_CAPTURE_AUTORELEASING = YES;
				CLANG_WARN_BOOL_CONVERSION = YES;
				CLANG_WARN_COMMA = YES;
				CLANG_WARN_CONSTANT_CONVERSION = YES;
				CLANG_WARN_DEPRECATED_OBJC_IMPLEMENTATIONS = YES;
				CLANG_WARN_DIRECT_OBJC_ISA_USAGE = YES_ERROR;
				CLANG_WARN_DOCUMENTATION_COMMENTS = YES;
				CLANG_WARN_EMPTY_BODY = YES;
				CLANG_WARN_ENUM_CONVERSION = YES;
				CLANG_WARN_INFINITE_RECURSION = YES;
				CLANG_WARN_INT_CONVERSION = YES;
				CLANG_WARN_NON_LITERAL_NULL_CONVERSION = YES;
				CLANG_WARN_OBJC_IMPLICIT_RETAIN_SELF = YES;
				CLANG_WARN_OBJC_LITERAL_CONVERSION = YES;
				CLANG_WARN_OBJC_ROOT_CLASS = YES_ERROR;
				CLANG_WARN_QUOTED_INCLUDE_IN_FRAMEWORK_HEADER = YES;
				CLANG_WARN_RANGE_LOOP_ANALYSIS = YES;
				CLANG_WARN_STRICT_PROTOTYPES = YES;
				CLANG_WARN_SUSPICIOUS_MOVE = YES;
				CLANG_WARN_SUSPICIOUS_MOVES = YES;
				CLANG_WARN_UNREACHABLE_CODE = YES;
				CLANG_WARN__DUPLICATE_METHOD_MATCH = YES;
				"CODE_SIGN_IDENTITY[sdk=iphoneos*]" = "iPhone Developer";
				COPY_PHASE_STRIP = NO;
				DEBUG_INFORMATION_FORMAT = "dwarf-with-dsym";
				ENABLE_NS_ASSERTIONS = NO;
				ENABLE_STRICT_OBJC_MSGSEND = YES;
				GCC_C_LANGUAGE_STANDARD = gnu99;
				GCC_NO_COMMON_BLOCKS = YES;
				GCC_WARN_64_TO_32_BIT_CONVERSION = YES;
				GCC_WARN_ABOUT_RETURN_TYPE = YES_ERROR;
				GCC_WARN_UNDECLARED_SELECTOR = YES;
				GCC_WARN_UNINITIALIZED_AUTOS = YES_AGGRESSIVE;
				GCC_WARN_UNUSED_FUNCTION = YES;
				GCC_WARN_UNUSED_VARIABLE = YES;
				IPHONEOS_DEPLOYMENT_TARGET = 12.0;
				MTL_ENABLE_DEBUG_INFO = NO;
				OTHER_CFLAGS = "-fembed-bitcode";
				SDKROOT = iphoneos;
				SWIFT_OPTIMIZATION_LEVEL = "-Owholemodule";
				SWIFT_SWIFT3_OBJC_INFERENCE = Default;
				SWIFT_VERSION = 4.0;
				VALIDATE_PRODUCT = YES;
			};
			name = Release;
		};
		F204B7A01DF2EFA3000F4371 /* Debug */ = {
			isa = XCBuildConfiguration;
			buildSettings = {
				ASSETCATALOG_COMPILER_APPICON_NAME = AppIcon;
				CLANG_ENABLE_MODULES = YES;
				CODE_SIGN_ENTITLEMENTS = NearbyWeather/NearbyWeather.entitlements;
				CODE_SIGN_IDENTITY = "Apple Development: Erik Maximilian Martens (C929JV4AQN)";
				CODE_SIGN_STYLE = Manual;
				CURRENT_PROJECT_VERSION = 22;
				DEVELOPMENT_TEAM = VDPU24L36V;
				INFOPLIST_FILE = NearbyWeather/Info.plist;
				IPHONEOS_DEPLOYMENT_TARGET = 12.0;
				LD_RUNPATH_SEARCH_PATHS = "$(inherited) @executable_path/Frameworks";
				MARKETING_VERSION = 2.0;
				PRODUCT_BUNDLE_IDENTIFIER = de.erikmaximilianmartens.NearbyWeather;
				PRODUCT_NAME = "$(TARGET_NAME)";
				PROVISIONING_PROFILE_SPECIFIER = "match Development de.erikmaximilianmartens.NearbyWeather";
				SWIFT_OBJC_BRIDGING_HEADER = "NearbyWeather/NearbyWeather-Bridging-Header.h";
				SWIFT_OPTIMIZATION_LEVEL = "-Onone";
				SWIFT_VERSION = 5.0;
				VERSIONING_SYSTEM = "apple-generic";
			};
			name = Debug;
		};
		F204B7A11DF2EFA3000F4371 /* Release */ = {
			isa = XCBuildConfiguration;
			buildSettings = {
				ASSETCATALOG_COMPILER_APPICON_NAME = AppIcon;
				CLANG_ENABLE_MODULES = YES;
				CODE_SIGN_ENTITLEMENTS = NearbyWeather/NearbyWeather.entitlements;
				CODE_SIGN_IDENTITY = "Apple Distribution: Erik Maximilian Martens (VDPU24L36V)";
				CODE_SIGN_STYLE = Manual;
				CURRENT_PROJECT_VERSION = 22;
				DEVELOPMENT_TEAM = VDPU24L36V;
				INFOPLIST_FILE = NearbyWeather/Info.plist;
				IPHONEOS_DEPLOYMENT_TARGET = 12.0;
				LD_RUNPATH_SEARCH_PATHS = "$(inherited) @executable_path/Frameworks";
				MARKETING_VERSION = 2.0;
				PRODUCT_BUNDLE_IDENTIFIER = de.erikmaximilianmartens.NearbyWeather;
				PRODUCT_NAME = "$(TARGET_NAME)";
				PROVISIONING_PROFILE_SPECIFIER = "match AppStore de.erikmaximilianmartens.NearbyWeather";
				SWIFT_OBJC_BRIDGING_HEADER = "NearbyWeather/NearbyWeather-Bridging-Header.h";
				SWIFT_VERSION = 5.0;
				VERSIONING_SYSTEM = "apple-generic";
			};
			name = Release;
		};
		F204B7A31DF2EFA3000F4371 /* Debug */ = {
			isa = XCBuildConfiguration;
			buildSettings = {
				ALWAYS_EMBED_SWIFT_STANDARD_LIBRARIES = "$(inherited)";
				BUNDLE_LOADER = "$(TEST_HOST)";
				DEVELOPMENT_TEAM = VDPU24L36V;
				INFOPLIST_FILE = NearbyWeatherTests/Info.plist;
				LD_RUNPATH_SEARCH_PATHS = "$(inherited) @executable_path/Frameworks @loader_path/Frameworks";
				PRODUCT_BUNDLE_IDENTIFIER = de.erikmaximilianmartens.NearbyWeatherTests;
				PRODUCT_NAME = "$(TARGET_NAME)";
				SWIFT_VERSION = 5.0;
				TEST_HOST = "$(BUILT_PRODUCTS_DIR)/NearbyWeather.app/NearbyWeather";
			};
			name = Debug;
		};
		F204B7A41DF2EFA3000F4371 /* Release */ = {
			isa = XCBuildConfiguration;
			buildSettings = {
				ALWAYS_EMBED_SWIFT_STANDARD_LIBRARIES = "$(inherited)";
				BUNDLE_LOADER = "$(TEST_HOST)";
				DEVELOPMENT_TEAM = VDPU24L36V;
				INFOPLIST_FILE = NearbyWeatherTests/Info.plist;
				LD_RUNPATH_SEARCH_PATHS = "$(inherited) @executable_path/Frameworks @loader_path/Frameworks";
				PRODUCT_BUNDLE_IDENTIFIER = de.erikmaximilianmartens.NearbyWeatherTests;
				PRODUCT_NAME = "$(TARGET_NAME)";
				SWIFT_VERSION = 5.0;
				TEST_HOST = "$(BUILT_PRODUCTS_DIR)/NearbyWeather.app/NearbyWeather";
			};
			name = Release;
		};
		F204B7A61DF2EFA3000F4371 /* Debug */ = {
			isa = XCBuildConfiguration;
			buildSettings = {
				ALWAYS_EMBED_SWIFT_STANDARD_LIBRARIES = "$(inherited)";
				DEVELOPMENT_TEAM = VDPU24L36V;
				INFOPLIST_FILE = NearbyWeatherUITests/Info.plist;
				LD_RUNPATH_SEARCH_PATHS = "$(inherited) @executable_path/Frameworks @loader_path/Frameworks";
				PRODUCT_BUNDLE_IDENTIFIER = de.erikmaximilianmartens.NearbyWeatherUITests;
				PRODUCT_NAME = "$(TARGET_NAME)";
				SWIFT_VERSION = 5.0;
				TEST_TARGET_NAME = NearbyWeather;
			};
			name = Debug;
		};
		F204B7A71DF2EFA3000F4371 /* Release */ = {
			isa = XCBuildConfiguration;
			buildSettings = {
				ALWAYS_EMBED_SWIFT_STANDARD_LIBRARIES = "$(inherited)";
				DEVELOPMENT_TEAM = VDPU24L36V;
				INFOPLIST_FILE = NearbyWeatherUITests/Info.plist;
				LD_RUNPATH_SEARCH_PATHS = "$(inherited) @executable_path/Frameworks @loader_path/Frameworks";
				PRODUCT_BUNDLE_IDENTIFIER = de.erikmaximilianmartens.NearbyWeatherUITests;
				PRODUCT_NAME = "$(TARGET_NAME)";
				SWIFT_VERSION = 5.0;
				TEST_TARGET_NAME = NearbyWeather;
			};
			name = Release;
		};
/* End XCBuildConfiguration section */

/* Begin XCConfigurationList section */
		F204B7721DF2EFA3000F4371 /* Build configuration list for PBXProject "NearbyWeather" */ = {
			isa = XCConfigurationList;
			buildConfigurations = (
				F204B79D1DF2EFA3000F4371 /* Debug */,
				F204B79E1DF2EFA3000F4371 /* Release */,
			);
			defaultConfigurationIsVisible = 0;
			defaultConfigurationName = Release;
		};
		F204B79F1DF2EFA3000F4371 /* Build configuration list for PBXNativeTarget "NearbyWeather" */ = {
			isa = XCConfigurationList;
			buildConfigurations = (
				F204B7A01DF2EFA3000F4371 /* Debug */,
				F204B7A11DF2EFA3000F4371 /* Release */,
			);
			defaultConfigurationIsVisible = 0;
			defaultConfigurationName = Release;
		};
		F204B7A21DF2EFA3000F4371 /* Build configuration list for PBXNativeTarget "NearbyWeatherTests" */ = {
			isa = XCConfigurationList;
			buildConfigurations = (
				F204B7A31DF2EFA3000F4371 /* Debug */,
				F204B7A41DF2EFA3000F4371 /* Release */,
			);
			defaultConfigurationIsVisible = 0;
			defaultConfigurationName = Release;
		};
		F204B7A51DF2EFA3000F4371 /* Build configuration list for PBXNativeTarget "NearbyWeatherUITests" */ = {
			isa = XCConfigurationList;
			buildConfigurations = (
				F204B7A61DF2EFA3000F4371 /* Debug */,
				F204B7A71DF2EFA3000F4371 /* Release */,
			);
			defaultConfigurationIsVisible = 0;
			defaultConfigurationName = Release;
		};
/* End XCConfigurationList section */
	};
	rootObject = F204B76F1DF2EFA3000F4371 /* Project object */;
}
